// !$*UTF8*$!
{
	archiveVersion = 1;
	classes = {
	};
	objectVersion = 47;
	objects = {

/* Begin PBXBuildFile section */
		665320231D15F918004F107A /* CommandLine.swift in Sources */ = {isa = PBXBuildFile; fileRef = 66FFEF561D14D01F008F2119 /* CommandLine.swift */; };
		665320241D15F918004F107A /* Option.swift in Sources */ = {isa = PBXBuildFile; fileRef = 66FFEF571D14D01F008F2119 /* Option.swift */; };
		665320251D15F918004F107A /* StringExtensions.swift in Sources */ = {isa = PBXBuildFile; fileRef = 66FFEF581D14D01F008F2119 /* StringExtensions.swift */; };
		665320331D15F92F004F107A /* BackgroundColor.swift in Sources */ = {isa = PBXBuildFile; fileRef = 66FFEF6A1D14D093008F2119 /* BackgroundColor.swift */; };
		665320341D15F92F004F107A /* CodesParser.swift in Sources */ = {isa = PBXBuildFile; fileRef = 66FFEF6B1D14D093008F2119 /* CodesParser.swift */; };
		665320351D15F92F004F107A /* Color.swift in Sources */ = {isa = PBXBuildFile; fileRef = 66FFEF6C1D14D093008F2119 /* Color.swift */; };
		665320361D15F92F004F107A /* ControlCode.swift in Sources */ = {isa = PBXBuildFile; fileRef = 66FFEF6D1D14D093008F2119 /* ControlCode.swift */; };
		665320371D15F92F004F107A /* ModesExtractor.swift in Sources */ = {isa = PBXBuildFile; fileRef = 66FFEF6F1D14D093008F2119 /* ModesExtractor.swift */; };
		665320381D15F92F004F107A /* OutputTarget.swift in Sources */ = {isa = PBXBuildFile; fileRef = 66FFEF701D14D093008F2119 /* OutputTarget.swift */; };
		665320391D15F92F004F107A /* Rainbow.swift in Sources */ = {isa = PBXBuildFile; fileRef = 66FFEF711D14D093008F2119 /* Rainbow.swift */; };
		6653203A1D15F92F004F107A /* String+Rainbow.swift in Sources */ = {isa = PBXBuildFile; fileRef = 66FFEF721D14D093008F2119 /* String+Rainbow.swift */; };
		6653203B1D15F92F004F107A /* StringGenerator.swift in Sources */ = {isa = PBXBuildFile; fileRef = 66FFEF731D14D093008F2119 /* StringGenerator.swift */; };
		6653203C1D15F92F004F107A /* Style.swift in Sources */ = {isa = PBXBuildFile; fileRef = 66FFEF741D14D093008F2119 /* Style.swift */; };
		6653203D1D15F92F004F107A /* XcodeColorsSupport.swift in Sources */ = {isa = PBXBuildFile; fileRef = 66FFEF751D14D093008F2119 /* XcodeColorsSupport.swift */; };
/* End PBXBuildFile section */

/* Begin PBXFileReference section */
		6653201A1D15F901004F107A /* libCommandLine.dylib */ = {isa = PBXFileReference; explicitFileType = "compiled.mach-o.dylib"; includeInIndex = 0; path = libCommandLine.dylib; sourceTree = BUILT_PRODUCTS_DIR; };
		6653202A1D15F924004F107A /* libRainbow.dylib */ = {isa = PBXFileReference; explicitFileType = "compiled.mach-o.dylib"; includeInIndex = 0; path = libRainbow.dylib; sourceTree = BUILT_PRODUCTS_DIR; };
		66FFEF561D14D01F008F2119 /* CommandLine.swift */ = {isa = PBXFileReference; fileEncoding = 4; lastKnownFileType = sourcecode.swift; path = CommandLine.swift; sourceTree = "<group>"; };
		66FFEF571D14D01F008F2119 /* Option.swift */ = {isa = PBXFileReference; fileEncoding = 4; lastKnownFileType = sourcecode.swift; path = Option.swift; sourceTree = "<group>"; };
		66FFEF581D14D01F008F2119 /* StringExtensions.swift */ = {isa = PBXFileReference; fileEncoding = 4; lastKnownFileType = sourcecode.swift; path = StringExtensions.swift; sourceTree = "<group>"; };
		66FFEF6A1D14D093008F2119 /* BackgroundColor.swift */ = {isa = PBXFileReference; fileEncoding = 4; lastKnownFileType = sourcecode.swift; path = BackgroundColor.swift; sourceTree = "<group>"; };
		66FFEF6B1D14D093008F2119 /* CodesParser.swift */ = {isa = PBXFileReference; fileEncoding = 4; lastKnownFileType = sourcecode.swift; path = CodesParser.swift; sourceTree = "<group>"; };
		66FFEF6C1D14D093008F2119 /* Color.swift */ = {isa = PBXFileReference; fileEncoding = 4; lastKnownFileType = sourcecode.swift; path = Color.swift; sourceTree = "<group>"; };
		66FFEF6D1D14D093008F2119 /* ControlCode.swift */ = {isa = PBXFileReference; fileEncoding = 4; lastKnownFileType = sourcecode.swift; path = ControlCode.swift; sourceTree = "<group>"; };
		66FFEF6F1D14D093008F2119 /* ModesExtractor.swift */ = {isa = PBXFileReference; fileEncoding = 4; lastKnownFileType = sourcecode.swift; path = ModesExtractor.swift; sourceTree = "<group>"; };
		66FFEF701D14D093008F2119 /* OutputTarget.swift */ = {isa = PBXFileReference; fileEncoding = 4; lastKnownFileType = sourcecode.swift; path = OutputTarget.swift; sourceTree = "<group>"; };
		66FFEF711D14D093008F2119 /* Rainbow.swift */ = {isa = PBXFileReference; fileEncoding = 4; lastKnownFileType = sourcecode.swift; path = Rainbow.swift; sourceTree = "<group>"; };
		66FFEF721D14D093008F2119 /* String+Rainbow.swift */ = {isa = PBXFileReference; fileEncoding = 4; lastKnownFileType = sourcecode.swift; path = "String+Rainbow.swift"; sourceTree = "<group>"; };
		66FFEF731D14D093008F2119 /* StringGenerator.swift */ = {isa = PBXFileReference; fileEncoding = 4; lastKnownFileType = sourcecode.swift; path = StringGenerator.swift; sourceTree = "<group>"; };
		66FFEF741D14D093008F2119 /* Style.swift */ = {isa = PBXFileReference; fileEncoding = 4; lastKnownFileType = sourcecode.swift; path = Style.swift; sourceTree = "<group>"; };
		66FFEF751D14D093008F2119 /* XcodeColorsSupport.swift */ = {isa = PBXFileReference; fileEncoding = 4; lastKnownFileType = sourcecode.swift; path = XcodeColorsSupport.swift; sourceTree = "<group>"; };
/* End PBXFileReference section */

/* Begin PBXFrameworksBuildPhase section */
		665320171D15F901004F107A /* Frameworks */ = {
			isa = PBXFrameworksBuildPhase;
			buildActionMask = 2147483647;
			files = (
			);
			runOnlyForDeploymentPostprocessing = 0;
		};
		665320271D15F924004F107A /* Frameworks */ = {
			isa = PBXFrameworksBuildPhase;
			buildActionMask = 2147483647;
			files = (
			);
			runOnlyForDeploymentPostprocessing = 0;
		};
/* End PBXFrameworksBuildPhase section */

/* Begin PBXGroup section */
		66FFEF3D1D14CFB6008F2119 = {
			isa = PBXGroup;
			children = (
				66FFEF551D14D01F008F2119 /* CommandLine */,
				66FFEF691D14D093008F2119 /* Rainbow */,
				66FFEF4C1D14CFDA008F2119 /* Products */,
			);
			sourceTree = "<group>";
		};
		66FFEF4C1D14CFDA008F2119 /* Products */ = {
			isa = PBXGroup;
			children = (
				6653201A1D15F901004F107A /* libCommandLine.dylib */,
				6653202A1D15F924004F107A /* libRainbow.dylib */,
			);
			name = Products;
			sourceTree = "<group>";
		};
		66FFEF551D14D01F008F2119 /* CommandLine */ = {
			isa = PBXGroup;
			children = (
				66FFEF561D14D01F008F2119 /* CommandLine.swift */,
				66FFEF571D14D01F008F2119 /* Option.swift */,
				66FFEF581D14D01F008F2119 /* StringExtensions.swift */,
			);
			path = CommandLine;
			sourceTree = "<group>";
		};
		66FFEF691D14D093008F2119 /* Rainbow */ = {
			isa = PBXGroup;
			children = (
				66FFEF6A1D14D093008F2119 /* BackgroundColor.swift */,
				66FFEF6B1D14D093008F2119 /* CodesParser.swift */,
				66FFEF6C1D14D093008F2119 /* Color.swift */,
				66FFEF6D1D14D093008F2119 /* ControlCode.swift */,
				66FFEF6F1D14D093008F2119 /* ModesExtractor.swift */,
				66FFEF701D14D093008F2119 /* OutputTarget.swift */,
				66FFEF711D14D093008F2119 /* Rainbow.swift */,
				66FFEF721D14D093008F2119 /* String+Rainbow.swift */,
				66FFEF731D14D093008F2119 /* StringGenerator.swift */,
				66FFEF741D14D093008F2119 /* Style.swift */,
				66FFEF751D14D093008F2119 /* XcodeColorsSupport.swift */,
			);
			path = Rainbow;
			sourceTree = "<group>";
		};
/* End PBXGroup section */

/* Begin PBXHeadersBuildPhase section */
		665320181D15F901004F107A /* Headers */ = {
			isa = PBXHeadersBuildPhase;
			buildActionMask = 2147483647;
			files = (
			);
			runOnlyForDeploymentPostprocessing = 0;
		};
		665320281D15F924004F107A /* Headers */ = {
			isa = PBXHeadersBuildPhase;
			buildActionMask = 2147483647;
			files = (
			);
			runOnlyForDeploymentPostprocessing = 0;
		};
/* End PBXHeadersBuildPhase section */

/* Begin PBXNativeTarget section */
		665320191D15F901004F107A /* CommandLine */ = {
			isa = PBXNativeTarget;
			buildConfigurationList = 665320201D15F901004F107A /* Build configuration list for PBXNativeTarget "CommandLine" */;
			buildPhases = (
				665320161D15F901004F107A /* Sources */,
				665320171D15F901004F107A /* Frameworks */,
				665320181D15F901004F107A /* Headers */,
			);
			buildRules = (
			);
			dependencies = (
			);
			name = CommandLine;
			productName = CommandLine;
			productReference = 6653201A1D15F901004F107A /* libCommandLine.dylib */;
			productType = "com.apple.product-type.library.dynamic";
		};
		665320291D15F924004F107A /* Rainbow */ = {
			isa = PBXNativeTarget;
			buildConfigurationList = 665320301D15F925004F107A /* Build configuration list for PBXNativeTarget "Rainbow" */;
			buildPhases = (
				665320261D15F924004F107A /* Sources */,
				665320271D15F924004F107A /* Frameworks */,
				665320281D15F924004F107A /* Headers */,
			);
			buildRules = (
			);
			dependencies = (
			);
			name = Rainbow;
			productName = Rainbow;
			productReference = 6653202A1D15F924004F107A /* libRainbow.dylib */;
			productType = "com.apple.product-type.library.dynamic";
		};
/* End PBXNativeTarget section */

/* Begin PBXProject section */
		66FFEF3E1D14CFB6008F2119 /* Project object */ = {
			isa = PBXProject;
			attributes = {
				LastUpgradeCheck = 0800;
				TargetAttributes = {
					665320191D15F901004F107A = {
						CreatedOnToolsVersion = 8.0;
						DevelopmentTeam = TGZ526AV87;
						DevelopmentTeamName = "Andrew Hyatt (Personal Team)";
						ProvisioningStyle = Automatic;
					};
					665320291D15F924004F107A = {
						CreatedOnToolsVersion = 8.0;
						DevelopmentTeam = TGZ526AV87;
						DevelopmentTeamName = "Andrew Hyatt (Personal Team)";
						ProvisioningStyle = Automatic;
					};
				};
			};
			buildConfigurationList = 66FFEF411D14CFB6008F2119 /* Build configuration list for PBXProject "lib" */;
			compatibilityVersion = "Xcode 6.3";
			developmentRegion = English;
			hasScannedForEncodings = 0;
			knownRegions = (
				en,
			);
			mainGroup = 66FFEF3D1D14CFB6008F2119;
			productRefGroup = 66FFEF4C1D14CFDA008F2119 /* Products */;
			projectDirPath = "";
			projectRoot = "";
			targets = (
				665320191D15F901004F107A /* CommandLine */,
				665320291D15F924004F107A /* Rainbow */,
			);
		};
/* End PBXProject section */

/* Begin PBXSourcesBuildPhase section */
		665320161D15F901004F107A /* Sources */ = {
			isa = PBXSourcesBuildPhase;
			buildActionMask = 2147483647;
			files = (
				665320251D15F918004F107A /* StringExtensions.swift in Sources */,
				665320241D15F918004F107A /* Option.swift in Sources */,
				665320231D15F918004F107A /* CommandLine.swift in Sources */,
			);
			runOnlyForDeploymentPostprocessing = 0;
		};
		665320261D15F924004F107A /* Sources */ = {
			isa = PBXSourcesBuildPhase;
			buildActionMask = 2147483647;
			files = (
				665320361D15F92F004F107A /* ControlCode.swift in Sources */,
				6653203B1D15F92F004F107A /* StringGenerator.swift in Sources */,
				665320331D15F92F004F107A /* BackgroundColor.swift in Sources */,
				665320371D15F92F004F107A /* ModesExtractor.swift in Sources */,
				6653203A1D15F92F004F107A /* String+Rainbow.swift in Sources */,
				665320341D15F92F004F107A /* CodesParser.swift in Sources */,
				665320351D15F92F004F107A /* Color.swift in Sources */,
				665320381D15F92F004F107A /* OutputTarget.swift in Sources */,
				665320391D15F92F004F107A /* Rainbow.swift in Sources */,
				6653203D1D15F92F004F107A /* XcodeColorsSupport.swift in Sources */,
				6653203C1D15F92F004F107A /* Style.swift in Sources */,
			);
			runOnlyForDeploymentPostprocessing = 0;
		};
/* End PBXSourcesBuildPhase section */

/* Begin XCBuildConfiguration section */
		665320211D15F901004F107A /* Debug */ = {
			isa = XCBuildConfiguration;
			buildSettings = {
				ALWAYS_SEARCH_USER_PATHS = NO;
				CLANG_ANALYZER_NONNULL = YES;
				CLANG_CXX_LANGUAGE_STANDARD = "gnu++0x";
				CLANG_CXX_LIBRARY = "libc++";
				CLANG_ENABLE_MODULES = YES;
				CLANG_ENABLE_OBJC_ARC = YES;
				CLANG_WARN_BOOL_CONVERSION = YES;
				CLANG_WARN_CONSTANT_CONVERSION = YES;
				CLANG_WARN_DIRECT_OBJC_ISA_USAGE = YES_ERROR;
				CLANG_WARN_DOCUMENTATION_COMMENTS = YES;
				CLANG_WARN_EMPTY_BODY = YES;
				CLANG_WARN_ENUM_CONVERSION = YES;
				CLANG_WARN_INT_CONVERSION = YES;
				CLANG_WARN_OBJC_ROOT_CLASS = YES_ERROR;
				CLANG_WARN_UNREACHABLE_CODE = YES;
				CLANG_WARN__DUPLICATE_METHOD_MATCH = YES;
				CODE_SIGN_IDENTITY = "-";
				COPY_PHASE_STRIP = NO;
				DEBUG_INFORMATION_FORMAT = dwarf;
				DYLIB_COMPATIBILITY_VERSION = 1;
				DYLIB_CURRENT_VERSION = 1;
				ENABLE_STRICT_OBJC_MSGSEND = YES;
				ENABLE_TESTABILITY = YES;
				EXECUTABLE_PREFIX = lib;
				GCC_C_LANGUAGE_STANDARD = gnu99;
				GCC_DYNAMIC_NO_PIC = NO;
				GCC_NO_COMMON_BLOCKS = YES;
				GCC_OPTIMIZATION_LEVEL = 0;
				GCC_PREPROCESSOR_DEFINITIONS = (
					"DEBUG=1",
					"$(inherited)",
				);
				GCC_WARN_64_TO_32_BIT_CONVERSION = YES;
				GCC_WARN_ABOUT_RETURN_TYPE = YES_ERROR;
				GCC_WARN_UNDECLARED_SELECTOR = YES;
				GCC_WARN_UNINITIALIZED_AUTOS = YES_AGGRESSIVE;
				GCC_WARN_UNUSED_FUNCTION = YES;
				GCC_WARN_UNUSED_VARIABLE = YES;
				MACOSX_DEPLOYMENT_TARGET = 10.11;
				MTL_ENABLE_DEBUG_INFO = YES;
				ONLY_ACTIVE_ARCH = YES;
				PRODUCT_NAME = "$(TARGET_NAME)";
				SDKROOT = macosx;
			};
			name = Debug;
		};
		665320221D15F901004F107A /* Release */ = {
			isa = XCBuildConfiguration;
			buildSettings = {
				ALWAYS_SEARCH_USER_PATHS = NO;
				CLANG_ANALYZER_NONNULL = YES;
				CLANG_CXX_LANGUAGE_STANDARD = "gnu++0x";
				CLANG_CXX_LIBRARY = "libc++";
				CLANG_ENABLE_MODULES = YES;
				CLANG_ENABLE_OBJC_ARC = YES;
				CLANG_WARN_BOOL_CONVERSION = YES;
				CLANG_WARN_CONSTANT_CONVERSION = YES;
				CLANG_WARN_DIRECT_OBJC_ISA_USAGE = YES_ERROR;
				CLANG_WARN_DOCUMENTATION_COMMENTS = YES;
				CLANG_WARN_EMPTY_BODY = YES;
				CLANG_WARN_ENUM_CONVERSION = YES;
				CLANG_WARN_INT_CONVERSION = YES;
				CLANG_WARN_OBJC_ROOT_CLASS = YES_ERROR;
				CLANG_WARN_UNREACHABLE_CODE = YES;
				CLANG_WARN__DUPLICATE_METHOD_MATCH = YES;
				CODE_SIGN_IDENTITY = "-";
				COPY_PHASE_STRIP = NO;
				DEBUG_INFORMATION_FORMAT = "dwarf-with-dsym";
				DYLIB_COMPATIBILITY_VERSION = 1;
				DYLIB_CURRENT_VERSION = 1;
				ENABLE_NS_ASSERTIONS = NO;
				ENABLE_STRICT_OBJC_MSGSEND = YES;
				EXECUTABLE_PREFIX = lib;
				GCC_C_LANGUAGE_STANDARD = gnu99;
				GCC_NO_COMMON_BLOCKS = YES;
				GCC_WARN_64_TO_32_BIT_CONVERSION = YES;
				GCC_WARN_ABOUT_RETURN_TYPE = YES_ERROR;
				GCC_WARN_UNDECLARED_SELECTOR = YES;
				GCC_WARN_UNINITIALIZED_AUTOS = YES_AGGRESSIVE;
				GCC_WARN_UNUSED_FUNCTION = YES;
				GCC_WARN_UNUSED_VARIABLE = YES;
				MACOSX_DEPLOYMENT_TARGET = 10.11;
				MTL_ENABLE_DEBUG_INFO = NO;
				PRODUCT_NAME = "$(TARGET_NAME)";
				SDKROOT = macosx;
			};
			name = Release;
		};
		665320311D15F925004F107A /* Debug */ = {
			isa = XCBuildConfiguration;
			buildSettings = {
				ALWAYS_SEARCH_USER_PATHS = NO;
				CLANG_ANALYZER_NONNULL = YES;
				CLANG_CXX_LANGUAGE_STANDARD = "gnu++0x";
				CLANG_CXX_LIBRARY = "libc++";
				CLANG_ENABLE_MODULES = YES;
				CLANG_ENABLE_OBJC_ARC = YES;
				CLANG_WARN_BOOL_CONVERSION = YES;
				CLANG_WARN_CONSTANT_CONVERSION = YES;
				CLANG_WARN_DIRECT_OBJC_ISA_USAGE = YES_ERROR;
				CLANG_WARN_DOCUMENTATION_COMMENTS = YES;
				CLANG_WARN_EMPTY_BODY = YES;
				CLANG_WARN_ENUM_CONVERSION = YES;
				CLANG_WARN_INT_CONVERSION = YES;
				CLANG_WARN_OBJC_ROOT_CLASS = YES_ERROR;
				CLANG_WARN_UNREACHABLE_CODE = YES;
				CLANG_WARN__DUPLICATE_METHOD_MATCH = YES;
				CODE_SIGN_IDENTITY = "-";
				COPY_PHASE_STRIP = NO;
				DEBUG_INFORMATION_FORMAT = dwarf;
				DYLIB_COMPATIBILITY_VERSION = 1;
				DYLIB_CURRENT_VERSION = 1;
				ENABLE_STRICT_OBJC_MSGSEND = YES;
				ENABLE_TESTABILITY = YES;
				EXECUTABLE_PREFIX = lib;
				GCC_C_LANGUAGE_STANDARD = gnu99;
				GCC_DYNAMIC_NO_PIC = NO;
				GCC_NO_COMMON_BLOCKS = YES;
				GCC_OPTIMIZATION_LEVEL = 0;
				GCC_PREPROCESSOR_DEFINITIONS = (
					"DEBUG=1",
					"$(inherited)",
				);
				GCC_WARN_64_TO_32_BIT_CONVERSION = YES;
				GCC_WARN_ABOUT_RETURN_TYPE = YES_ERROR;
				GCC_WARN_UNDECLARED_SELECTOR = YES;
				GCC_WARN_UNINITIALIZED_AUTOS = YES_AGGRESSIVE;
				GCC_WARN_UNUSED_FUNCTION = YES;
				GCC_WARN_UNUSED_VARIABLE = YES;
				MACOSX_DEPLOYMENT_TARGET = 10.11;
				MTL_ENABLE_DEBUG_INFO = YES;
				ONLY_ACTIVE_ARCH = YES;
				PRODUCT_NAME = "$(TARGET_NAME)";
				SDKROOT = macosx;
			};
			name = Debug;
		};
		665320321D15F925004F107A /* Release */ = {
			isa = XCBuildConfiguration;
			buildSettings = {
				ALWAYS_SEARCH_USER_PATHS = NO;
				CLANG_ANALYZER_NONNULL = YES;
				CLANG_CXX_LANGUAGE_STANDARD = "gnu++0x";
				CLANG_CXX_LIBRARY = "libc++";
				CLANG_ENABLE_MODULES = YES;
				CLANG_ENABLE_OBJC_ARC = YES;
				CLANG_WARN_BOOL_CONVERSION = YES;
				CLANG_WARN_CONSTANT_CONVERSION = YES;
				CLANG_WARN_DIRECT_OBJC_ISA_USAGE = YES_ERROR;
				CLANG_WARN_DOCUMENTATION_COMMENTS = YES;
				CLANG_WARN_EMPTY_BODY = YES;
				CLANG_WARN_ENUM_CONVERSION = YES;
				CLANG_WARN_INT_CONVERSION = YES;
				CLANG_WARN_OBJC_ROOT_CLASS = YES_ERROR;
				CLANG_WARN_UNREACHABLE_CODE = YES;
				CLANG_WARN__DUPLICATE_METHOD_MATCH = YES;
				CODE_SIGN_IDENTITY = "-";
				COPY_PHASE_STRIP = NO;
				DEBUG_INFORMATION_FORMAT = "dwarf-with-dsym";
				DYLIB_COMPATIBILITY_VERSION = 1;
				DYLIB_CURRENT_VERSION = 1;
				ENABLE_NS_ASSERTIONS = NO;
				ENABLE_STRICT_OBJC_MSGSEND = YES;
				EXECUTABLE_PREFIX = lib;
				GCC_C_LANGUAGE_STANDARD = gnu99;
				GCC_NO_COMMON_BLOCKS = YES;
				GCC_WARN_64_TO_32_BIT_CONVERSION = YES;
				GCC_WARN_ABOUT_RETURN_TYPE = YES_ERROR;
				GCC_WARN_UNDECLARED_SELECTOR = YES;
				GCC_WARN_UNINITIALIZED_AUTOS = YES_AGGRESSIVE;
				GCC_WARN_UNUSED_FUNCTION = YES;
				GCC_WARN_UNUSED_VARIABLE = YES;
				MACOSX_DEPLOYMENT_TARGET = 10.11;
				MTL_ENABLE_DEBUG_INFO = NO;
				PRODUCT_NAME = "$(TARGET_NAME)";
				SDKROOT = macosx;
			};
			name = Release;
		};
		66FFEF421D14CFB6008F2119 /* Debug */ = {
			isa = XCBuildConfiguration;
			buildSettings = {
				ALWAYS_EMBED_SWIFT_STANDARD_LIBRARIES = "$(inherited)";
				CODE_SIGN_IDENTITY = "$(inherited)";
			};
			name = Debug;
		};
		66FFEF431D14CFB6008F2119 /* Release */ = {
			isa = XCBuildConfiguration;
			buildSettings = {
				ALWAYS_EMBED_SWIFT_STANDARD_LIBRARIES = "$(inherited)";
				CODE_SIGN_IDENTITY = "$(inherited)";
			};
			name = Release;
		};
/* End XCBuildConfiguration section */

/* Begin XCConfigurationList section */
		665320201D15F901004F107A /* Build configuration list for PBXNativeTarget "CommandLine" */ = {
			isa = XCConfigurationList;
			buildConfigurations = (
				665320211D15F901004F107A /* Debug */,
				665320221D15F901004F107A /* Release */,
			);
			defaultConfigurationIsVisible = 0;
			defaultConfigurationName = Release;
		};
		665320301D15F925004F107A /* Build configuration list for PBXNativeTarget "Rainbow" */ = {
			isa = XCConfigurationList;
			buildConfigurations = (
				665320311D15F925004F107A /* Debug */,
				665320321D15F925004F107A /* Release */,
			);
			defaultConfigurationIsVisible = 0;
			defaultConfigurationName = Release;
		};
		66FFEF411D14CFB6008F2119 /* Build configuration list for PBXProject "lib" */ = {
			isa = XCConfigurationList;
			buildConfigurations = (
				66FFEF421D14CFB6008F2119 /* Debug */,
				66FFEF431D14CFB6008F2119 /* Release */,
			);
			defaultConfigurationIsVisible = 0;
			defaultConfigurationName = Release;
		};
/* End XCConfigurationList section */
	};
	rootObject = 66FFEF3E1D14CFB6008F2119 /* Project object */;
}
