// !$*UTF8*$!
{
	archiveVersion = 1;
	classes = {
	};
	objectVersion = 46;
	objects = {

/* Begin PBXBuildFile section */
		661641031D1765F200617D7B /* main.swift in Sources */ = {isa = PBXBuildFile; fileRef = 661641021D1765F200617D7B /* main.swift */; };
		661641061D178E1D00617D7B /* main.swift in Sources */ = {isa = PBXBuildFile; fileRef = 661641051D178E1D00617D7B /* main.swift */; };
		66E032191D16533600C52B4E /* main.swift in Sources */ = {isa = PBXBuildFile; fileRef = 66E031DA1D164C7500C52B4E /* main.swift */; };
		66E0321A1D16533A00C52B4E /* main.swift in Sources */ = {isa = PBXBuildFile; fileRef = 66E031D81D164C7500C52B4E /* main.swift */; };
		66E0321B1D16533D00C52B4E /* main.swift in Sources */ = {isa = PBXBuildFile; fileRef = 66E031D51D164C7500C52B4E /* main.swift */; };
		66E0321C1D16533D00C52B4E /* WCOptions.swift in Sources */ = {isa = PBXBuildFile; fileRef = 66E031D61D164C7500C52B4E /* WCOptions.swift */; };
		66E0321D1D16534000C52B4E /* main.swift in Sources */ = {isa = PBXBuildFile; fileRef = 66E031D31D164C7500C52B4E /* main.swift */; };
		66E0321E1D16534400C52B4E /* main.swift in Sources */ = {isa = PBXBuildFile; fileRef = 66E031D11D164C7500C52B4E /* main.swift */; };
		66E0321F1D16534700C52B4E /* main.swift in Sources */ = {isa = PBXBuildFile; fileRef = 66E031CC1D164C7400C52B4E /* main.swift */; };
		66E032201D16534B00C52B4E /* main.swift in Sources */ = {isa = PBXBuildFile; fileRef = 66E031CA1D164C7400C52B4E /* main.swift */; };
		66E032211D16534D00C52B4E /* main.swift in Sources */ = {isa = PBXBuildFile; fileRef = 66E031C81D164C7400C52B4E /* main.swift */; };
		66E032221D16535100C52B4E /* main.swift in Sources */ = {isa = PBXBuildFile; fileRef = 66E031C61D164C7400C52B4E /* main.swift */; };
		66E032231D16535400C52B4E /* Formatter.swift in Sources */ = {isa = PBXBuildFile; fileRef = 66E031C41D164C7400C52B4E /* Formatter.swift */; };
		66E032241D16535700C52B4E /* main.swift in Sources */ = {isa = PBXBuildFile; fileRef = 66E031C31D164C7400C52B4E /* main.swift */; };
		66E032251D16535A00C52B4E /* main.swift in Sources */ = {isa = PBXBuildFile; fileRef = 66E031C11D164C7400C52B4E /* main.swift */; };
		66E032261D16535F00C52B4E /* main.swift in Sources */ = {isa = PBXBuildFile; fileRef = 66E031BF1D164C7400C52B4E /* main.swift */; };
		66E032271D16536300C52B4E /* main.swift in Sources */ = {isa = PBXBuildFile; fileRef = 66E0320C1D1652C400C52B4E /* main.swift */; };
		66E032281D16536F00C52B4E /* BackgroundColor.swift in Sources */ = {isa = PBXBuildFile; fileRef = 66E031B01D164C7400C52B4E /* BackgroundColor.swift */; };
		66E032291D16536F00C52B4E /* CodesParser.swift in Sources */ = {isa = PBXBuildFile; fileRef = 66E031B11D164C7400C52B4E /* CodesParser.swift */; };
		66E0322A1D16536F00C52B4E /* Color.swift in Sources */ = {isa = PBXBuildFile; fileRef = 66E031B21D164C7400C52B4E /* Color.swift */; };
		66E0322B1D16536F00C52B4E /* ControlCode.swift in Sources */ = {isa = PBXBuildFile; fileRef = 66E031B31D164C7400C52B4E /* ControlCode.swift */; };
		66E0322C1D16536F00C52B4E /* ModesExtractor.swift in Sources */ = {isa = PBXBuildFile; fileRef = 66E031B41D164C7400C52B4E /* ModesExtractor.swift */; };
		66E0322D1D16536F00C52B4E /* OutputTarget.swift in Sources */ = {isa = PBXBuildFile; fileRef = 66E031B51D164C7400C52B4E /* OutputTarget.swift */; };
		66E0322E1D16536F00C52B4E /* Rainbow.swift in Sources */ = {isa = PBXBuildFile; fileRef = 66E031B61D164C7400C52B4E /* Rainbow.swift */; };
		66E0322F1D16536F00C52B4E /* String+Rainbow.swift in Sources */ = {isa = PBXBuildFile; fileRef = 66E031B71D164C7400C52B4E /* String+Rainbow.swift */; };
		66E032301D16536F00C52B4E /* StringGenerator.swift in Sources */ = {isa = PBXBuildFile; fileRef = 66E031B81D164C7400C52B4E /* StringGenerator.swift */; };
		66E032311D16536F00C52B4E /* Style.swift in Sources */ = {isa = PBXBuildFile; fileRef = 66E031B91D164C7400C52B4E /* Style.swift */; };
		66E032321D16536F00C52B4E /* XcodeColorsSupport.swift in Sources */ = {isa = PBXBuildFile; fileRef = 66E031BA1D164C7400C52B4E /* XcodeColorsSupport.swift */; };
		66E032331D16537300C52B4E /* CommandLine.swift in Sources */ = {isa = PBXBuildFile; fileRef = 66E031A91D164C7400C52B4E /* CommandLine.swift */; };
		66E032341D16537300C52B4E /* Option.swift in Sources */ = {isa = PBXBuildFile; fileRef = 66E031AA1D164C7400C52B4E /* Option.swift */; };
		66E032351D16537300C52B4E /* StringExtensions.swift in Sources */ = {isa = PBXBuildFile; fileRef = 66E031AB1D164C7400C52B4E /* StringExtensions.swift */; };
		66E032381D1656DD00C52B4E /* main.swift in Sources */ = {isa = PBXBuildFile; fileRef = 66E032371D1656DD00C52B4E /* main.swift */; };
		66F1FD061D172DA600CEEF5C /* main.swift in Sources */ = {isa = PBXBuildFile; fileRef = 66F1FD051D172DA600CEEF5C /* main.swift */; };
/* End PBXBuildFile section */

/* Begin PBXCopyFilesBuildPhase section */
		66E0320F1D1652FE00C52B4E /* CopyFiles */ = {
			isa = PBXCopyFilesBuildPhase;
			buildActionMask = 2147483647;
			dstPath = /usr/share/man/man1/;
			dstSubfolderSpec = 0;
			files = (
			);
			runOnlyForDeploymentPostprocessing = 1;
		};
/* End PBXCopyFilesBuildPhase section */

/* Begin PBXFileReference section */
		661641021D1765F200617D7B /* main.swift */ = {isa = PBXFileReference; fileEncoding = 4; lastKnownFileType = sourcecode.swift; path = main.swift; sourceTree = "<group>"; };
		661641051D178E1D00617D7B /* main.swift */ = {isa = PBXFileReference; fileEncoding = 4; lastKnownFileType = sourcecode.swift; path = main.swift; sourceTree = "<group>"; };
		66E031A61D164C7400C52B4E /* CONTRIBUTING.md */ = {isa = PBXFileReference; fileEncoding = 4; lastKnownFileType = net.daringfireball.markdown; path = CONTRIBUTING.md; sourceTree = "<group>"; };
		66E031A91D164C7400C52B4E /* CommandLine.swift */ = {isa = PBXFileReference; fileEncoding = 4; lastKnownFileType = sourcecode.swift; path = CommandLine.swift; sourceTree = "<group>"; };
		66E031AA1D164C7400C52B4E /* Option.swift */ = {isa = PBXFileReference; fileEncoding = 4; lastKnownFileType = sourcecode.swift; path = Option.swift; sourceTree = "<group>"; };
		66E031AB1D164C7400C52B4E /* StringExtensions.swift */ = {isa = PBXFileReference; fileEncoding = 4; lastKnownFileType = sourcecode.swift; path = StringExtensions.swift; sourceTree = "<group>"; };
		66E031B01D164C7400C52B4E /* BackgroundColor.swift */ = {isa = PBXFileReference; fileEncoding = 4; lastKnownFileType = sourcecode.swift; path = BackgroundColor.swift; sourceTree = "<group>"; };
		66E031B11D164C7400C52B4E /* CodesParser.swift */ = {isa = PBXFileReference; fileEncoding = 4; lastKnownFileType = sourcecode.swift; path = CodesParser.swift; sourceTree = "<group>"; };
		66E031B21D164C7400C52B4E /* Color.swift */ = {isa = PBXFileReference; fileEncoding = 4; lastKnownFileType = sourcecode.swift; path = Color.swift; sourceTree = "<group>"; };
		66E031B31D164C7400C52B4E /* ControlCode.swift */ = {isa = PBXFileReference; fileEncoding = 4; lastKnownFileType = sourcecode.swift; path = ControlCode.swift; sourceTree = "<group>"; };
		66E031B41D164C7400C52B4E /* ModesExtractor.swift */ = {isa = PBXFileReference; fileEncoding = 4; lastKnownFileType = sourcecode.swift; path = ModesExtractor.swift; sourceTree = "<group>"; };
		66E031B51D164C7400C52B4E /* OutputTarget.swift */ = {isa = PBXFileReference; fileEncoding = 4; lastKnownFileType = sourcecode.swift; path = OutputTarget.swift; sourceTree = "<group>"; };
		66E031B61D164C7400C52B4E /* Rainbow.swift */ = {isa = PBXFileReference; fileEncoding = 4; lastKnownFileType = sourcecode.swift; path = Rainbow.swift; sourceTree = "<group>"; };
		66E031B71D164C7400C52B4E /* String+Rainbow.swift */ = {isa = PBXFileReference; fileEncoding = 4; lastKnownFileType = sourcecode.swift; path = "String+Rainbow.swift"; sourceTree = "<group>"; };
		66E031B81D164C7400C52B4E /* StringGenerator.swift */ = {isa = PBXFileReference; fileEncoding = 4; lastKnownFileType = sourcecode.swift; path = StringGenerator.swift; sourceTree = "<group>"; };
		66E031B91D164C7400C52B4E /* Style.swift */ = {isa = PBXFileReference; fileEncoding = 4; lastKnownFileType = sourcecode.swift; path = Style.swift; sourceTree = "<group>"; };
		66E031BA1D164C7400C52B4E /* XcodeColorsSupport.swift */ = {isa = PBXFileReference; fileEncoding = 4; lastKnownFileType = sourcecode.swift; path = XcodeColorsSupport.swift; sourceTree = "<group>"; };
		66E031BB1D164C7400C52B4E /* Makefile */ = {isa = PBXFileReference; explicitFileType = sourcecode.make; fileEncoding = 4; path = Makefile; sourceTree = "<group>"; usesTabs = 1; };
		66E031BC1D164C7400C52B4E /* README.md */ = {isa = PBXFileReference; fileEncoding = 4; lastKnownFileType = net.daringfireball.markdown; path = README.md; sourceTree = "<group>"; };
		66E031BF1D164C7400C52B4E /* main.swift */ = {isa = PBXFileReference; fileEncoding = 4; lastKnownFileType = sourcecode.swift; path = main.swift; sourceTree = "<group>"; };
		66E031C11D164C7400C52B4E /* main.swift */ = {isa = PBXFileReference; fileEncoding = 4; lastKnownFileType = sourcecode.swift; path = main.swift; sourceTree = "<group>"; };
		66E031C31D164C7400C52B4E /* main.swift */ = {isa = PBXFileReference; fileEncoding = 4; lastKnownFileType = sourcecode.swift; path = main.swift; sourceTree = "<group>"; };
		66E031C41D164C7400C52B4E /* Formatter.swift */ = {isa = PBXFileReference; fileEncoding = 4; lastKnownFileType = sourcecode.swift; path = Formatter.swift; sourceTree = "<group>"; };
		66E031C61D164C7400C52B4E /* main.swift */ = {isa = PBXFileReference; fileEncoding = 4; lastKnownFileType = sourcecode.swift; path = main.swift; sourceTree = "<group>"; };
		66E031C81D164C7400C52B4E /* main.swift */ = {isa = PBXFileReference; fileEncoding = 4; lastKnownFileType = sourcecode.swift; path = main.swift; sourceTree = "<group>"; };
		66E031CA1D164C7400C52B4E /* main.swift */ = {isa = PBXFileReference; fileEncoding = 4; lastKnownFileType = sourcecode.swift; path = main.swift; sourceTree = "<group>"; };
		66E031CC1D164C7400C52B4E /* main.swift */ = {isa = PBXFileReference; fileEncoding = 4; lastKnownFileType = sourcecode.swift; path = main.swift; sourceTree = "<group>"; };
		66E031D11D164C7500C52B4E /* main.swift */ = {isa = PBXFileReference; fileEncoding = 4; lastKnownFileType = sourcecode.swift; path = main.swift; sourceTree = "<group>"; };
		66E031D31D164C7500C52B4E /* main.swift */ = {isa = PBXFileReference; fileEncoding = 4; lastKnownFileType = sourcecode.swift; path = main.swift; sourceTree = "<group>"; };
		66E031D51D164C7500C52B4E /* main.swift */ = {isa = PBXFileReference; fileEncoding = 4; lastKnownFileType = sourcecode.swift; path = main.swift; sourceTree = "<group>"; };
		66E031D61D164C7500C52B4E /* WCOptions.swift */ = {isa = PBXFileReference; fileEncoding = 4; lastKnownFileType = sourcecode.swift; path = WCOptions.swift; sourceTree = "<group>"; };
		66E031D81D164C7500C52B4E /* main.swift */ = {isa = PBXFileReference; fileEncoding = 4; lastKnownFileType = sourcecode.swift; path = main.swift; sourceTree = "<group>"; };
		66E031DA1D164C7500C52B4E /* main.swift */ = {isa = PBXFileReference; fileEncoding = 4; lastKnownFileType = sourcecode.swift; path = main.swift; sourceTree = "<group>"; };
		66E0320C1D1652C400C52B4E /* main.swift */ = {isa = PBXFileReference; fileEncoding = 4; lastKnownFileType = sourcecode.swift; path = main.swift; sourceTree = "<group>"; };
		66E032371D1656DD00C52B4E /* main.swift */ = {isa = PBXFileReference; fileEncoding = 4; lastKnownFileType = sourcecode.swift; path = main.swift; sourceTree = "<group>"; };
		66F1FD031D17285E00CEEF5C /* Dummy target for code completion */ = {isa = PBXFileReference; explicitFileType = "compiled.mach-o.executable"; includeInIndex = 0; path = "Dummy target for code completion"; sourceTree = BUILT_PRODUCTS_DIR; };
		66F1FD051D172DA600CEEF5C /* main.swift */ = {isa = PBXFileReference; fileEncoding = 4; lastKnownFileType = sourcecode.swift; path = main.swift; sourceTree = "<group>"; };
/* End PBXFileReference section */

/* Begin PBXFrameworksBuildPhase section */
		66E0320E1D1652FE00C52B4E /* Frameworks */ = {
			isa = PBXFrameworksBuildPhase;
			buildActionMask = 2147483647;
			files = (
			);
			runOnlyForDeploymentPostprocessing = 0;
		};
/* End PBXFrameworksBuildPhase section */

/* Begin PBXGroup section */
		661641011D1765F200617D7B /* cat */ = {
			isa = PBXGroup;
			children = (
				661641021D1765F200617D7B /* main.swift */,
			);
			path = cat;
			sourceTree = "<group>";
		};
		661641041D178E1D00617D7B /* hostname */ = {
			isa = PBXGroup;
			children = (
				661641051D178E1D00617D7B /* main.swift */,
			);
			path = hostname;
			sourceTree = "<group>";
		};
		66C3D3011D164C0D00744E5F = {
			isa = PBXGroup;
			children = (
				66E031A61D164C7400C52B4E /* CONTRIBUTING.md */,
				66E031A71D164C7400C52B4E /* lib */,
				66E031BB1D164C7400C52B4E /* Makefile */,
				66E031BC1D164C7400C52B4E /* README.md */,
				66E031BD1D164C7400C52B4E /* src */,
				66F1FD031D17285E00CEEF5C /* Dummy target for code completion */,
			);
			sourceTree = "<group>";
		};
		66E031A71D164C7400C52B4E /* lib */ = {
			isa = PBXGroup;
			children = (
				66E031A81D164C7400C52B4E /* CommandLine */,
				66E031AF1D164C7400C52B4E /* Rainbow */,
			);
			path = lib;
			sourceTree = "<group>";
		};
		66E031A81D164C7400C52B4E /* CommandLine */ = {
			isa = PBXGroup;
			children = (
				66E031A91D164C7400C52B4E /* CommandLine.swift */,
				66E031AA1D164C7400C52B4E /* Option.swift */,
				66E031AB1D164C7400C52B4E /* StringExtensions.swift */,
			);
			path = CommandLine;
			sourceTree = "<group>";
		};
		66E031AF1D164C7400C52B4E /* Rainbow */ = {
			isa = PBXGroup;
			children = (
				66E031B01D164C7400C52B4E /* BackgroundColor.swift */,
				66E031B11D164C7400C52B4E /* CodesParser.swift */,
				66E031B21D164C7400C52B4E /* Color.swift */,
				66E031B31D164C7400C52B4E /* ControlCode.swift */,
				66E031B41D164C7400C52B4E /* ModesExtractor.swift */,
				66E031B51D164C7400C52B4E /* OutputTarget.swift */,
				66E031B61D164C7400C52B4E /* Rainbow.swift */,
				66E031B71D164C7400C52B4E /* String+Rainbow.swift */,
				66E031B81D164C7400C52B4E /* StringGenerator.swift */,
				66E031B91D164C7400C52B4E /* Style.swift */,
				66E031BA1D164C7400C52B4E /* XcodeColorsSupport.swift */,
			);
			path = Rainbow;
			sourceTree = "<group>";
		};
		66E031BD1D164C7400C52B4E /* src */ = {
			isa = PBXGroup;
			children = (
				661641011D1765F200617D7B /* cat */,
				66E0320B1D1652C400C52B4E /* date */,
				66E032361D1656DD00C52B4E /* domainname */,
				66E031BE1D164C7400C52B4E /* echo */,
				66E031C01D164C7400C52B4E /* env */,
				66E031C21D164C7400C52B4E /* false */,
				66E031C41D164C7400C52B4E /* Formatter.swift */,
				661641041D178E1D00617D7B /* hostname */,
				66E031C51D164C7400C52B4E /* ls */,
				66E031C71D164C7400C52B4E /* mkdir */,
				66E031C91D164C7400C52B4E /* pwd */,
				66E031CB1D164C7400C52B4E /* sleep */,
				66F1FD041D172DA600CEEF5C /* sync */,
				66E031D01D164C7500C52B4E /* true */,
				66E031D21D164C7500C52B4E /* uname */,
				66E031D41D164C7500C52B4E /* wc */,
				66E031D71D164C7500C52B4E /* whoami */,
				66E031D91D164C7500C52B4E /* yes */,
			);
			path = src;
			sourceTree = "<group>";
		};
		66E031BE1D164C7400C52B4E /* echo */ = {
			isa = PBXGroup;
			children = (
				66E031BF1D164C7400C52B4E /* main.swift */,
			);
			path = echo;
			sourceTree = "<group>";
		};
		66E031C01D164C7400C52B4E /* env */ = {
			isa = PBXGroup;
			children = (
				66E031C11D164C7400C52B4E /* main.swift */,
			);
			path = env;
			sourceTree = "<group>";
		};
		66E031C21D164C7400C52B4E /* false */ = {
			isa = PBXGroup;
			children = (
				66E031C31D164C7400C52B4E /* main.swift */,
			);
			path = false;
			sourceTree = "<group>";
		};
		66E031C51D164C7400C52B4E /* ls */ = {
			isa = PBXGroup;
			children = (
				66E031C61D164C7400C52B4E /* main.swift */,
			);
			path = ls;
			sourceTree = "<group>";
		};
		66E031C71D164C7400C52B4E /* mkdir */ = {
			isa = PBXGroup;
			children = (
				66E031C81D164C7400C52B4E /* main.swift */,
			);
			path = mkdir;
			sourceTree = "<group>";
		};
		66E031C91D164C7400C52B4E /* pwd */ = {
			isa = PBXGroup;
			children = (
				66E031CA1D164C7400C52B4E /* main.swift */,
			);
			path = pwd;
			sourceTree = "<group>";
		};
		66E031CB1D164C7400C52B4E /* sleep */ = {
			isa = PBXGroup;
			children = (
				66E031CC1D164C7400C52B4E /* main.swift */,
			);
			path = sleep;
			sourceTree = "<group>";
		};
		66E031D01D164C7500C52B4E /* true */ = {
			isa = PBXGroup;
			children = (
				66E031D11D164C7500C52B4E /* main.swift */,
			);
			path = true;
			sourceTree = "<group>";
		};
		66E031D21D164C7500C52B4E /* uname */ = {
			isa = PBXGroup;
			children = (
				66E031D31D164C7500C52B4E /* main.swift */,
			);
			path = uname;
			sourceTree = "<group>";
		};
		66E031D41D164C7500C52B4E /* wc */ = {
			isa = PBXGroup;
			children = (
				66E031D51D164C7500C52B4E /* main.swift */,
				66E031D61D164C7500C52B4E /* WCOptions.swift */,
			);
			path = wc;
			sourceTree = "<group>";
		};
		66E031D71D164C7500C52B4E /* whoami */ = {
			isa = PBXGroup;
			children = (
				66E031D81D164C7500C52B4E /* main.swift */,
			);
			path = whoami;
			sourceTree = "<group>";
		};
		66E031D91D164C7500C52B4E /* yes */ = {
			isa = PBXGroup;
			children = (
				66E031DA1D164C7500C52B4E /* main.swift */,
			);
			path = yes;
			sourceTree = "<group>";
		};
		66E0320B1D1652C400C52B4E /* date */ = {
			isa = PBXGroup;
			children = (
				66E0320C1D1652C400C52B4E /* main.swift */,
			);
			path = date;
			sourceTree = "<group>";
		};
		66E032361D1656DD00C52B4E /* domainname */ = {
			isa = PBXGroup;
			children = (
				66E032371D1656DD00C52B4E /* main.swift */,
			);
			path = domainname;
			sourceTree = "<group>";
		};
		66F1FD041D172DA600CEEF5C /* sync */ = {
			isa = PBXGroup;
			children = (
				66F1FD051D172DA600CEEF5C /* main.swift */,
			);
			path = sync;
			sourceTree = "<group>";
		};
/* End PBXGroup section */

/* Begin PBXLegacyTarget section */
		6A503FF91D1CBBB8004920DE /* coreutils-swift */ = {
			isa = PBXLegacyTarget;
			buildArgumentsString = "$(ACTION)";
			buildConfigurationList = 6A503FFA1D1CBBB8004920DE /* Build configuration list for PBXLegacyTarget "coreutils-swift" */;
			buildPhases = (
			);
			buildToolPath = /usr/bin/make;
			buildWorkingDirectory = "";
			dependencies = (
			);
			name = "coreutils-swift";
			passBuildSettingsInEnvironment = 0;
			productName = "coreutils-swift";
		};
/* End PBXLegacyTarget section */

/* Begin PBXNativeTarget section */
		66E032101D1652FE00C52B4E /* Dummy target for code completion */ = {
			isa = PBXNativeTarget;
			buildConfigurationList = 66E032161D1652FE00C52B4E /* Build configuration list for PBXNativeTarget "Dummy target for code completion" */;
			buildPhases = (
				66E0320D1D1652FE00C52B4E /* Sources */,
				66E0320E1D1652FE00C52B4E /* Frameworks */,
				66E0320F1D1652FE00C52B4E /* CopyFiles */,
			);
			buildRules = (
			);
			dependencies = (
			);
			name = "Dummy target for code completion";
			productName = "Dummy target for code completion";
			productReference = 66F1FD031D17285E00CEEF5C /* Dummy target for code completion */;
			productType = "com.apple.product-type.tool";
		};
/* End PBXNativeTarget section */

/* Begin PBXProject section */
		66C3D3021D164C0D00744E5F /* Project object */ = {
			isa = PBXProject;
			attributes = {
				LastSwiftUpdateCheck = 0800;
				LastUpgradeCheck = 0800;
				ORGANIZATIONNAME = "Andrew Hyatt";
				TargetAttributes = {
					66E032101D1652FE00C52B4E = {
						CreatedOnToolsVersion = 8.0;
						DevelopmentTeam = TGZ526AV87;
						DevelopmentTeamName = "Andrew Hyatt (Personal Team)";
						ProvisioningStyle = Automatic;
					};
					6A503FF91D1CBBB8004920DE = {
						CreatedOnToolsVersion = 8.0;
						DevelopmentTeam = TGZ526AV87;
						DevelopmentTeamName = "Andrew Hyatt (Personal Team)";
						ProvisioningStyle = Automatic;
					};
				};
			};
			buildConfigurationList = 66C3D3051D164C0D00744E5F /* Build configuration list for PBXProject "coreutils-swift" */;
			compatibilityVersion = "Xcode 3.2";
			developmentRegion = English;
			hasScannedForEncodings = 0;
			knownRegions = (
				en,
			);
			mainGroup = 66C3D3011D164C0D00744E5F;
			productRefGroup = 66C3D3011D164C0D00744E5F;
			projectDirPath = "";
			projectRoot = "";
			targets = (
				6A503FF91D1CBBB8004920DE /* coreutils-swift */,
				66E032101D1652FE00C52B4E /* Dummy target for code completion */,
			);
		};
/* End PBXProject section */

/* Begin PBXSourcesBuildPhase section */
		66E0320D1D1652FE00C52B4E /* Sources */ = {
			isa = PBXSourcesBuildPhase;
			buildActionMask = 2147483647;
			files = (
				66E032231D16535400C52B4E /* Formatter.swift in Sources */,
				66E032251D16535A00C52B4E /* main.swift in Sources */,
				66E0322E1D16536F00C52B4E /* Rainbow.swift in Sources */,
				66E0321C1D16533D00C52B4E /* WCOptions.swift in Sources */,
				66E032311D16536F00C52B4E /* Style.swift in Sources */,
				66E032241D16535700C52B4E /* main.swift in Sources */,
				66E032291D16536F00C52B4E /* CodesParser.swift in Sources */,
				66E0321F1D16534700C52B4E /* main.swift in Sources */,
				66E032211D16534D00C52B4E /* main.swift in Sources */,
				66E0322F1D16536F00C52B4E /* String+Rainbow.swift in Sources */,
				661641031D1765F200617D7B /* main.swift in Sources */,
				66E0322C1D16536F00C52B4E /* ModesExtractor.swift in Sources */,
				66E032321D16536F00C52B4E /* XcodeColorsSupport.swift in Sources */,
				66F1FD061D172DA600CEEF5C /* main.swift in Sources */,
				66E032201D16534B00C52B4E /* main.swift in Sources */,
				66E0321D1D16534000C52B4E /* main.swift in Sources */,
				66E032351D16537300C52B4E /* StringExtensions.swift in Sources */,
				66E032261D16535F00C52B4E /* main.swift in Sources */,
				66E032331D16537300C52B4E /* CommandLine.swift in Sources */,
				66E032341D16537300C52B4E /* Option.swift in Sources */,
				66E0322D1D16536F00C52B4E /* OutputTarget.swift in Sources */,
				66E0321E1D16534400C52B4E /* main.swift in Sources */,
				66E032221D16535100C52B4E /* main.swift in Sources */,
				66E032271D16536300C52B4E /* main.swift in Sources */,
				66E0322B1D16536F00C52B4E /* ControlCode.swift in Sources */,
				66E0321A1D16533A00C52B4E /* main.swift in Sources */,
				66E032191D16533600C52B4E /* main.swift in Sources */,
				66E0321B1D16533D00C52B4E /* main.swift in Sources */,
				66E032381D1656DD00C52B4E /* main.swift in Sources */,
				661641061D178E1D00617D7B /* main.swift in Sources */,
				66E032281D16536F00C52B4E /* BackgroundColor.swift in Sources */,
				66E032301D16536F00C52B4E /* StringGenerator.swift in Sources */,
				66E0322A1D16536F00C52B4E /* Color.swift in Sources */,
			);
			runOnlyForDeploymentPostprocessing = 0;
		};
/* End PBXSourcesBuildPhase section */

/* Begin XCBuildConfiguration section */
		66C3D3071D164C0D00744E5F /* Debug */ = {
			isa = XCBuildConfiguration;
			buildSettings = {
				ALWAYS_SEARCH_USER_PATHS = NO;
				CLANG_ANALYZER_NONNULL = YES;
				CLANG_CXX_LANGUAGE_STANDARD = "gnu++0x";
				CLANG_CXX_LIBRARY = "libc++";
				CLANG_ENABLE_MODULES = YES;
				CLANG_ENABLE_OBJC_ARC = YES;
				CLANG_WARN_BOOL_CONVERSION = YES;
				CLANG_WARN_CONSTANT_CONVERSION = YES;
				CLANG_WARN_DIRECT_OBJC_ISA_USAGE = YES_ERROR;
				CLANG_WARN_DOCUMENTATION_COMMENTS = YES;
				CLANG_WARN_EMPTY_BODY = YES;
				CLANG_WARN_ENUM_CONVERSION = YES;
				CLANG_WARN_INT_CONVERSION = YES;
				CLANG_WARN_OBJC_ROOT_CLASS = YES_ERROR;
				CLANG_WARN_UNREACHABLE_CODE = YES;
				CLANG_WARN__DUPLICATE_METHOD_MATCH = YES;
				COPY_PHASE_STRIP = NO;
				DEBUG_INFORMATION_FORMAT = dwarf;
				ENABLE_STRICT_OBJC_MSGSEND = YES;
				ENABLE_TESTABILITY = YES;
				GCC_C_LANGUAGE_STANDARD = gnu99;
				GCC_DYNAMIC_NO_PIC = NO;
				GCC_NO_COMMON_BLOCKS = YES;
				GCC_OPTIMIZATION_LEVEL = 0;
				GCC_PREPROCESSOR_DEFINITIONS = (
					"DEBUG=1",
					"$(inherited)",
				);
				GCC_WARN_64_TO_32_BIT_CONVERSION = YES;
				GCC_WARN_ABOUT_RETURN_TYPE = YES_ERROR;
				GCC_WARN_UNDECLARED_SELECTOR = YES;
				GCC_WARN_UNINITIALIZED_AUTOS = YES_AGGRESSIVE;
				GCC_WARN_UNUSED_FUNCTION = YES;
				GCC_WARN_UNUSED_VARIABLE = YES;
				MTL_ENABLE_DEBUG_INFO = YES;
				ONLY_ACTIVE_ARCH = YES;
			};
			name = Debug;
		};
		66C3D3081D164C0D00744E5F /* Release */ = {
			isa = XCBuildConfiguration;
			buildSettings = {
				ALWAYS_SEARCH_USER_PATHS = NO;
				CLANG_ANALYZER_NONNULL = YES;
				CLANG_CXX_LANGUAGE_STANDARD = "gnu++0x";
				CLANG_CXX_LIBRARY = "libc++";
				CLANG_ENABLE_MODULES = YES;
				CLANG_ENABLE_OBJC_ARC = YES;
				CLANG_WARN_BOOL_CONVERSION = YES;
				CLANG_WARN_CONSTANT_CONVERSION = YES;
				CLANG_WARN_DIRECT_OBJC_ISA_USAGE = YES_ERROR;
				CLANG_WARN_DOCUMENTATION_COMMENTS = YES;
				CLANG_WARN_EMPTY_BODY = YES;
				CLANG_WARN_ENUM_CONVERSION = YES;
				CLANG_WARN_INT_CONVERSION = YES;
				CLANG_WARN_OBJC_ROOT_CLASS = YES_ERROR;
				CLANG_WARN_UNREACHABLE_CODE = YES;
				CLANG_WARN__DUPLICATE_METHOD_MATCH = YES;
				COPY_PHASE_STRIP = NO;
				DEBUG_INFORMATION_FORMAT = "dwarf-with-dsym";
				ENABLE_NS_ASSERTIONS = NO;
				ENABLE_STRICT_OBJC_MSGSEND = YES;
				GCC_C_LANGUAGE_STANDARD = gnu99;
				GCC_NO_COMMON_BLOCKS = YES;
				GCC_WARN_64_TO_32_BIT_CONVERSION = YES;
				GCC_WARN_ABOUT_RETURN_TYPE = YES_ERROR;
				GCC_WARN_UNDECLARED_SELECTOR = YES;
				GCC_WARN_UNINITIALIZED_AUTOS = YES_AGGRESSIVE;
				GCC_WARN_UNUSED_FUNCTION = YES;
				GCC_WARN_UNUSED_VARIABLE = YES;
				MTL_ENABLE_DEBUG_INFO = NO;
			};
			name = Release;
		};
		66E032171D1652FE00C52B4E /* Debug */ = {
			isa = XCBuildConfiguration;
			buildSettings = {
				CODE_SIGN_IDENTITY = "-";
				MACOSX_DEPLOYMENT_TARGET = 10.11;
				PRODUCT_NAME = "$(TARGET_NAME)";
				SDKROOT = macosx;
				SWIFT_OPTIMIZATION_LEVEL = "-Onone";
			};
			name = Debug;
		};
		66E032181D1652FE00C52B4E /* Release */ = {
			isa = XCBuildConfiguration;
			buildSettings = {
				CODE_SIGN_IDENTITY = "-";
				MACOSX_DEPLOYMENT_TARGET = 10.11;
				PRODUCT_NAME = "$(TARGET_NAME)";
				SDKROOT = macosx;
				SWIFT_OPTIMIZATION_LEVEL = "-Owholemodule";
			};
			name = Release;
		};
		6A503FFB1D1CBBB8004920DE /* Debug */ = {
			isa = XCBuildConfiguration;
			buildSettings = {
				DEBUGGING_SYMBOLS = YES;
				DEBUG_INFORMATION_FORMAT = dwarf;
				GCC_GENERATE_DEBUGGING_SYMBOLS = YES;
				GCC_OPTIMIZATION_LEVEL = 0;
				OTHER_CFLAGS = "";
				OTHER_LDFLAGS = "";
				PRODUCT_NAME = "$(TARGET_NAME)";
			};
			name = Debug;
		};
		6A503FFC1D1CBBB8004920DE /* Release */ = {
			isa = XCBuildConfiguration;
			buildSettings = {
				DEBUG_INFORMATION_FORMAT = "dwarf-with-dsym";
				OTHER_CFLAGS = "";
				OTHER_LDFLAGS = "";
				PRODUCT_NAME = "$(TARGET_NAME)";
			};
			name = Release;
		};
/* End XCBuildConfiguration section */

/* Begin XCConfigurationList section */
		66C3D3051D164C0D00744E5F /* Build configuration list for PBXProject "coreutils-swift" */ = {
			isa = XCConfigurationList;
			buildConfigurations = (
				66C3D3071D164C0D00744E5F /* Debug */,
				66C3D3081D164C0D00744E5F /* Release */,
			);
			defaultConfigurationIsVisible = 0;
			defaultConfigurationName = Release;
		};
		66E032161D1652FE00C52B4E /* Build configuration list for PBXNativeTarget "Dummy target for code completion" */ = {
			isa = XCConfigurationList;
			buildConfigurations = (
				66E032171D1652FE00C52B4E /* Debug */,
				66E032181D1652FE00C52B4E /* Release */,
			);
			defaultConfigurationIsVisible = 0;
			defaultConfigurationName = Release;
		};
		6A503FFA1D1CBBB8004920DE /* Build configuration list for PBXLegacyTarget "coreutils-swift" */ = {
			isa = XCConfigurationList;
			buildConfigurations = (
				6A503FFB1D1CBBB8004920DE /* Debug */,
				6A503FFC1D1CBBB8004920DE /* Release */,
			);
			defaultConfigurationIsVisible = 0;
			defaultConfigurationName = Release;
		};
/* End XCConfigurationList section */
	};
	rootObject = 66C3D3021D164C0D00744E5F /* Project object */;
}
