// !$*UTF8*$!
{
	archiveVersion = 1;
	classes = {
	};
	objectVersion = 47;
	objects = {

/* Begin PBXAggregateTarget section */
		66FFEF061D14CF66008F2119 /* src */ = {
			isa = PBXAggregateTarget;
			buildConfigurationList = 66FFEF221D14CF66008F2119 /* Build configuration list for PBXAggregateTarget "src" */;
			buildPhases = (
			);
			dependencies = (
				66FFEF261D14CF72008F2119 /* PBXTargetDependency */,
				66FFEF281D14CF72008F2119 /* PBXTargetDependency */,
				66FFEF2A1D14CF72008F2119 /* PBXTargetDependency */,
				66FFEF2C1D14CF72008F2119 /* PBXTargetDependency */,
				66FFEF2E1D14CF72008F2119 /* PBXTargetDependency */,
				66FFEF301D14CF72008F2119 /* PBXTargetDependency */,
				66FFEF321D14CF72008F2119 /* PBXTargetDependency */,
				66FFEF341D14CF72008F2119 /* PBXTargetDependency */,
				66FFEF361D14CF72008F2119 /* PBXTargetDependency */,
				66FFEF381D14CF72008F2119 /* PBXTargetDependency */,
				66FFEF3A1D14CF72008F2119 /* PBXTargetDependency */,
				66FFEF3C1D14CF72008F2119 /* PBXTargetDependency */,
			);
			name = src;
			productName = src;
		};
		66FFEF811D14D0A8008F2119 /* lib */ = {
			isa = PBXAggregateTarget;
			buildConfigurationList = 66FFEF881D14D0A8008F2119 /* Build configuration list for PBXAggregateTarget "lib" */;
			buildPhases = (
			);
			dependencies = (
				66FFEF941D14D0C3008F2119 /* PBXTargetDependency */,
				66FFEF961D14D0C3008F2119 /* PBXTargetDependency */,
			);
			name = lib;
			productName = lib;
		};
		66FFEF8B1D14D0AF008F2119 /* all */ = {
			isa = PBXAggregateTarget;
			buildConfigurationList = 66FFEF8C1D14D0AF008F2119 /* Build configuration list for PBXAggregateTarget "all" */;
			buildPhases = (
			);
			dependencies = (
				66FFEF901D14D0BB008F2119 /* PBXTargetDependency */,
				66FFEF921D14D0BB008F2119 /* PBXTargetDependency */,
			);
			name = all;
			productName = all;
		};
/* End PBXAggregateTarget section */

/* Begin PBXContainerItemProxy section */
		66FFEE421D14CB47008F2119 /* PBXContainerItemProxy */ = {
			isa = PBXContainerItemProxy;
			containerPortal = 66FFEE321D14CAC3008F2119 /* src.xcodeproj */;
			proxyType = 2;
			remoteGlobalIDString = 66FFEE391D14CAFE008F2119;
			remoteInfo = ls;
		};
		66FFEE5C1D14CC45008F2119 /* PBXContainerItemProxy */ = {
			isa = PBXContainerItemProxy;
			containerPortal = 66FFEE321D14CAC3008F2119 /* src.xcodeproj */;
			proxyType = 2;
			remoteGlobalIDString = 66FFEE481D14CC33008F2119;
			remoteInfo = echo;
		};
		66FFEE5E1D14CC45008F2119 /* PBXContainerItemProxy */ = {
			isa = PBXContainerItemProxy;
			containerPortal = 66FFEE321D14CAC3008F2119 /* src.xcodeproj */;
			proxyType = 2;
			remoteGlobalIDString = 66FFEE531D14CC3E008F2119;
			remoteInfo = env;
		};
		66FFEF101D14CF66008F2119 /* PBXContainerItemProxy */ = {
			isa = PBXContainerItemProxy;
			containerPortal = 66FFEE321D14CAC3008F2119 /* src.xcodeproj */;
			proxyType = 2;
			remoteGlobalIDString = 66FFEE6F1D14CCD0008F2119;
			remoteInfo = false;
		};
		66FFEF121D14CF66008F2119 /* PBXContainerItemProxy */ = {
			isa = PBXContainerItemProxy;
			containerPortal = 66FFEE321D14CAC3008F2119 /* src.xcodeproj */;
			proxyType = 2;
			remoteGlobalIDString = 66FFEE851D14CCF1008F2119;
			remoteInfo = mkdir;
		};
		66FFEF141D14CF66008F2119 /* PBXContainerItemProxy */ = {
			isa = PBXContainerItemProxy;
			containerPortal = 66FFEE321D14CAC3008F2119 /* src.xcodeproj */;
			proxyType = 2;
			remoteGlobalIDString = 66FFEE901D14CCF8008F2119;
			remoteInfo = pwd;
		};
		66FFEF161D14CF66008F2119 /* PBXContainerItemProxy */ = {
			isa = PBXContainerItemProxy;
			containerPortal = 66FFEE321D14CAC3008F2119 /* src.xcodeproj */;
			proxyType = 2;
			remoteGlobalIDString = 66FFEE9B1D14CCFE008F2119;
			remoteInfo = sleep;
		};
		66FFEF181D14CF66008F2119 /* PBXContainerItemProxy */ = {
			isa = PBXContainerItemProxy;
			containerPortal = 66FFEE321D14CAC3008F2119 /* src.xcodeproj */;
			proxyType = 2;
			remoteGlobalIDString = 66FFEE7A1D14CCDF008F2119;
			remoteInfo = true;
		};
		66FFEF1A1D14CF66008F2119 /* PBXContainerItemProxy */ = {
			isa = PBXContainerItemProxy;
			containerPortal = 66FFEE321D14CAC3008F2119 /* src.xcodeproj */;
			proxyType = 2;
			remoteGlobalIDString = 66FFEEA61D14CD09008F2119;
			remoteInfo = uname;
		};
		66FFEF1C1D14CF66008F2119 /* PBXContainerItemProxy */ = {
			isa = PBXContainerItemProxy;
			containerPortal = 66FFEE321D14CAC3008F2119 /* src.xcodeproj */;
			proxyType = 2;
			remoteGlobalIDString = 66FFEEC71D14CD1D008F2119;
			remoteInfo = yes;
		};
		66FFEF1E1D14CF66008F2119 /* PBXContainerItemProxy */ = {
			isa = PBXContainerItemProxy;
			containerPortal = 66FFEE321D14CAC3008F2119 /* src.xcodeproj */;
			proxyType = 2;
			remoteGlobalIDString = 66FFEEB11D14CD0E008F2119;
			remoteInfo = wc;
		};
		66FFEF201D14CF66008F2119 /* PBXContainerItemProxy */ = {
			isa = PBXContainerItemProxy;
			containerPortal = 66FFEE321D14CAC3008F2119 /* src.xcodeproj */;
			proxyType = 2;
			remoteGlobalIDString = 66FFEEBC1D14CD17008F2119;
			remoteInfo = whoami;
		};
		66FFEF251D14CF72008F2119 /* PBXContainerItemProxy */ = {
			isa = PBXContainerItemProxy;
			containerPortal = 66FFEE321D14CAC3008F2119 /* src.xcodeproj */;
			proxyType = 1;
			remoteGlobalIDString = 66FFEE471D14CC33008F2119;
			remoteInfo = echo;
		};
		66FFEF271D14CF72008F2119 /* PBXContainerItemProxy */ = {
			isa = PBXContainerItemProxy;
			containerPortal = 66FFEE321D14CAC3008F2119 /* src.xcodeproj */;
			proxyType = 1;
			remoteGlobalIDString = 66FFEE521D14CC3E008F2119;
			remoteInfo = env;
		};
		66FFEF291D14CF72008F2119 /* PBXContainerItemProxy */ = {
			isa = PBXContainerItemProxy;
			containerPortal = 66FFEE321D14CAC3008F2119 /* src.xcodeproj */;
			proxyType = 1;
			remoteGlobalIDString = 66FFEE6E1D14CCD0008F2119;
			remoteInfo = false;
		};
		66FFEF2B1D14CF72008F2119 /* PBXContainerItemProxy */ = {
			isa = PBXContainerItemProxy;
			containerPortal = 66FFEE321D14CAC3008F2119 /* src.xcodeproj */;
			proxyType = 1;
			remoteGlobalIDString = 66FFEE381D14CAFE008F2119;
			remoteInfo = ls;
		};
		66FFEF2D1D14CF72008F2119 /* PBXContainerItemProxy */ = {
			isa = PBXContainerItemProxy;
			containerPortal = 66FFEE321D14CAC3008F2119 /* src.xcodeproj */;
			proxyType = 1;
			remoteGlobalIDString = 66FFEE841D14CCF1008F2119;
			remoteInfo = mkdir;
		};
		66FFEF2F1D14CF72008F2119 /* PBXContainerItemProxy */ = {
			isa = PBXContainerItemProxy;
			containerPortal = 66FFEE321D14CAC3008F2119 /* src.xcodeproj */;
			proxyType = 1;
			remoteGlobalIDString = 66FFEE8F1D14CCF8008F2119;
			remoteInfo = pwd;
		};
		66FFEF311D14CF72008F2119 /* PBXContainerItemProxy */ = {
			isa = PBXContainerItemProxy;
			containerPortal = 66FFEE321D14CAC3008F2119 /* src.xcodeproj */;
			proxyType = 1;
			remoteGlobalIDString = 66FFEE9A1D14CCFE008F2119;
			remoteInfo = sleep;
		};
		66FFEF331D14CF72008F2119 /* PBXContainerItemProxy */ = {
			isa = PBXContainerItemProxy;
			containerPortal = 66FFEE321D14CAC3008F2119 /* src.xcodeproj */;
			proxyType = 1;
			remoteGlobalIDString = 66FFEE791D14CCDF008F2119;
			remoteInfo = true;
		};
		66FFEF351D14CF72008F2119 /* PBXContainerItemProxy */ = {
			isa = PBXContainerItemProxy;
			containerPortal = 66FFEE321D14CAC3008F2119 /* src.xcodeproj */;
			proxyType = 1;
			remoteGlobalIDString = 66FFEEA51D14CD09008F2119;
			remoteInfo = uname;
		};
		66FFEF371D14CF72008F2119 /* PBXContainerItemProxy */ = {
			isa = PBXContainerItemProxy;
			containerPortal = 66FFEE321D14CAC3008F2119 /* src.xcodeproj */;
			proxyType = 1;
			remoteGlobalIDString = 66FFEEC61D14CD1D008F2119;
			remoteInfo = yes;
		};
		66FFEF391D14CF72008F2119 /* PBXContainerItemProxy */ = {
			isa = PBXContainerItemProxy;
			containerPortal = 66FFEE321D14CAC3008F2119 /* src.xcodeproj */;
			proxyType = 1;
			remoteGlobalIDString = 66FFEEB01D14CD0E008F2119;
			remoteInfo = wc;
		};
		66FFEF3B1D14CF72008F2119 /* PBXContainerItemProxy */ = {
			isa = PBXContainerItemProxy;
			containerPortal = 66FFEE321D14CAC3008F2119 /* src.xcodeproj */;
			proxyType = 1;
			remoteGlobalIDString = 66FFEEBB1D14CD17008F2119;
			remoteInfo = whoami;
		};
		66FFEF841D14D0A8008F2119 /* PBXContainerItemProxy */ = {
			isa = PBXContainerItemProxy;
			containerPortal = 66FFEF441D14CFB6008F2119 /* lib.xcodeproj */;
			proxyType = 2;
			remoteGlobalIDString = 66FFEF4B1D14CFDA008F2119;
			remoteInfo = CommandLine;
		};
		66FFEF861D14D0A8008F2119 /* PBXContainerItemProxy */ = {
			isa = PBXContainerItemProxy;
			containerPortal = 66FFEF441D14CFB6008F2119 /* lib.xcodeproj */;
			proxyType = 2;
			remoteGlobalIDString = 66FFEF601D14D082008F2119;
			remoteInfo = Rainbow;
		};
		66FFEF8F1D14D0BB008F2119 /* PBXContainerItemProxy */ = {
			isa = PBXContainerItemProxy;
			containerPortal = 6AB5350C1CDE8A5C0086552A /* Project object */;
			proxyType = 1;
			remoteGlobalIDString = 66FFEF061D14CF66008F2119;
			remoteInfo = src;
		};
		66FFEF911D14D0BB008F2119 /* PBXContainerItemProxy */ = {
			isa = PBXContainerItemProxy;
			containerPortal = 6AB5350C1CDE8A5C0086552A /* Project object */;
			proxyType = 1;
			remoteGlobalIDString = 66FFEF811D14D0A8008F2119;
			remoteInfo = lib;
		};
		66FFEF931D14D0C3008F2119 /* PBXContainerItemProxy */ = {
			isa = PBXContainerItemProxy;
			containerPortal = 66FFEF441D14CFB6008F2119 /* lib.xcodeproj */;
			proxyType = 1;
			remoteGlobalIDString = 66FFEF4A1D14CFDA008F2119;
			remoteInfo = CommandLine;
		};
		66FFEF951D14D0C3008F2119 /* PBXContainerItemProxy */ = {
			isa = PBXContainerItemProxy;
			containerPortal = 66FFEF441D14CFB6008F2119 /* lib.xcodeproj */;
			proxyType = 1;
			remoteGlobalIDString = 66FFEF5F1D14D082008F2119;
			remoteInfo = Rainbow;
		};
/* End PBXContainerItemProxy section */

/* Begin PBXFileReference section */
		66FFEE321D14CAC3008F2119 /* src.xcodeproj */ = {isa = PBXFileReference; lastKnownFileType = "wrapper.pb-project"; name = src.xcodeproj; path = src/src.xcodeproj; sourceTree = "<group>"; };
		66FFEF441D14CFB6008F2119 /* lib.xcodeproj */ = {isa = PBXFileReference; lastKnownFileType = "wrapper.pb-project"; name = lib.xcodeproj; path = lib/lib.xcodeproj; sourceTree = "<group>"; };
		6A295E5C1CE2AD420021075F /* README.md */ = {isa = PBXFileReference; lastKnownFileType = net.daringfireball.markdown; path = README.md; sourceTree = "<group>"; };
		6A295E5D1CE2AFA60021075F /* CONTRIBUTING.md */ = {isa = PBXFileReference; lastKnownFileType = net.daringfireball.markdown; path = CONTRIBUTING.md; sourceTree = "<group>"; };
/* End PBXFileReference section */

/* Begin PBXGroup section */
		66FFEE331D14CAC3008F2119 /* Products */ = {
			isa = PBXGroup;
			children = (
				66FFEE5D1D14CC45008F2119 /* echo */,
				66FFEE5F1D14CC45008F2119 /* env */,
				66FFEF111D14CF66008F2119 /* false */,
				66FFEE431D14CB47008F2119 /* ls */,
				66FFEF131D14CF66008F2119 /* mkdir */,
				66FFEF151D14CF66008F2119 /* pwd */,
				66FFEF171D14CF66008F2119 /* sleep */,
				66FFEF191D14CF66008F2119 /* true */,
				66FFEF1B1D14CF66008F2119 /* uname */,
				66FFEF1D1D14CF66008F2119 /* yes */,
				66FFEF1F1D14CF66008F2119 /* wc */,
				66FFEF211D14CF66008F2119 /* whoami */,
			);
			name = Products;
			sourceTree = "<group>";
		};
		66FFEF451D14CFB6008F2119 /* Products */ = {
			isa = PBXGroup;
			children = (
				66FFEF851D14D0A8008F2119 /* libCommandLine.dylib */,
				66FFEF871D14D0A8008F2119 /* libRainbow.dylib */,
			);
			name = Products;
			sourceTree = "<group>";
		};
		6AB5350B1CDE8A5C0086552A = {
			isa = PBXGroup;
			children = (
				66FFEF441D14CFB6008F2119 /* lib.xcodeproj */,
				66FFEE321D14CAC3008F2119 /* src.xcodeproj */,
				6A295E5D1CE2AFA60021075F /* CONTRIBUTING.md */,
				6A295E5C1CE2AD420021075F /* README.md */,
			);
			sourceTree = "<group>";
		};
/* End PBXGroup section */

/* Begin PBXProject section */
		6AB5350C1CDE8A5C0086552A /* Project object */ = {
			isa = PBXProject;
			attributes = {
				LastSwiftUpdateCheck = 0800;
				LastUpgradeCheck = 0800;
				ORGANIZATIONNAME = "Andrew Hyatt";
				TargetAttributes = {
					66FFEF061D14CF66008F2119 = {
						CreatedOnToolsVersion = 8.0;
						DevelopmentTeam = TGZ526AV87;
						DevelopmentTeamName = "Andrew Hyatt (Personal Team)";
						ProvisioningStyle = Automatic;
					};
					66FFEF811D14D0A8008F2119 = {
						CreatedOnToolsVersion = 8.0;
						DevelopmentTeam = TGZ526AV87;
						DevelopmentTeamName = "Andrew Hyatt (Personal Team)";
						ProvisioningStyle = Automatic;
					};
					66FFEF8B1D14D0AF008F2119 = {
						CreatedOnToolsVersion = 8.0;
						DevelopmentTeam = TGZ526AV87;
						DevelopmentTeamName = "Andrew Hyatt (Personal Team)";
						ProvisioningStyle = Automatic;
					};
				};
			};
			buildConfigurationList = 6AB5350F1CDE8A5C0086552A /* Build configuration list for PBXProject "coreutils-swift" */;
			compatibilityVersion = "Xcode 6.3";
			developmentRegion = English;
			hasScannedForEncodings = 0;
			knownRegions = (
				en,
			);
			mainGroup = 6AB5350B1CDE8A5C0086552A;
			productRefGroup = 6AB5350B1CDE8A5C0086552A;
			projectDirPath = "";
			projectReferences = (
				{
					ProductGroup = 66FFEF451D14CFB6008F2119 /* Products */;
					ProjectRef = 66FFEF441D14CFB6008F2119 /* lib.xcodeproj */;
				},
				{
					ProductGroup = 66FFEE331D14CAC3008F2119 /* Products */;
					ProjectRef = 66FFEE321D14CAC3008F2119 /* src.xcodeproj */;
				},
			);
			projectRoot = "";
			targets = (
				66FFEF8B1D14D0AF008F2119 /* all */,
				66FFEF061D14CF66008F2119 /* src */,
				66FFEF811D14D0A8008F2119 /* lib */,
			);
		};
/* End PBXProject section */

/* Begin PBXReferenceProxy section */
		66FFEE431D14CB47008F2119 /* ls */ = {
			isa = PBXReferenceProxy;
			fileType = "compiled.mach-o.executable";
			path = ls;
			remoteRef = 66FFEE421D14CB47008F2119 /* PBXContainerItemProxy */;
			sourceTree = BUILT_PRODUCTS_DIR;
		};
		66FFEE5D1D14CC45008F2119 /* echo */ = {
			isa = PBXReferenceProxy;
			fileType = "compiled.mach-o.executable";
			path = echo;
			remoteRef = 66FFEE5C1D14CC45008F2119 /* PBXContainerItemProxy */;
			sourceTree = BUILT_PRODUCTS_DIR;
		};
		66FFEE5F1D14CC45008F2119 /* env */ = {
			isa = PBXReferenceProxy;
			fileType = "compiled.mach-o.executable";
			path = env;
			remoteRef = 66FFEE5E1D14CC45008F2119 /* PBXContainerItemProxy */;
			sourceTree = BUILT_PRODUCTS_DIR;
		};
		66FFEF111D14CF66008F2119 /* false */ = {
			isa = PBXReferenceProxy;
			fileType = "compiled.mach-o.executable";
			path = false;
			remoteRef = 66FFEF101D14CF66008F2119 /* PBXContainerItemProxy */;
			sourceTree = BUILT_PRODUCTS_DIR;
		};
		66FFEF131D14CF66008F2119 /* mkdir */ = {
			isa = PBXReferenceProxy;
			fileType = "compiled.mach-o.executable";
			path = mkdir;
			remoteRef = 66FFEF121D14CF66008F2119 /* PBXContainerItemProxy */;
			sourceTree = BUILT_PRODUCTS_DIR;
		};
		66FFEF151D14CF66008F2119 /* pwd */ = {
			isa = PBXReferenceProxy;
			fileType = "compiled.mach-o.executable";
			path = pwd;
			remoteRef = 66FFEF141D14CF66008F2119 /* PBXContainerItemProxy */;
			sourceTree = BUILT_PRODUCTS_DIR;
		};
		66FFEF171D14CF66008F2119 /* sleep */ = {
			isa = PBXReferenceProxy;
			fileType = "compiled.mach-o.executable";
			path = sleep;
			remoteRef = 66FFEF161D14CF66008F2119 /* PBXContainerItemProxy */;
			sourceTree = BUILT_PRODUCTS_DIR;
		};
		66FFEF191D14CF66008F2119 /* true */ = {
			isa = PBXReferenceProxy;
			fileType = "compiled.mach-o.executable";
			path = true;
			remoteRef = 66FFEF181D14CF66008F2119 /* PBXContainerItemProxy */;
			sourceTree = BUILT_PRODUCTS_DIR;
		};
		66FFEF1B1D14CF66008F2119 /* uname */ = {
			isa = PBXReferenceProxy;
			fileType = "compiled.mach-o.executable";
			path = uname;
			remoteRef = 66FFEF1A1D14CF66008F2119 /* PBXContainerItemProxy */;
			sourceTree = BUILT_PRODUCTS_DIR;
		};
		66FFEF1D1D14CF66008F2119 /* yes */ = {
			isa = PBXReferenceProxy;
			fileType = "compiled.mach-o.executable";
			path = yes;
			remoteRef = 66FFEF1C1D14CF66008F2119 /* PBXContainerItemProxy */;
			sourceTree = BUILT_PRODUCTS_DIR;
		};
		66FFEF1F1D14CF66008F2119 /* wc */ = {
			isa = PBXReferenceProxy;
			fileType = "compiled.mach-o.executable";
			path = wc;
			remoteRef = 66FFEF1E1D14CF66008F2119 /* PBXContainerItemProxy */;
			sourceTree = BUILT_PRODUCTS_DIR;
		};
		66FFEF211D14CF66008F2119 /* whoami */ = {
			isa = PBXReferenceProxy;
			fileType = "compiled.mach-o.executable";
			path = whoami;
			remoteRef = 66FFEF201D14CF66008F2119 /* PBXContainerItemProxy */;
			sourceTree = BUILT_PRODUCTS_DIR;
		};
		66FFEF851D14D0A8008F2119 /* libCommandLine.dylib */ = {
			isa = PBXReferenceProxy;
			fileType = "compiled.mach-o.dylib";
			path = libCommandLine.dylib;
			remoteRef = 66FFEF841D14D0A8008F2119 /* PBXContainerItemProxy */;
			sourceTree = BUILT_PRODUCTS_DIR;
		};
		66FFEF871D14D0A8008F2119 /* libRainbow.dylib */ = {
			isa = PBXReferenceProxy;
			fileType = "compiled.mach-o.dylib";
			path = libRainbow.dylib;
			remoteRef = 66FFEF861D14D0A8008F2119 /* PBXContainerItemProxy */;
			sourceTree = BUILT_PRODUCTS_DIR;
		};
/* End PBXReferenceProxy section */

/* Begin PBXTargetDependency section */
		66FFEF261D14CF72008F2119 /* PBXTargetDependency */ = {
			isa = PBXTargetDependency;
			name = echo;
			targetProxy = 66FFEF251D14CF72008F2119 /* PBXContainerItemProxy */;
		};
		66FFEF281D14CF72008F2119 /* PBXTargetDependency */ = {
			isa = PBXTargetDependency;
			name = env;
			targetProxy = 66FFEF271D14CF72008F2119 /* PBXContainerItemProxy */;
		};
		66FFEF2A1D14CF72008F2119 /* PBXTargetDependency */ = {
			isa = PBXTargetDependency;
			name = false;
			targetProxy = 66FFEF291D14CF72008F2119 /* PBXContainerItemProxy */;
		};
		66FFEF2C1D14CF72008F2119 /* PBXTargetDependency */ = {
			isa = PBXTargetDependency;
			name = ls;
			targetProxy = 66FFEF2B1D14CF72008F2119 /* PBXContainerItemProxy */;
		};
		66FFEF2E1D14CF72008F2119 /* PBXTargetDependency */ = {
			isa = PBXTargetDependency;
			name = mkdir;
			targetProxy = 66FFEF2D1D14CF72008F2119 /* PBXContainerItemProxy */;
		};
		66FFEF301D14CF72008F2119 /* PBXTargetDependency */ = {
			isa = PBXTargetDependency;
			name = pwd;
			targetProxy = 66FFEF2F1D14CF72008F2119 /* PBXContainerItemProxy */;
		};
		66FFEF321D14CF72008F2119 /* PBXTargetDependency */ = {
			isa = PBXTargetDependency;
			name = sleep;
			targetProxy = 66FFEF311D14CF72008F2119 /* PBXContainerItemProxy */;
		};
		66FFEF341D14CF72008F2119 /* PBXTargetDependency */ = {
			isa = PBXTargetDependency;
			name = true;
			targetProxy = 66FFEF331D14CF72008F2119 /* PBXContainerItemProxy */;
		};
		66FFEF361D14CF72008F2119 /* PBXTargetDependency */ = {
			isa = PBXTargetDependency;
			name = uname;
			targetProxy = 66FFEF351D14CF72008F2119 /* PBXContainerItemProxy */;
		};
		66FFEF381D14CF72008F2119 /* PBXTargetDependency */ = {
			isa = PBXTargetDependency;
			name = yes;
			targetProxy = 66FFEF371D14CF72008F2119 /* PBXContainerItemProxy */;
		};
		66FFEF3A1D14CF72008F2119 /* PBXTargetDependency */ = {
			isa = PBXTargetDependency;
			name = wc;
			targetProxy = 66FFEF391D14CF72008F2119 /* PBXContainerItemProxy */;
		};
		66FFEF3C1D14CF72008F2119 /* PBXTargetDependency */ = {
			isa = PBXTargetDependency;
			name = whoami;
			targetProxy = 66FFEF3B1D14CF72008F2119 /* PBXContainerItemProxy */;
		};
		66FFEF901D14D0BB008F2119 /* PBXTargetDependency */ = {
			isa = PBXTargetDependency;
			target = 66FFEF061D14CF66008F2119 /* src */;
			targetProxy = 66FFEF8F1D14D0BB008F2119 /* PBXContainerItemProxy */;
		};
		66FFEF921D14D0BB008F2119 /* PBXTargetDependency */ = {
			isa = PBXTargetDependency;
			target = 66FFEF811D14D0A8008F2119 /* lib */;
			targetProxy = 66FFEF911D14D0BB008F2119 /* PBXContainerItemProxy */;
		};
		66FFEF941D14D0C3008F2119 /* PBXTargetDependency */ = {
			isa = PBXTargetDependency;
			name = CommandLine;
			targetProxy = 66FFEF931D14D0C3008F2119 /* PBXContainerItemProxy */;
		};
		66FFEF961D14D0C3008F2119 /* PBXTargetDependency */ = {
			isa = PBXTargetDependency;
			name = Rainbow;
			targetProxy = 66FFEF951D14D0C3008F2119 /* PBXContainerItemProxy */;
		};
/* End PBXTargetDependency section */

/* Begin XCBuildConfiguration section */
		66FFEF231D14CF66008F2119 /* Debug */ = {
			isa = XCBuildConfiguration;
			buildSettings = {
				PRODUCT_NAME = "$(TARGET_NAME)";
			};
			name = Debug;
		};
		66FFEF241D14CF66008F2119 /* Release */ = {
			isa = XCBuildConfiguration;
			buildSettings = {
				PRODUCT_NAME = "$(TARGET_NAME)";
			};
			name = Release;
		};
		66FFEF891D14D0A8008F2119 /* Debug */ = {
			isa = XCBuildConfiguration;
			buildSettings = {
				PRODUCT_NAME = "$(TARGET_NAME)";
			};
			name = Debug;
		};
		66FFEF8A1D14D0A8008F2119 /* Release */ = {
			isa = XCBuildConfiguration;
			buildSettings = {
				PRODUCT_NAME = "$(TARGET_NAME)";
			};
			name = Release;
		};
		66FFEF8D1D14D0AF008F2119 /* Debug */ = {
			isa = XCBuildConfiguration;
			buildSettings = {
				PRODUCT_NAME = "$(TARGET_NAME)";
			};
			name = Debug;
		};
		66FFEF8E1D14D0AF008F2119 /* Release */ = {
			isa = XCBuildConfiguration;
			buildSettings = {
				PRODUCT_NAME = "$(TARGET_NAME)";
			};
			name = Release;
		};
		6AB535111CDE8A5C0086552A /* Debug */ = {
			isa = XCBuildConfiguration;
			buildSettings = {
			};
			name = Debug;
		};
		6AB535121CDE8A5C0086552A /* Release */ = {
			isa = XCBuildConfiguration;
			buildSettings = {
			};
			name = Release;
		};
/* End XCBuildConfiguration section */

/* Begin XCConfigurationList section */
		66FFEF221D14CF66008F2119 /* Build configuration list for PBXAggregateTarget "src" */ = {
			isa = XCConfigurationList;
			buildConfigurations = (
				66FFEF231D14CF66008F2119 /* Debug */,
				66FFEF241D14CF66008F2119 /* Release */,
			);
			defaultConfigurationIsVisible = 0;
		};
		66FFEF881D14D0A8008F2119 /* Build configuration list for PBXAggregateTarget "lib" */ = {
			isa = XCConfigurationList;
			buildConfigurations = (
				66FFEF891D14D0A8008F2119 /* Debug */,
				66FFEF8A1D14D0A8008F2119 /* Release */,
			);
			defaultConfigurationIsVisible = 0;
		};
		66FFEF8C1D14D0AF008F2119 /* Build configuration list for PBXAggregateTarget "all" */ = {
			isa = XCConfigurationList;
			buildConfigurations = (
				66FFEF8D1D14D0AF008F2119 /* Debug */,
				66FFEF8E1D14D0AF008F2119 /* Release */,
			);
			defaultConfigurationIsVisible = 0;
		};
		6AB5350F1CDE8A5C0086552A /* Build configuration list for PBXProject "coreutils-swift" */ = {
			isa = XCConfigurationList;
			buildConfigurations = (
				6AB535111CDE8A5C0086552A /* Debug */,
				6AB535121CDE8A5C0086552A /* Release */,
			);
			defaultConfigurationIsVisible = 0;
			defaultConfigurationName = Release;
		};
/* End XCConfigurationList section */
	};
	rootObject = 6AB5350C1CDE8A5C0086552A /* Project object */;
}
