// !$*UTF8*$!
{
	archiveVersion = 1;
	classes = {
	};
	objectVersion = 47;
	objects = {

/* Begin PBXBuildFile section */
		66EA156A1D14EC0B00CAF239 /* CommandLine.framework in Frameworks */ = {isa = PBXBuildFile; fileRef = 66EA15691D14EC0B00CAF239 /* CommandLine.framework */; };
		66EA156C1D14EC0D00CAF239 /* Rainbow.framework in Frameworks */ = {isa = PBXBuildFile; fileRef = 66EA156B1D14EC0D00CAF239 /* Rainbow.framework */; };
		66EA156E1D14EC1000CAF239 /* CommandLine.framework in Frameworks */ = {isa = PBXBuildFile; fileRef = 66EA156D1D14EC1000CAF239 /* CommandLine.framework */; settings = {ATTRIBUTES = (Required, ); }; };
		66EA15701D14EC1200CAF239 /* Rainbow.framework in Frameworks */ = {isa = PBXBuildFile; fileRef = 66EA156F1D14EC1200CAF239 /* Rainbow.framework */; };
		66EA15721D14EC3500CAF239 /* CommandLine.framework in Frameworks */ = {isa = PBXBuildFile; fileRef = 66EA15711D14EC3500CAF239 /* CommandLine.framework */; };
		66EA15741D14EC3700CAF239 /* Rainbow.framework in Frameworks */ = {isa = PBXBuildFile; fileRef = 66EA15731D14EC3700CAF239 /* Rainbow.framework */; };
		66EA15751D14EC3C00CAF239 /* CommandLine.framework in Frameworks */ = {isa = PBXBuildFile; fileRef = 66EA15711D14EC3500CAF239 /* CommandLine.framework */; };
		66EA15761D14EC3D00CAF239 /* Rainbow.framework in Frameworks */ = {isa = PBXBuildFile; fileRef = 66EA15731D14EC3700CAF239 /* Rainbow.framework */; };
		66EA15771D14EC4300CAF239 /* CommandLine.framework in Frameworks */ = {isa = PBXBuildFile; fileRef = 66EA15711D14EC3500CAF239 /* CommandLine.framework */; };
		66EA15781D14EC4500CAF239 /* Rainbow.framework in Frameworks */ = {isa = PBXBuildFile; fileRef = 66EA15731D14EC3700CAF239 /* Rainbow.framework */; };
		66EA15791D14EC4900CAF239 /* CommandLine.framework in Frameworks */ = {isa = PBXBuildFile; fileRef = 66EA15711D14EC3500CAF239 /* CommandLine.framework */; };
		66EA157A1D14EC4B00CAF239 /* Rainbow.framework in Frameworks */ = {isa = PBXBuildFile; fileRef = 66EA15731D14EC3700CAF239 /* Rainbow.framework */; };
		66EA157B1D14EC5100CAF239 /* CommandLine.framework in Frameworks */ = {isa = PBXBuildFile; fileRef = 66EA15711D14EC3500CAF239 /* CommandLine.framework */; };
		66EA157C1D14EC5300CAF239 /* Rainbow.framework in Frameworks */ = {isa = PBXBuildFile; fileRef = 66EA15731D14EC3700CAF239 /* Rainbow.framework */; };
		66EA157D1D14EC5600CAF239 /* CommandLine.framework in Frameworks */ = {isa = PBXBuildFile; fileRef = 66EA15711D14EC3500CAF239 /* CommandLine.framework */; };
		66EA157E1D14EC5800CAF239 /* Rainbow.framework in Frameworks */ = {isa = PBXBuildFile; fileRef = 66EA15731D14EC3700CAF239 /* Rainbow.framework */; };
		66EA157F1D14EC5B00CAF239 /* CommandLine.framework in Frameworks */ = {isa = PBXBuildFile; fileRef = 66EA15711D14EC3500CAF239 /* CommandLine.framework */; };
		66EA15801D14EC5D00CAF239 /* Rainbow.framework in Frameworks */ = {isa = PBXBuildFile; fileRef = 66EA15731D14EC3700CAF239 /* Rainbow.framework */; };
		66EA15811D14EC6500CAF239 /* CommandLine.framework in Frameworks */ = {isa = PBXBuildFile; fileRef = 66EA15711D14EC3500CAF239 /* CommandLine.framework */; };
		66EA15821D14EC6700CAF239 /* Rainbow.framework in Frameworks */ = {isa = PBXBuildFile; fileRef = 66EA15731D14EC3700CAF239 /* Rainbow.framework */; };
		66EA15831D14EC6B00CAF239 /* CommandLine.framework in Frameworks */ = {isa = PBXBuildFile; fileRef = 66EA15711D14EC3500CAF239 /* CommandLine.framework */; };
		66EA15841D14EC6C00CAF239 /* Rainbow.framework in Frameworks */ = {isa = PBXBuildFile; fileRef = 66EA15731D14EC3700CAF239 /* Rainbow.framework */; };
		66EA15851D14EC7100CAF239 /* CommandLine.framework in Frameworks */ = {isa = PBXBuildFile; fileRef = 66EA15711D14EC3500CAF239 /* CommandLine.framework */; };
		66EA15861D14EC7200CAF239 /* Rainbow.framework in Frameworks */ = {isa = PBXBuildFile; fileRef = 66EA15731D14EC3700CAF239 /* Rainbow.framework */; };
		66FFEEF81D14CF0C008F2119 /* Formatter.swift in Sources */ = {isa = PBXBuildFile; fileRef = 66FFEEE41D14CF07008F2119 /* Formatter.swift */; };
		66FFEEF91D14CF18008F2119 /* main.swift in Sources */ = {isa = PBXBuildFile; fileRef = 66FFEEDF1D14CF07008F2119 /* main.swift */; };
		66FFEEFA1D14CF1B008F2119 /* main.swift in Sources */ = {isa = PBXBuildFile; fileRef = 66FFEEE11D14CF07008F2119 /* main.swift */; };
		66FFEEFB1D14CF1F008F2119 /* main.swift in Sources */ = {isa = PBXBuildFile; fileRef = 66FFEEE31D14CF07008F2119 /* main.swift */; };
		66FFEEFC1D14CF26008F2119 /* main.swift in Sources */ = {isa = PBXBuildFile; fileRef = 66FFEEE61D14CF07008F2119 /* main.swift */; };
		66FFEEFD1D14CF2A008F2119 /* main.swift in Sources */ = {isa = PBXBuildFile; fileRef = 66FFEEE81D14CF07008F2119 /* main.swift */; };
		66FFEEFE1D14CF2D008F2119 /* main.swift in Sources */ = {isa = PBXBuildFile; fileRef = 66FFEEEA1D14CF07008F2119 /* main.swift */; };
		66FFEEFF1D14CF30008F2119 /* main.swift in Sources */ = {isa = PBXBuildFile; fileRef = 66FFEEEC1D14CF07008F2119 /* main.swift */; };
		66FFEF001D14CF33008F2119 /* main.swift in Sources */ = {isa = PBXBuildFile; fileRef = 66FFEEEE1D14CF07008F2119 /* main.swift */; };
		66FFEF021D14CF3A008F2119 /* main.swift in Sources */ = {isa = PBXBuildFile; fileRef = 66FFEEF21D14CF07008F2119 /* main.swift */; };
		66FFEF031D14CF3D008F2119 /* WCOptions.swift in Sources */ = {isa = PBXBuildFile; fileRef = 66FFEEF31D14CF07008F2119 /* WCOptions.swift */; };
		66FFEF041D14CF41008F2119 /* main.swift in Sources */ = {isa = PBXBuildFile; fileRef = 66FFEEF51D14CF07008F2119 /* main.swift */; };
		66FFEF051D14CF44008F2119 /* main.swift in Sources */ = {isa = PBXBuildFile; fileRef = 66FFEEF71D14CF07008F2119 /* main.swift */; };
		66FFEFB21D14DC51008F2119 /* main.swift in Sources */ = {isa = PBXBuildFile; fileRef = 66FFEEF01D14CF07008F2119 /* main.swift */; };
/* End PBXBuildFile section */

/* Begin PBXCopyFilesBuildPhase section */
		66FFEE371D14CAFE008F2119 /* CopyFiles */ = {
			isa = PBXCopyFilesBuildPhase;
			buildActionMask = 2147483647;
			dstPath = /usr/share/man/man1/;
			dstSubfolderSpec = 0;
			files = (
			);
			runOnlyForDeploymentPostprocessing = 1;
		};
		66FFEE461D14CC33008F2119 /* CopyFiles */ = {
			isa = PBXCopyFilesBuildPhase;
			buildActionMask = 2147483647;
			dstPath = /usr/share/man/man1/;
			dstSubfolderSpec = 0;
			files = (
			);
			runOnlyForDeploymentPostprocessing = 1;
		};
		66FFEE511D14CC3E008F2119 /* CopyFiles */ = {
			isa = PBXCopyFilesBuildPhase;
			buildActionMask = 2147483647;
			dstPath = /usr/share/man/man1/;
			dstSubfolderSpec = 0;
			files = (
			);
			runOnlyForDeploymentPostprocessing = 1;
		};
		66FFEE6D1D14CCD0008F2119 /* CopyFiles */ = {
			isa = PBXCopyFilesBuildPhase;
			buildActionMask = 2147483647;
			dstPath = /usr/share/man/man1/;
			dstSubfolderSpec = 0;
			files = (
			);
			runOnlyForDeploymentPostprocessing = 1;
		};
		66FFEE781D14CCDF008F2119 /* CopyFiles */ = {
			isa = PBXCopyFilesBuildPhase;
			buildActionMask = 2147483647;
			dstPath = /usr/share/man/man1/;
			dstSubfolderSpec = 0;
			files = (
			);
			runOnlyForDeploymentPostprocessing = 1;
		};
		66FFEE831D14CCF1008F2119 /* CopyFiles */ = {
			isa = PBXCopyFilesBuildPhase;
			buildActionMask = 2147483647;
			dstPath = /usr/share/man/man1/;
			dstSubfolderSpec = 0;
			files = (
			);
			runOnlyForDeploymentPostprocessing = 1;
		};
		66FFEE8E1D14CCF8008F2119 /* CopyFiles */ = {
			isa = PBXCopyFilesBuildPhase;
			buildActionMask = 2147483647;
			dstPath = /usr/share/man/man1/;
			dstSubfolderSpec = 0;
			files = (
			);
			runOnlyForDeploymentPostprocessing = 1;
		};
		66FFEE991D14CCFE008F2119 /* CopyFiles */ = {
			isa = PBXCopyFilesBuildPhase;
			buildActionMask = 2147483647;
			dstPath = /usr/share/man/man1/;
			dstSubfolderSpec = 0;
			files = (
			);
			runOnlyForDeploymentPostprocessing = 1;
		};
		66FFEEA41D14CD09008F2119 /* CopyFiles */ = {
			isa = PBXCopyFilesBuildPhase;
			buildActionMask = 2147483647;
			dstPath = /usr/share/man/man1/;
			dstSubfolderSpec = 0;
			files = (
			);
			runOnlyForDeploymentPostprocessing = 1;
		};
		66FFEEAF1D14CD0E008F2119 /* CopyFiles */ = {
			isa = PBXCopyFilesBuildPhase;
			buildActionMask = 2147483647;
			dstPath = /usr/share/man/man1/;
			dstSubfolderSpec = 0;
			files = (
			);
			runOnlyForDeploymentPostprocessing = 1;
		};
		66FFEEBA1D14CD17008F2119 /* CopyFiles */ = {
			isa = PBXCopyFilesBuildPhase;
			buildActionMask = 2147483647;
			dstPath = /usr/share/man/man1/;
			dstSubfolderSpec = 0;
			files = (
			);
			runOnlyForDeploymentPostprocessing = 1;
		};
		66FFEEC51D14CD1D008F2119 /* CopyFiles */ = {
			isa = PBXCopyFilesBuildPhase;
			buildActionMask = 2147483647;
			dstPath = /usr/share/man/man1/;
			dstSubfolderSpec = 0;
			files = (
			);
			runOnlyForDeploymentPostprocessing = 1;
		};
/* End PBXCopyFilesBuildPhase section */

/* Begin PBXFileReference section */
		66EA15691D14EC0B00CAF239 /* CommandLine.framework */ = {isa = PBXFileReference; lastKnownFileType = wrapper.framework; name = CommandLine.framework; path = ../lib/build/Debug/CommandLine.framework; sourceTree = "<group>"; };
		66EA156B1D14EC0D00CAF239 /* Rainbow.framework */ = {isa = PBXFileReference; lastKnownFileType = wrapper.framework; name = Rainbow.framework; path = ../lib/build/Debug/Rainbow.framework; sourceTree = "<group>"; };
		66EA156D1D14EC1000CAF239 /* CommandLine.framework */ = {isa = PBXFileReference; lastKnownFileType = wrapper.framework; name = CommandLine.framework; path = ../lib/build/Debug/CommandLine.framework; sourceTree = "<group>"; };
		66EA156F1D14EC1200CAF239 /* Rainbow.framework */ = {isa = PBXFileReference; lastKnownFileType = wrapper.framework; name = Rainbow.framework; path = ../lib/build/Debug/Rainbow.framework; sourceTree = "<group>"; };
		66EA15711D14EC3500CAF239 /* CommandLine.framework */ = {isa = PBXFileReference; lastKnownFileType = wrapper.framework; name = CommandLine.framework; path = "../../../Library/Developer/Xcode/DerivedData/coreutils-swift-fqkkbsxfufptwqcgfeevxcodvjah/Build/Products/Debug/CommandLine.framework"; sourceTree = "<group>"; };
		66EA15731D14EC3700CAF239 /* Rainbow.framework */ = {isa = PBXFileReference; lastKnownFileType = wrapper.framework; name = Rainbow.framework; path = "../../../Library/Developer/Xcode/DerivedData/coreutils-swift-fqkkbsxfufptwqcgfeevxcodvjah/Build/Products/Debug/Rainbow.framework"; sourceTree = "<group>"; };
		66FFEE391D14CAFE008F2119 /* ls */ = {isa = PBXFileReference; explicitFileType = "compiled.mach-o.executable"; includeInIndex = 0; path = ls; sourceTree = BUILT_PRODUCTS_DIR; };
		66FFEE481D14CC33008F2119 /* echo */ = {isa = PBXFileReference; explicitFileType = "compiled.mach-o.executable"; includeInIndex = 0; path = echo; sourceTree = BUILT_PRODUCTS_DIR; };
		66FFEE531D14CC3E008F2119 /* env */ = {isa = PBXFileReference; explicitFileType = "compiled.mach-o.executable"; includeInIndex = 0; path = env; sourceTree = BUILT_PRODUCTS_DIR; };
		66FFEE6F1D14CCD0008F2119 /* false */ = {isa = PBXFileReference; explicitFileType = "compiled.mach-o.executable"; includeInIndex = 0; path = false; sourceTree = BUILT_PRODUCTS_DIR; };
		66FFEE7A1D14CCDF008F2119 /* true */ = {isa = PBXFileReference; explicitFileType = "compiled.mach-o.executable"; includeInIndex = 0; path = true; sourceTree = BUILT_PRODUCTS_DIR; };
		66FFEE851D14CCF1008F2119 /* mkdir */ = {isa = PBXFileReference; explicitFileType = "compiled.mach-o.executable"; includeInIndex = 0; path = mkdir; sourceTree = BUILT_PRODUCTS_DIR; };
		66FFEE901D14CCF8008F2119 /* pwd */ = {isa = PBXFileReference; explicitFileType = "compiled.mach-o.executable"; includeInIndex = 0; path = pwd; sourceTree = BUILT_PRODUCTS_DIR; };
		66FFEE9B1D14CCFE008F2119 /* sleep */ = {isa = PBXFileReference; explicitFileType = "compiled.mach-o.executable"; includeInIndex = 0; path = sleep; sourceTree = BUILT_PRODUCTS_DIR; };
		66FFEEA61D14CD09008F2119 /* uname */ = {isa = PBXFileReference; explicitFileType = "compiled.mach-o.executable"; includeInIndex = 0; path = uname; sourceTree = BUILT_PRODUCTS_DIR; };
		66FFEEB11D14CD0E008F2119 /* wc */ = {isa = PBXFileReference; explicitFileType = "compiled.mach-o.executable"; includeInIndex = 0; path = wc; sourceTree = BUILT_PRODUCTS_DIR; };
		66FFEEBC1D14CD17008F2119 /* whoami */ = {isa = PBXFileReference; explicitFileType = "compiled.mach-o.executable"; includeInIndex = 0; path = whoami; sourceTree = BUILT_PRODUCTS_DIR; };
		66FFEEC71D14CD1D008F2119 /* yes */ = {isa = PBXFileReference; explicitFileType = "compiled.mach-o.executable"; includeInIndex = 0; path = yes; sourceTree = BUILT_PRODUCTS_DIR; };
		66FFEEDF1D14CF07008F2119 /* main.swift */ = {isa = PBXFileReference; lastKnownFileType = sourcecode.swift; path = main.swift; sourceTree = "<group>"; };
		66FFEEE11D14CF07008F2119 /* main.swift */ = {isa = PBXFileReference; lastKnownFileType = sourcecode.swift; path = main.swift; sourceTree = "<group>"; };
		66FFEEE31D14CF07008F2119 /* main.swift */ = {isa = PBXFileReference; lastKnownFileType = sourcecode.swift; path = main.swift; sourceTree = "<group>"; };
		66FFEEE41D14CF07008F2119 /* Formatter.swift */ = {isa = PBXFileReference; lastKnownFileType = sourcecode.swift; path = Formatter.swift; sourceTree = "<group>"; };
		66FFEEE61D14CF07008F2119 /* main.swift */ = {isa = PBXFileReference; lastKnownFileType = sourcecode.swift; path = main.swift; sourceTree = "<group>"; };
		66FFEEE81D14CF07008F2119 /* main.swift */ = {isa = PBXFileReference; lastKnownFileType = sourcecode.swift; path = main.swift; sourceTree = "<group>"; };
		66FFEEEA1D14CF07008F2119 /* main.swift */ = {isa = PBXFileReference; lastKnownFileType = sourcecode.swift; path = main.swift; sourceTree = "<group>"; };
		66FFEEEC1D14CF07008F2119 /* main.swift */ = {isa = PBXFileReference; lastKnownFileType = sourcecode.swift; path = main.swift; sourceTree = "<group>"; };
		66FFEEEE1D14CF07008F2119 /* main.swift */ = {isa = PBXFileReference; lastKnownFileType = sourcecode.swift; path = main.swift; sourceTree = "<group>"; };
		66FFEEF01D14CF07008F2119 /* main.swift */ = {isa = PBXFileReference; lastKnownFileType = sourcecode.swift; path = main.swift; sourceTree = "<group>"; };
		66FFEEF21D14CF07008F2119 /* main.swift */ = {isa = PBXFileReference; lastKnownFileType = sourcecode.swift; path = main.swift; sourceTree = "<group>"; };
		66FFEEF31D14CF07008F2119 /* WCOptions.swift */ = {isa = PBXFileReference; lastKnownFileType = sourcecode.swift; path = WCOptions.swift; sourceTree = "<group>"; };
		66FFEEF51D14CF07008F2119 /* main.swift */ = {isa = PBXFileReference; lastKnownFileType = sourcecode.swift; path = main.swift; sourceTree = "<group>"; };
		66FFEEF71D14CF07008F2119 /* main.swift */ = {isa = PBXFileReference; lastKnownFileType = sourcecode.swift; path = main.swift; sourceTree = "<group>"; };
		66FFEF981D14D277008F2119 /* libCommandLine.dylib */ = {isa = PBXFileReference; lastKnownFileType = "compiled.mach-o.dylib"; name = libCommandLine.dylib; path = "../../../Library/Developer/Xcode/DerivedData/coreutils-swift-fqkkbsxfufptwqcgfeevxcodvjah/Build/Products/Debug/libCommandLine.dylib"; sourceTree = "<group>"; };
		66FFEF991D14D277008F2119 /* libRainbow.dylib */ = {isa = PBXFileReference; lastKnownFileType = "compiled.mach-o.dylib"; name = libRainbow.dylib; path = "../../../Library/Developer/Xcode/DerivedData/coreutils-swift-fqkkbsxfufptwqcgfeevxcodvjah/Build/Products/Debug/libRainbow.dylib"; sourceTree = "<group>"; };
/* End PBXFileReference section */

/* Begin PBXFrameworksBuildPhase section */
		66FFEE361D14CAFE008F2119 /* Frameworks */ = {
			isa = PBXFrameworksBuildPhase;
			buildActionMask = 2147483647;
			files = (
				66EA15751D14EC3C00CAF239 /* CommandLine.framework in Frameworks */,
				66EA15761D14EC3D00CAF239 /* Rainbow.framework in Frameworks */,
			);
			runOnlyForDeploymentPostprocessing = 0;
		};
		66FFEE451D14CC33008F2119 /* Frameworks */ = {
			isa = PBXFrameworksBuildPhase;
			buildActionMask = 2147483647;
			files = (
				66EA156E1D14EC1000CAF239 /* CommandLine.framework in Frameworks */,
				66EA15701D14EC1200CAF239 /* Rainbow.framework in Frameworks */,
			);
			runOnlyForDeploymentPostprocessing = 0;
		};
		66FFEE501D14CC3E008F2119 /* Frameworks */ = {
			isa = PBXFrameworksBuildPhase;
			buildActionMask = 2147483647;
			files = (
				66EA156A1D14EC0B00CAF239 /* CommandLine.framework in Frameworks */,
				66EA156C1D14EC0D00CAF239 /* Rainbow.framework in Frameworks */,
			);
			runOnlyForDeploymentPostprocessing = 0;
		};
		66FFEE6C1D14CCD0008F2119 /* Frameworks */ = {
			isa = PBXFrameworksBuildPhase;
			buildActionMask = 2147483647;
			files = (
				66EA15721D14EC3500CAF239 /* CommandLine.framework in Frameworks */,
				66EA15741D14EC3700CAF239 /* Rainbow.framework in Frameworks */,
			);
			runOnlyForDeploymentPostprocessing = 0;
		};
		66FFEE771D14CCDF008F2119 /* Frameworks */ = {
			isa = PBXFrameworksBuildPhase;
			buildActionMask = 2147483647;
			files = (
				66EA157D1D14EC5600CAF239 /* CommandLine.framework in Frameworks */,
				66EA157E1D14EC5800CAF239 /* Rainbow.framework in Frameworks */,
			);
			runOnlyForDeploymentPostprocessing = 0;
		};
		66FFEE821D14CCF1008F2119 /* Frameworks */ = {
			isa = PBXFrameworksBuildPhase;
			buildActionMask = 2147483647;
			files = (
				66EA15771D14EC4300CAF239 /* CommandLine.framework in Frameworks */,
				66EA15781D14EC4500CAF239 /* Rainbow.framework in Frameworks */,
			);
			runOnlyForDeploymentPostprocessing = 0;
		};
		66FFEE8D1D14CCF8008F2119 /* Frameworks */ = {
			isa = PBXFrameworksBuildPhase;
			buildActionMask = 2147483647;
			files = (
				66EA15791D14EC4900CAF239 /* CommandLine.framework in Frameworks */,
				66EA157A1D14EC4B00CAF239 /* Rainbow.framework in Frameworks */,
			);
			runOnlyForDeploymentPostprocessing = 0;
		};
		66FFEE981D14CCFE008F2119 /* Frameworks */ = {
			isa = PBXFrameworksBuildPhase;
			buildActionMask = 2147483647;
			files = (
				66EA157B1D14EC5100CAF239 /* CommandLine.framework in Frameworks */,
				66EA157C1D14EC5300CAF239 /* Rainbow.framework in Frameworks */,
			);
			runOnlyForDeploymentPostprocessing = 0;
		};
		66FFEEA31D14CD09008F2119 /* Frameworks */ = {
			isa = PBXFrameworksBuildPhase;
			buildActionMask = 2147483647;
			files = (
				66EA157F1D14EC5B00CAF239 /* CommandLine.framework in Frameworks */,
				66EA15801D14EC5D00CAF239 /* Rainbow.framework in Frameworks */,
			);
			runOnlyForDeploymentPostprocessing = 0;
		};
		66FFEEAE1D14CD0E008F2119 /* Frameworks */ = {
			isa = PBXFrameworksBuildPhase;
			buildActionMask = 2147483647;
			files = (
				66EA15831D14EC6B00CAF239 /* CommandLine.framework in Frameworks */,
				66EA15841D14EC6C00CAF239 /* Rainbow.framework in Frameworks */,
			);
			runOnlyForDeploymentPostprocessing = 0;
		};
		66FFEEB91D14CD17008F2119 /* Frameworks */ = {
			isa = PBXFrameworksBuildPhase;
			buildActionMask = 2147483647;
			files = (
				66EA15851D14EC7100CAF239 /* CommandLine.framework in Frameworks */,
				66EA15861D14EC7200CAF239 /* Rainbow.framework in Frameworks */,
			);
			runOnlyForDeploymentPostprocessing = 0;
		};
		66FFEEC41D14CD1D008F2119 /* Frameworks */ = {
			isa = PBXFrameworksBuildPhase;
			buildActionMask = 2147483647;
			files = (
				66EA15811D14EC6500CAF239 /* CommandLine.framework in Frameworks */,
				66EA15821D14EC6700CAF239 /* Rainbow.framework in Frameworks */,
			);
			runOnlyForDeploymentPostprocessing = 0;
		};
/* End PBXFrameworksBuildPhase section */

/* Begin PBXGroup section */
		66FFEE2B1D14CAC3008F2119 = {
			isa = PBXGroup;
			children = (
				66FFEEDE1D14CF07008F2119 /* echo */,
				66FFEEE01D14CF07008F2119 /* env */,
				66FFEEE21D14CF07008F2119 /* false */,
				66FFEEE41D14CF07008F2119 /* Formatter.swift */,
				66FFEEE51D14CF07008F2119 /* ls */,
				66FFEEE71D14CF07008F2119 /* mkdir */,
				66FFEEE91D14CF07008F2119 /* pwd */,
				66FFEEEB1D14CF07008F2119 /* sleep */,
				66FFEEED1D14CF07008F2119 /* true */,
				66FFEEEF1D14CF07008F2119 /* uname */,
				66FFEEF61D14CF07008F2119 /* yes */,
				66FFEEF11D14CF07008F2119 /* wc */,
				66FFEEF41D14CF07008F2119 /* whoami */,
				66FFEE3A1D14CAFE008F2119 /* Products */,
				66FFEF971D14D277008F2119 /* Frameworks */,
			);
			sourceTree = "<group>";
		};
		66FFEE3A1D14CAFE008F2119 /* Products */ = {
			isa = PBXGroup;
			children = (
				66FFEE391D14CAFE008F2119 /* ls */,
				66FFEE481D14CC33008F2119 /* echo */,
				66FFEE531D14CC3E008F2119 /* env */,
				66FFEE6F1D14CCD0008F2119 /* false */,
				66FFEE7A1D14CCDF008F2119 /* true */,
				66FFEE851D14CCF1008F2119 /* mkdir */,
				66FFEE901D14CCF8008F2119 /* pwd */,
				66FFEE9B1D14CCFE008F2119 /* sleep */,
				66FFEEA61D14CD09008F2119 /* uname */,
				66FFEEB11D14CD0E008F2119 /* wc */,
				66FFEEBC1D14CD17008F2119 /* whoami */,
				66FFEEC71D14CD1D008F2119 /* yes */,
			);
			name = Products;
			sourceTree = "<group>";
		};
		66FFEEDE1D14CF07008F2119 /* echo */ = {
			isa = PBXGroup;
			children = (
				66FFEEDF1D14CF07008F2119 /* main.swift */,
			);
			path = echo;
			sourceTree = "<group>";
		};
		66FFEEE01D14CF07008F2119 /* env */ = {
			isa = PBXGroup;
			children = (
				66FFEEE11D14CF07008F2119 /* main.swift */,
			);
			path = env;
			sourceTree = "<group>";
		};
		66FFEEE21D14CF07008F2119 /* false */ = {
			isa = PBXGroup;
			children = (
				66FFEEE31D14CF07008F2119 /* main.swift */,
			);
			path = false;
			sourceTree = "<group>";
		};
		66FFEEE51D14CF07008F2119 /* ls */ = {
			isa = PBXGroup;
			children = (
				66FFEEE61D14CF07008F2119 /* main.swift */,
			);
			path = ls;
			sourceTree = "<group>";
		};
		66FFEEE71D14CF07008F2119 /* mkdir */ = {
			isa = PBXGroup;
			children = (
				66FFEEE81D14CF07008F2119 /* main.swift */,
			);
			path = mkdir;
			sourceTree = "<group>";
		};
		66FFEEE91D14CF07008F2119 /* pwd */ = {
			isa = PBXGroup;
			children = (
				66FFEEEA1D14CF07008F2119 /* main.swift */,
			);
			path = pwd;
			sourceTree = "<group>";
		};
		66FFEEEB1D14CF07008F2119 /* sleep */ = {
			isa = PBXGroup;
			children = (
				66FFEEEC1D14CF07008F2119 /* main.swift */,
			);
			path = sleep;
			sourceTree = "<group>";
		};
		66FFEEED1D14CF07008F2119 /* true */ = {
			isa = PBXGroup;
			children = (
				66FFEEEE1D14CF07008F2119 /* main.swift */,
			);
			path = true;
			sourceTree = "<group>";
		};
		66FFEEEF1D14CF07008F2119 /* uname */ = {
			isa = PBXGroup;
			children = (
				66FFEEF01D14CF07008F2119 /* main.swift */,
			);
			path = uname;
			sourceTree = "<group>";
		};
		66FFEEF11D14CF07008F2119 /* wc */ = {
			isa = PBXGroup;
			children = (
				66FFEEF21D14CF07008F2119 /* main.swift */,
				66FFEEF31D14CF07008F2119 /* WCOptions.swift */,
			);
			path = wc;
			sourceTree = "<group>";
		};
		66FFEEF41D14CF07008F2119 /* whoami */ = {
			isa = PBXGroup;
			children = (
				66FFEEF51D14CF07008F2119 /* main.swift */,
			);
			path = whoami;
			sourceTree = "<group>";
		};
		66FFEEF61D14CF07008F2119 /* yes */ = {
			isa = PBXGroup;
			children = (
				66FFEEF71D14CF07008F2119 /* main.swift */,
			);
			path = yes;
			sourceTree = "<group>";
		};
		66FFEF971D14D277008F2119 /* Frameworks */ = {
			isa = PBXGroup;
			children = (
				66EA15731D14EC3700CAF239 /* Rainbow.framework */,
				66EA15711D14EC3500CAF239 /* CommandLine.framework */,
				66EA156F1D14EC1200CAF239 /* Rainbow.framework */,
				66EA156D1D14EC1000CAF239 /* CommandLine.framework */,
				66EA156B1D14EC0D00CAF239 /* Rainbow.framework */,
				66EA15691D14EC0B00CAF239 /* CommandLine.framework */,
				66FFEF981D14D277008F2119 /* libCommandLine.dylib */,
				66FFEF991D14D277008F2119 /* libRainbow.dylib */,
			);
			name = Frameworks;
			sourceTree = "<group>";
		};
/* End PBXGroup section */

/* Begin PBXNativeTarget section */
		66FFEE381D14CAFE008F2119 /* ls */ = {
			isa = PBXNativeTarget;
			buildConfigurationList = 66FFEE3E1D14CAFE008F2119 /* Build configuration list for PBXNativeTarget "ls" */;
			buildPhases = (
				66FFEE351D14CAFE008F2119 /* Sources */,
				66FFEE361D14CAFE008F2119 /* Frameworks */,
				66FFEE371D14CAFE008F2119 /* CopyFiles */,
			);
			buildRules = (
			);
			dependencies = (
			);
			name = ls;
			productName = ls;
			productReference = 66FFEE391D14CAFE008F2119 /* ls */;
			productType = "com.apple.product-type.tool";
		};
		66FFEE471D14CC33008F2119 /* echo */ = {
			isa = PBXNativeTarget;
			buildConfigurationList = 66FFEE4C1D14CC33008F2119 /* Build configuration list for PBXNativeTarget "echo" */;
			buildPhases = (
				66FFEE441D14CC33008F2119 /* Sources */,
				66FFEE451D14CC33008F2119 /* Frameworks */,
				66FFEE461D14CC33008F2119 /* CopyFiles */,
			);
			buildRules = (
			);
			dependencies = (
			);
			name = echo;
			productName = echo;
			productReference = 66FFEE481D14CC33008F2119 /* echo */;
			productType = "com.apple.product-type.tool";
		};
		66FFEE521D14CC3E008F2119 /* env */ = {
			isa = PBXNativeTarget;
			buildConfigurationList = 66FFEE571D14CC3E008F2119 /* Build configuration list for PBXNativeTarget "env" */;
			buildPhases = (
				66FFEE4F1D14CC3E008F2119 /* Sources */,
				66FFEE501D14CC3E008F2119 /* Frameworks */,
				66FFEE511D14CC3E008F2119 /* CopyFiles */,
			);
			buildRules = (
			);
			dependencies = (
			);
			name = env;
			productName = env;
			productReference = 66FFEE531D14CC3E008F2119 /* env */;
			productType = "com.apple.product-type.tool";
		};
		66FFEE6E1D14CCD0008F2119 /* false */ = {
			isa = PBXNativeTarget;
			buildConfigurationList = 66FFEE731D14CCD0008F2119 /* Build configuration list for PBXNativeTarget "false" */;
			buildPhases = (
				66FFEE6B1D14CCD0008F2119 /* Sources */,
				66FFEE6C1D14CCD0008F2119 /* Frameworks */,
				66FFEE6D1D14CCD0008F2119 /* CopyFiles */,
			);
			buildRules = (
			);
			dependencies = (
			);
			name = false;
			productName = false;
			productReference = 66FFEE6F1D14CCD0008F2119 /* false */;
			productType = "com.apple.product-type.tool";
		};
		66FFEE791D14CCDF008F2119 /* true */ = {
			isa = PBXNativeTarget;
			buildConfigurationList = 66FFEE7E1D14CCDF008F2119 /* Build configuration list for PBXNativeTarget "true" */;
			buildPhases = (
				66FFEE761D14CCDF008F2119 /* Sources */,
				66FFEE771D14CCDF008F2119 /* Frameworks */,
				66FFEE781D14CCDF008F2119 /* CopyFiles */,
			);
			buildRules = (
			);
			dependencies = (
			);
			name = true;
			productName = true;
			productReference = 66FFEE7A1D14CCDF008F2119 /* true */;
			productType = "com.apple.product-type.tool";
		};
		66FFEE841D14CCF1008F2119 /* mkdir */ = {
			isa = PBXNativeTarget;
			buildConfigurationList = 66FFEE891D14CCF1008F2119 /* Build configuration list for PBXNativeTarget "mkdir" */;
			buildPhases = (
				66FFEE811D14CCF1008F2119 /* Sources */,
				66FFEE821D14CCF1008F2119 /* Frameworks */,
				66FFEE831D14CCF1008F2119 /* CopyFiles */,
			);
			buildRules = (
			);
			dependencies = (
			);
			name = mkdir;
			productName = mkdir;
			productReference = 66FFEE851D14CCF1008F2119 /* mkdir */;
			productType = "com.apple.product-type.tool";
		};
		66FFEE8F1D14CCF8008F2119 /* pwd */ = {
			isa = PBXNativeTarget;
			buildConfigurationList = 66FFEE941D14CCF9008F2119 /* Build configuration list for PBXNativeTarget "pwd" */;
			buildPhases = (
				66FFEE8C1D14CCF8008F2119 /* Sources */,
				66FFEE8D1D14CCF8008F2119 /* Frameworks */,
				66FFEE8E1D14CCF8008F2119 /* CopyFiles */,
			);
			buildRules = (
			);
			dependencies = (
			);
			name = pwd;
			productName = pwd;
			productReference = 66FFEE901D14CCF8008F2119 /* pwd */;
			productType = "com.apple.product-type.tool";
		};
		66FFEE9A1D14CCFE008F2119 /* sleep */ = {
			isa = PBXNativeTarget;
			buildConfigurationList = 66FFEE9F1D14CCFE008F2119 /* Build configuration list for PBXNativeTarget "sleep" */;
			buildPhases = (
				66FFEE971D14CCFE008F2119 /* Sources */,
				66FFEE981D14CCFE008F2119 /* Frameworks */,
				66FFEE991D14CCFE008F2119 /* CopyFiles */,
			);
			buildRules = (
			);
			dependencies = (
			);
			name = sleep;
			productName = sleep;
			productReference = 66FFEE9B1D14CCFE008F2119 /* sleep */;
			productType = "com.apple.product-type.tool";
		};
		66FFEEA51D14CD09008F2119 /* uname */ = {
			isa = PBXNativeTarget;
			buildConfigurationList = 66FFEEAA1D14CD09008F2119 /* Build configuration list for PBXNativeTarget "uname" */;
			buildPhases = (
				66FFEEA21D14CD09008F2119 /* Sources */,
				66FFEEA31D14CD09008F2119 /* Frameworks */,
				66FFEEA41D14CD09008F2119 /* CopyFiles */,
			);
			buildRules = (
			);
			dependencies = (
			);
			name = uname;
			productName = uname;
			productReference = 66FFEEA61D14CD09008F2119 /* uname */;
			productType = "com.apple.product-type.tool";
		};
		66FFEEB01D14CD0E008F2119 /* wc */ = {
			isa = PBXNativeTarget;
			buildConfigurationList = 66FFEEB51D14CD0E008F2119 /* Build configuration list for PBXNativeTarget "wc" */;
			buildPhases = (
				66FFEEAD1D14CD0E008F2119 /* Sources */,
				66FFEEAE1D14CD0E008F2119 /* Frameworks */,
				66FFEEAF1D14CD0E008F2119 /* CopyFiles */,
			);
			buildRules = (
			);
			dependencies = (
			);
			name = wc;
			productName = wc;
			productReference = 66FFEEB11D14CD0E008F2119 /* wc */;
			productType = "com.apple.product-type.tool";
		};
		66FFEEBB1D14CD17008F2119 /* whoami */ = {
			isa = PBXNativeTarget;
			buildConfigurationList = 66FFEEC01D14CD17008F2119 /* Build configuration list for PBXNativeTarget "whoami" */;
			buildPhases = (
				66FFEEB81D14CD17008F2119 /* Sources */,
				66FFEEB91D14CD17008F2119 /* Frameworks */,
				66FFEEBA1D14CD17008F2119 /* CopyFiles */,
			);
			buildRules = (
			);
			dependencies = (
			);
			name = whoami;
			productName = whoami;
			productReference = 66FFEEBC1D14CD17008F2119 /* whoami */;
			productType = "com.apple.product-type.tool";
		};
		66FFEEC61D14CD1D008F2119 /* yes */ = {
			isa = PBXNativeTarget;
			buildConfigurationList = 66FFEECB1D14CD1D008F2119 /* Build configuration list for PBXNativeTarget "yes" */;
			buildPhases = (
				66FFEEC31D14CD1D008F2119 /* Sources */,
				66FFEEC41D14CD1D008F2119 /* Frameworks */,
				66FFEEC51D14CD1D008F2119 /* CopyFiles */,
			);
			buildRules = (
			);
			dependencies = (
			);
			name = yes;
			productName = yes;
			productReference = 66FFEEC71D14CD1D008F2119 /* yes */;
			productType = "com.apple.product-type.tool";
		};
/* End PBXNativeTarget section */

/* Begin PBXProject section */
		66FFEE2C1D14CAC3008F2119 /* Project object */ = {
			isa = PBXProject;
			attributes = {
				LastSwiftUpdateCheck = 0800;
				LastUpgradeCheck = 0800;
				TargetAttributes = {
					66FFEE381D14CAFE008F2119 = {
						CreatedOnToolsVersion = 8.0;
						DevelopmentTeam = TGZ526AV87;
						DevelopmentTeamName = "Andrew Hyatt (Personal Team)";
						ProvisioningStyle = Automatic;
					};
					66FFEE471D14CC33008F2119 = {
						CreatedOnToolsVersion = 8.0;
						DevelopmentTeam = TGZ526AV87;
						DevelopmentTeamName = "Andrew Hyatt (Personal Team)";
						ProvisioningStyle = Automatic;
					};
					66FFEE521D14CC3E008F2119 = {
						CreatedOnToolsVersion = 8.0;
						DevelopmentTeam = TGZ526AV87;
						DevelopmentTeamName = "Andrew Hyatt (Personal Team)";
						ProvisioningStyle = Automatic;
					};
					66FFEE6E1D14CCD0008F2119 = {
						CreatedOnToolsVersion = 8.0;
						DevelopmentTeam = TGZ526AV87;
						DevelopmentTeamName = "Andrew Hyatt (Personal Team)";
						ProvisioningStyle = Automatic;
					};
					66FFEE791D14CCDF008F2119 = {
						CreatedOnToolsVersion = 8.0;
						DevelopmentTeam = TGZ526AV87;
						DevelopmentTeamName = "Andrew Hyatt (Personal Team)";
						ProvisioningStyle = Automatic;
					};
					66FFEE841D14CCF1008F2119 = {
						CreatedOnToolsVersion = 8.0;
						DevelopmentTeam = TGZ526AV87;
						DevelopmentTeamName = "Andrew Hyatt (Personal Team)";
						ProvisioningStyle = Automatic;
					};
					66FFEE8F1D14CCF8008F2119 = {
						CreatedOnToolsVersion = 8.0;
						DevelopmentTeam = TGZ526AV87;
						DevelopmentTeamName = "Andrew Hyatt (Personal Team)";
						ProvisioningStyle = Automatic;
					};
					66FFEE9A1D14CCFE008F2119 = {
						CreatedOnToolsVersion = 8.0;
						DevelopmentTeam = TGZ526AV87;
						DevelopmentTeamName = "Andrew Hyatt (Personal Team)";
						ProvisioningStyle = Automatic;
					};
					66FFEEA51D14CD09008F2119 = {
						CreatedOnToolsVersion = 8.0;
						DevelopmentTeam = TGZ526AV87;
						DevelopmentTeamName = "Andrew Hyatt (Personal Team)";
						ProvisioningStyle = Automatic;
					};
					66FFEEB01D14CD0E008F2119 = {
						CreatedOnToolsVersion = 8.0;
						DevelopmentTeam = TGZ526AV87;
						DevelopmentTeamName = "Andrew Hyatt (Personal Team)";
						ProvisioningStyle = Automatic;
					};
					66FFEEBB1D14CD17008F2119 = {
						CreatedOnToolsVersion = 8.0;
						DevelopmentTeam = TGZ526AV87;
						DevelopmentTeamName = "Andrew Hyatt (Personal Team)";
						ProvisioningStyle = Automatic;
					};
					66FFEEC61D14CD1D008F2119 = {
						CreatedOnToolsVersion = 8.0;
						DevelopmentTeam = TGZ526AV87;
						DevelopmentTeamName = "Andrew Hyatt (Personal Team)";
						ProvisioningStyle = Automatic;
					};
				};
			};
			buildConfigurationList = 66FFEE2F1D14CAC3008F2119 /* Build configuration list for PBXProject "src" */;
			compatibilityVersion = "Xcode 6.3";
			developmentRegion = English;
			hasScannedForEncodings = 0;
			knownRegions = (
				en,
			);
			mainGroup = 66FFEE2B1D14CAC3008F2119;
			productRefGroup = 66FFEE3A1D14CAFE008F2119 /* Products */;
			projectDirPath = "";
			projectRoot = "";
			targets = (
				66FFEE471D14CC33008F2119 /* echo */,
				66FFEE521D14CC3E008F2119 /* env */,
				66FFEE6E1D14CCD0008F2119 /* false */,
				66FFEE381D14CAFE008F2119 /* ls */,
				66FFEE841D14CCF1008F2119 /* mkdir */,
				66FFEE8F1D14CCF8008F2119 /* pwd */,
				66FFEE9A1D14CCFE008F2119 /* sleep */,
				66FFEE791D14CCDF008F2119 /* true */,
				66FFEEA51D14CD09008F2119 /* uname */,
				66FFEEC61D14CD1D008F2119 /* yes */,
				66FFEEB01D14CD0E008F2119 /* wc */,
				66FFEEBB1D14CD17008F2119 /* whoami */,
			);
		};
/* End PBXProject section */

/* Begin PBXSourcesBuildPhase section */
		66FFEE351D14CAFE008F2119 /* Sources */ = {
			isa = PBXSourcesBuildPhase;
			buildActionMask = 2147483647;
			files = (
				66FFEEFC1D14CF26008F2119 /* main.swift in Sources */,
				66FFEEF81D14CF0C008F2119 /* Formatter.swift in Sources */,
			);
			runOnlyForDeploymentPostprocessing = 0;
		};
		66FFEE441D14CC33008F2119 /* Sources */ = {
			isa = PBXSourcesBuildPhase;
			buildActionMask = 2147483647;
			files = (
				66FFEEF91D14CF18008F2119 /* main.swift in Sources */,
			);
			runOnlyForDeploymentPostprocessing = 0;
		};
		66FFEE4F1D14CC3E008F2119 /* Sources */ = {
			isa = PBXSourcesBuildPhase;
			buildActionMask = 2147483647;
			files = (
				66FFEEFA1D14CF1B008F2119 /* main.swift in Sources */,
			);
			runOnlyForDeploymentPostprocessing = 0;
		};
		66FFEE6B1D14CCD0008F2119 /* Sources */ = {
			isa = PBXSourcesBuildPhase;
			buildActionMask = 2147483647;
			files = (
				66FFEEFB1D14CF1F008F2119 /* main.swift in Sources */,
			);
			runOnlyForDeploymentPostprocessing = 0;
		};
		66FFEE761D14CCDF008F2119 /* Sources */ = {
			isa = PBXSourcesBuildPhase;
			buildActionMask = 2147483647;
			files = (
				66FFEF001D14CF33008F2119 /* main.swift in Sources */,
			);
			runOnlyForDeploymentPostprocessing = 0;
		};
		66FFEE811D14CCF1008F2119 /* Sources */ = {
			isa = PBXSourcesBuildPhase;
			buildActionMask = 2147483647;
			files = (
				66FFEEFD1D14CF2A008F2119 /* main.swift in Sources */,
			);
			runOnlyForDeploymentPostprocessing = 0;
		};
		66FFEE8C1D14CCF8008F2119 /* Sources */ = {
			isa = PBXSourcesBuildPhase;
			buildActionMask = 2147483647;
			files = (
				66FFEEFE1D14CF2D008F2119 /* main.swift in Sources */,
			);
			runOnlyForDeploymentPostprocessing = 0;
		};
		66FFEE971D14CCFE008F2119 /* Sources */ = {
			isa = PBXSourcesBuildPhase;
			buildActionMask = 2147483647;
			files = (
				66FFEEFF1D14CF30008F2119 /* main.swift in Sources */,
			);
			runOnlyForDeploymentPostprocessing = 0;
		};
		66FFEEA21D14CD09008F2119 /* Sources */ = {
			isa = PBXSourcesBuildPhase;
			buildActionMask = 2147483647;
			files = (
				66FFEFB21D14DC51008F2119 /* main.swift in Sources */,
			);
			runOnlyForDeploymentPostprocessing = 0;
		};
		66FFEEAD1D14CD0E008F2119 /* Sources */ = {
			isa = PBXSourcesBuildPhase;
			buildActionMask = 2147483647;
			files = (
				66FFEF031D14CF3D008F2119 /* WCOptions.swift in Sources */,
				66FFEF021D14CF3A008F2119 /* main.swift in Sources */,
			);
			runOnlyForDeploymentPostprocessing = 0;
		};
		66FFEEB81D14CD17008F2119 /* Sources */ = {
			isa = PBXSourcesBuildPhase;
			buildActionMask = 2147483647;
			files = (
				66FFEF041D14CF41008F2119 /* main.swift in Sources */,
			);
			runOnlyForDeploymentPostprocessing = 0;
		};
		66FFEEC31D14CD1D008F2119 /* Sources */ = {
			isa = PBXSourcesBuildPhase;
			buildActionMask = 2147483647;
			files = (
				66FFEF051D14CF44008F2119 /* main.swift in Sources */,
			);
			runOnlyForDeploymentPostprocessing = 0;
		};
/* End PBXSourcesBuildPhase section */

/* Begin XCBuildConfiguration section */
		66FFEE301D14CAC3008F2119 /* Debug */ = {
			isa = XCBuildConfiguration;
			buildSettings = {
				CODE_SIGN_IDENTITY = "Mac Developer";
				LD_RUNPATH_SEARCH_PATHS = "$(inherited) @executable_path/../Frameworks @loader_path/Frameworks";
			};
			name = Debug;
		};
		66FFEE311D14CAC3008F2119 /* Release */ = {
			isa = XCBuildConfiguration;
			buildSettings = {
				CODE_SIGN_IDENTITY = "Mac Developer";
				LD_RUNPATH_SEARCH_PATHS = "$(inherited) @executable_path/../Frameworks @loader_path/Frameworks";
			};
			name = Release;
		};
		66FFEE3F1D14CAFE008F2119 /* Debug */ = {
			isa = XCBuildConfiguration;
			buildSettings = {
				ALWAYS_SEARCH_USER_PATHS = NO;
				CLANG_ANALYZER_NONNULL = YES;
				CLANG_CXX_LANGUAGE_STANDARD = "gnu++0x";
				CLANG_CXX_LIBRARY = "libc++";
				CLANG_ENABLE_MODULES = YES;
				CLANG_ENABLE_OBJC_ARC = YES;
				CLANG_WARN_BOOL_CONVERSION = YES;
				CLANG_WARN_CONSTANT_CONVERSION = YES;
				CLANG_WARN_DIRECT_OBJC_ISA_USAGE = YES_ERROR;
				CLANG_WARN_DOCUMENTATION_COMMENTS = YES;
				CLANG_WARN_EMPTY_BODY = YES;
				CLANG_WARN_ENUM_CONVERSION = YES;
				CLANG_WARN_INT_CONVERSION = YES;
				CLANG_WARN_OBJC_ROOT_CLASS = YES_ERROR;
				CLANG_WARN_UNREACHABLE_CODE = YES;
				CLANG_WARN__DUPLICATE_METHOD_MATCH = YES;
				CODE_SIGN_IDENTITY = "$(inherited)";
				COPY_PHASE_STRIP = NO;
				DEBUG_INFORMATION_FORMAT = dwarf;
				ENABLE_STRICT_OBJC_MSGSEND = YES;
				ENABLE_TESTABILITY = YES;
				GCC_C_LANGUAGE_STANDARD = gnu99;
				GCC_DYNAMIC_NO_PIC = NO;
				GCC_NO_COMMON_BLOCKS = YES;
				GCC_OPTIMIZATION_LEVEL = 0;
				GCC_PREPROCESSOR_DEFINITIONS = (
					"DEBUG=1",
					"$(inherited)",
				);
				GCC_WARN_64_TO_32_BIT_CONVERSION = YES;
				GCC_WARN_ABOUT_RETURN_TYPE = YES_ERROR;
				GCC_WARN_UNDECLARED_SELECTOR = YES;
				GCC_WARN_UNINITIALIZED_AUTOS = YES_AGGRESSIVE;
				GCC_WARN_UNUSED_FUNCTION = YES;
				GCC_WARN_UNUSED_VARIABLE = YES;
				MACOSX_DEPLOYMENT_TARGET = 10.11;
				MTL_ENABLE_DEBUG_INFO = YES;
				ONLY_ACTIVE_ARCH = YES;
				PRODUCT_NAME = "$(TARGET_NAME)";
				SDKROOT = macosx;
				SWIFT_OPTIMIZATION_LEVEL = "-Onone";
			};
			name = Debug;
		};
		66FFEE401D14CAFE008F2119 /* Release */ = {
			isa = XCBuildConfiguration;
			buildSettings = {
				ALWAYS_SEARCH_USER_PATHS = NO;
				CLANG_ANALYZER_NONNULL = YES;
				CLANG_CXX_LANGUAGE_STANDARD = "gnu++0x";
				CLANG_CXX_LIBRARY = "libc++";
				CLANG_ENABLE_MODULES = YES;
				CLANG_ENABLE_OBJC_ARC = YES;
				CLANG_WARN_BOOL_CONVERSION = YES;
				CLANG_WARN_CONSTANT_CONVERSION = YES;
				CLANG_WARN_DIRECT_OBJC_ISA_USAGE = YES_ERROR;
				CLANG_WARN_DOCUMENTATION_COMMENTS = YES;
				CLANG_WARN_EMPTY_BODY = YES;
				CLANG_WARN_ENUM_CONVERSION = YES;
				CLANG_WARN_INT_CONVERSION = YES;
				CLANG_WARN_OBJC_ROOT_CLASS = YES_ERROR;
				CLANG_WARN_UNREACHABLE_CODE = YES;
				CLANG_WARN__DUPLICATE_METHOD_MATCH = YES;
				CODE_SIGN_IDENTITY = "$(inherited)";
				COPY_PHASE_STRIP = NO;
				DEBUG_INFORMATION_FORMAT = "dwarf-with-dsym";
				ENABLE_NS_ASSERTIONS = NO;
				ENABLE_STRICT_OBJC_MSGSEND = YES;
				GCC_C_LANGUAGE_STANDARD = gnu99;
				GCC_NO_COMMON_BLOCKS = YES;
				GCC_WARN_64_TO_32_BIT_CONVERSION = YES;
				GCC_WARN_ABOUT_RETURN_TYPE = YES_ERROR;
				GCC_WARN_UNDECLARED_SELECTOR = YES;
				GCC_WARN_UNINITIALIZED_AUTOS = YES_AGGRESSIVE;
				GCC_WARN_UNUSED_FUNCTION = YES;
				GCC_WARN_UNUSED_VARIABLE = YES;
				MACOSX_DEPLOYMENT_TARGET = 10.11;
				MTL_ENABLE_DEBUG_INFO = NO;
				PRODUCT_NAME = "$(TARGET_NAME)";
				SDKROOT = macosx;
			};
			name = Release;
		};
		66FFEE4D1D14CC33008F2119 /* Debug */ = {
			isa = XCBuildConfiguration;
			buildSettings = {
				ALWAYS_SEARCH_USER_PATHS = NO;
				CLANG_ANALYZER_NONNULL = YES;
				CLANG_CXX_LANGUAGE_STANDARD = "gnu++0x";
				CLANG_CXX_LIBRARY = "libc++";
				CLANG_ENABLE_MODULES = YES;
				CLANG_ENABLE_OBJC_ARC = YES;
				CLANG_WARN_BOOL_CONVERSION = YES;
				CLANG_WARN_CONSTANT_CONVERSION = YES;
				CLANG_WARN_DIRECT_OBJC_ISA_USAGE = YES_ERROR;
				CLANG_WARN_DOCUMENTATION_COMMENTS = YES;
				CLANG_WARN_EMPTY_BODY = YES;
				CLANG_WARN_ENUM_CONVERSION = YES;
				CLANG_WARN_INT_CONVERSION = YES;
				CLANG_WARN_OBJC_ROOT_CLASS = YES_ERROR;
				CLANG_WARN_UNREACHABLE_CODE = YES;
				CLANG_WARN__DUPLICATE_METHOD_MATCH = YES;
				CODE_SIGN_IDENTITY = "Mac Developer";
				COPY_PHASE_STRIP = NO;
				DEBUG_INFORMATION_FORMAT = dwarf;
				ENABLE_STRICT_OBJC_MSGSEND = YES;
				ENABLE_TESTABILITY = YES;
				GCC_C_LANGUAGE_STANDARD = gnu99;
				GCC_DYNAMIC_NO_PIC = NO;
				GCC_NO_COMMON_BLOCKS = YES;
				GCC_OPTIMIZATION_LEVEL = 0;
				GCC_PREPROCESSOR_DEFINITIONS = (
					"DEBUG=1",
					"$(inherited)",
				);
				GCC_WARN_64_TO_32_BIT_CONVERSION = YES;
				GCC_WARN_ABOUT_RETURN_TYPE = YES_ERROR;
				GCC_WARN_UNDECLARED_SELECTOR = YES;
				GCC_WARN_UNINITIALIZED_AUTOS = YES_AGGRESSIVE;
				GCC_WARN_UNUSED_FUNCTION = YES;
				GCC_WARN_UNUSED_VARIABLE = YES;
				MACOSX_DEPLOYMENT_TARGET = 10.11;
				MTL_ENABLE_DEBUG_INFO = YES;
				ONLY_ACTIVE_ARCH = YES;
				PRODUCT_NAME = "$(TARGET_NAME)";
				SDKROOT = macosx;
				SWIFT_OPTIMIZATION_LEVEL = "-Onone";
			};
			name = Debug;
		};
		66FFEE4E1D14CC33008F2119 /* Release */ = {
			isa = XCBuildConfiguration;
			buildSettings = {
				ALWAYS_SEARCH_USER_PATHS = NO;
				CLANG_ANALYZER_NONNULL = YES;
				CLANG_CXX_LANGUAGE_STANDARD = "gnu++0x";
				CLANG_CXX_LIBRARY = "libc++";
				CLANG_ENABLE_MODULES = YES;
				CLANG_ENABLE_OBJC_ARC = YES;
				CLANG_WARN_BOOL_CONVERSION = YES;
				CLANG_WARN_CONSTANT_CONVERSION = YES;
				CLANG_WARN_DIRECT_OBJC_ISA_USAGE = YES_ERROR;
				CLANG_WARN_DOCUMENTATION_COMMENTS = YES;
				CLANG_WARN_EMPTY_BODY = YES;
				CLANG_WARN_ENUM_CONVERSION = YES;
				CLANG_WARN_INT_CONVERSION = YES;
				CLANG_WARN_OBJC_ROOT_CLASS = YES_ERROR;
				CLANG_WARN_UNREACHABLE_CODE = YES;
				CLANG_WARN__DUPLICATE_METHOD_MATCH = YES;
				CODE_SIGN_IDENTITY = "Mac Developer";
				COPY_PHASE_STRIP = NO;
				DEBUG_INFORMATION_FORMAT = "dwarf-with-dsym";
				ENABLE_NS_ASSERTIONS = NO;
				ENABLE_STRICT_OBJC_MSGSEND = YES;
				GCC_C_LANGUAGE_STANDARD = gnu99;
				GCC_NO_COMMON_BLOCKS = YES;
				GCC_WARN_64_TO_32_BIT_CONVERSION = YES;
				GCC_WARN_ABOUT_RETURN_TYPE = YES_ERROR;
				GCC_WARN_UNDECLARED_SELECTOR = YES;
				GCC_WARN_UNINITIALIZED_AUTOS = YES_AGGRESSIVE;
				GCC_WARN_UNUSED_FUNCTION = YES;
				GCC_WARN_UNUSED_VARIABLE = YES;
				MACOSX_DEPLOYMENT_TARGET = 10.11;
				MTL_ENABLE_DEBUG_INFO = NO;
				PRODUCT_NAME = "$(TARGET_NAME)";
				SDKROOT = macosx;
			};
			name = Release;
		};
		66FFEE581D14CC3E008F2119 /* Debug */ = {
			isa = XCBuildConfiguration;
			buildSettings = {
				ALWAYS_SEARCH_USER_PATHS = NO;
				CLANG_ANALYZER_NONNULL = YES;
				CLANG_CXX_LANGUAGE_STANDARD = "gnu++0x";
				CLANG_CXX_LIBRARY = "libc++";
				CLANG_ENABLE_MODULES = YES;
				CLANG_ENABLE_OBJC_ARC = YES;
				CLANG_WARN_BOOL_CONVERSION = YES;
				CLANG_WARN_CONSTANT_CONVERSION = YES;
				CLANG_WARN_DIRECT_OBJC_ISA_USAGE = YES_ERROR;
				CLANG_WARN_DOCUMENTATION_COMMENTS = YES;
				CLANG_WARN_EMPTY_BODY = YES;
				CLANG_WARN_ENUM_CONVERSION = YES;
				CLANG_WARN_INT_CONVERSION = YES;
				CLANG_WARN_OBJC_ROOT_CLASS = YES_ERROR;
				CLANG_WARN_UNREACHABLE_CODE = YES;
				CLANG_WARN__DUPLICATE_METHOD_MATCH = YES;
				CODE_SIGN_IDENTITY = "Mac Developer";
				COPY_PHASE_STRIP = NO;
				DEBUG_INFORMATION_FORMAT = dwarf;
				ENABLE_STRICT_OBJC_MSGSEND = YES;
				ENABLE_TESTABILITY = YES;
				GCC_C_LANGUAGE_STANDARD = gnu99;
				GCC_DYNAMIC_NO_PIC = NO;
				GCC_NO_COMMON_BLOCKS = YES;
				GCC_OPTIMIZATION_LEVEL = 0;
				GCC_PREPROCESSOR_DEFINITIONS = (
					"DEBUG=1",
					"$(inherited)",
				);
				GCC_WARN_64_TO_32_BIT_CONVERSION = YES;
				GCC_WARN_ABOUT_RETURN_TYPE = YES_ERROR;
				GCC_WARN_UNDECLARED_SELECTOR = YES;
				GCC_WARN_UNINITIALIZED_AUTOS = YES_AGGRESSIVE;
				GCC_WARN_UNUSED_FUNCTION = YES;
				GCC_WARN_UNUSED_VARIABLE = YES;
				MACOSX_DEPLOYMENT_TARGET = 10.11;
				MTL_ENABLE_DEBUG_INFO = YES;
				ONLY_ACTIVE_ARCH = YES;
				PRODUCT_NAME = "$(TARGET_NAME)";
				SDKROOT = macosx;
				SWIFT_OPTIMIZATION_LEVEL = "-Onone";
			};
			name = Debug;
		};
		66FFEE591D14CC3E008F2119 /* Release */ = {
			isa = XCBuildConfiguration;
			buildSettings = {
				ALWAYS_SEARCH_USER_PATHS = NO;
				CLANG_ANALYZER_NONNULL = YES;
				CLANG_CXX_LANGUAGE_STANDARD = "gnu++0x";
				CLANG_CXX_LIBRARY = "libc++";
				CLANG_ENABLE_MODULES = YES;
				CLANG_ENABLE_OBJC_ARC = YES;
				CLANG_WARN_BOOL_CONVERSION = YES;
				CLANG_WARN_CONSTANT_CONVERSION = YES;
				CLANG_WARN_DIRECT_OBJC_ISA_USAGE = YES_ERROR;
				CLANG_WARN_DOCUMENTATION_COMMENTS = YES;
				CLANG_WARN_EMPTY_BODY = YES;
				CLANG_WARN_ENUM_CONVERSION = YES;
				CLANG_WARN_INT_CONVERSION = YES;
				CLANG_WARN_OBJC_ROOT_CLASS = YES_ERROR;
				CLANG_WARN_UNREACHABLE_CODE = YES;
				CLANG_WARN__DUPLICATE_METHOD_MATCH = YES;
				CODE_SIGN_IDENTITY = "Mac Developer";
				COPY_PHASE_STRIP = NO;
				DEBUG_INFORMATION_FORMAT = "dwarf-with-dsym";
				ENABLE_NS_ASSERTIONS = NO;
				ENABLE_STRICT_OBJC_MSGSEND = YES;
				GCC_C_LANGUAGE_STANDARD = gnu99;
				GCC_NO_COMMON_BLOCKS = YES;
				GCC_WARN_64_TO_32_BIT_CONVERSION = YES;
				GCC_WARN_ABOUT_RETURN_TYPE = YES_ERROR;
				GCC_WARN_UNDECLARED_SELECTOR = YES;
				GCC_WARN_UNINITIALIZED_AUTOS = YES_AGGRESSIVE;
				GCC_WARN_UNUSED_FUNCTION = YES;
				GCC_WARN_UNUSED_VARIABLE = YES;
				MACOSX_DEPLOYMENT_TARGET = 10.11;
				MTL_ENABLE_DEBUG_INFO = NO;
				PRODUCT_NAME = "$(TARGET_NAME)";
				SDKROOT = macosx;
			};
			name = Release;
		};
		66FFEE741D14CCD0008F2119 /* Debug */ = {
			isa = XCBuildConfiguration;
			buildSettings = {
				ALWAYS_SEARCH_USER_PATHS = NO;
				CLANG_ANALYZER_NONNULL = YES;
				CLANG_CXX_LANGUAGE_STANDARD = "gnu++0x";
				CLANG_CXX_LIBRARY = "libc++";
				CLANG_ENABLE_MODULES = YES;
				CLANG_ENABLE_OBJC_ARC = YES;
				CLANG_WARN_BOOL_CONVERSION = YES;
				CLANG_WARN_CONSTANT_CONVERSION = YES;
				CLANG_WARN_DIRECT_OBJC_ISA_USAGE = YES_ERROR;
				CLANG_WARN_DOCUMENTATION_COMMENTS = YES;
				CLANG_WARN_EMPTY_BODY = YES;
				CLANG_WARN_ENUM_CONVERSION = YES;
				CLANG_WARN_INT_CONVERSION = YES;
				CLANG_WARN_OBJC_ROOT_CLASS = YES_ERROR;
				CLANG_WARN_UNREACHABLE_CODE = YES;
				CLANG_WARN__DUPLICATE_METHOD_MATCH = YES;
				CODE_SIGN_IDENTITY = "Mac Developer";
				COPY_PHASE_STRIP = NO;
				DEBUG_INFORMATION_FORMAT = dwarf;
				ENABLE_STRICT_OBJC_MSGSEND = YES;
				ENABLE_TESTABILITY = YES;
				GCC_C_LANGUAGE_STANDARD = gnu99;
				GCC_DYNAMIC_NO_PIC = NO;
				GCC_NO_COMMON_BLOCKS = YES;
				GCC_OPTIMIZATION_LEVEL = 0;
				GCC_PREPROCESSOR_DEFINITIONS = (
					"DEBUG=1",
					"$(inherited)",
				);
				GCC_WARN_64_TO_32_BIT_CONVERSION = YES;
				GCC_WARN_ABOUT_RETURN_TYPE = YES_ERROR;
				GCC_WARN_UNDECLARED_SELECTOR = YES;
				GCC_WARN_UNINITIALIZED_AUTOS = YES_AGGRESSIVE;
				GCC_WARN_UNUSED_FUNCTION = YES;
				GCC_WARN_UNUSED_VARIABLE = YES;
				MACOSX_DEPLOYMENT_TARGET = 10.11;
				MTL_ENABLE_DEBUG_INFO = YES;
				ONLY_ACTIVE_ARCH = YES;
				PRODUCT_NAME = "$(TARGET_NAME)";
				SDKROOT = macosx;
				SWIFT_OPTIMIZATION_LEVEL = "-Onone";
			};
			name = Debug;
		};
		66FFEE751D14CCD0008F2119 /* Release */ = {
			isa = XCBuildConfiguration;
			buildSettings = {
				ALWAYS_SEARCH_USER_PATHS = NO;
				CLANG_ANALYZER_NONNULL = YES;
				CLANG_CXX_LANGUAGE_STANDARD = "gnu++0x";
				CLANG_CXX_LIBRARY = "libc++";
				CLANG_ENABLE_MODULES = YES;
				CLANG_ENABLE_OBJC_ARC = YES;
				CLANG_WARN_BOOL_CONVERSION = YES;
				CLANG_WARN_CONSTANT_CONVERSION = YES;
				CLANG_WARN_DIRECT_OBJC_ISA_USAGE = YES_ERROR;
				CLANG_WARN_DOCUMENTATION_COMMENTS = YES;
				CLANG_WARN_EMPTY_BODY = YES;
				CLANG_WARN_ENUM_CONVERSION = YES;
				CLANG_WARN_INT_CONVERSION = YES;
				CLANG_WARN_OBJC_ROOT_CLASS = YES_ERROR;
				CLANG_WARN_UNREACHABLE_CODE = YES;
				CLANG_WARN__DUPLICATE_METHOD_MATCH = YES;
				CODE_SIGN_IDENTITY = "Mac Developer";
				COPY_PHASE_STRIP = NO;
				DEBUG_INFORMATION_FORMAT = "dwarf-with-dsym";
				ENABLE_NS_ASSERTIONS = NO;
				ENABLE_STRICT_OBJC_MSGSEND = YES;
				GCC_C_LANGUAGE_STANDARD = gnu99;
				GCC_NO_COMMON_BLOCKS = YES;
				GCC_WARN_64_TO_32_BIT_CONVERSION = YES;
				GCC_WARN_ABOUT_RETURN_TYPE = YES_ERROR;
				GCC_WARN_UNDECLARED_SELECTOR = YES;
				GCC_WARN_UNINITIALIZED_AUTOS = YES_AGGRESSIVE;
				GCC_WARN_UNUSED_FUNCTION = YES;
				GCC_WARN_UNUSED_VARIABLE = YES;
				MACOSX_DEPLOYMENT_TARGET = 10.11;
				MTL_ENABLE_DEBUG_INFO = NO;
				PRODUCT_NAME = "$(TARGET_NAME)";
				SDKROOT = macosx;
			};
			name = Release;
		};
		66FFEE7F1D14CCDF008F2119 /* Debug */ = {
			isa = XCBuildConfiguration;
			buildSettings = {
				ALWAYS_SEARCH_USER_PATHS = NO;
				CLANG_ANALYZER_NONNULL = YES;
				CLANG_CXX_LANGUAGE_STANDARD = "gnu++0x";
				CLANG_CXX_LIBRARY = "libc++";
				CLANG_ENABLE_MODULES = YES;
				CLANG_ENABLE_OBJC_ARC = YES;
				CLANG_WARN_BOOL_CONVERSION = YES;
				CLANG_WARN_CONSTANT_CONVERSION = YES;
				CLANG_WARN_DIRECT_OBJC_ISA_USAGE = YES_ERROR;
				CLANG_WARN_DOCUMENTATION_COMMENTS = YES;
				CLANG_WARN_EMPTY_BODY = YES;
				CLANG_WARN_ENUM_CONVERSION = YES;
				CLANG_WARN_INT_CONVERSION = YES;
				CLANG_WARN_OBJC_ROOT_CLASS = YES_ERROR;
				CLANG_WARN_UNREACHABLE_CODE = YES;
				CLANG_WARN__DUPLICATE_METHOD_MATCH = YES;
				CODE_SIGN_IDENTITY = "$(inherited)";
				COPY_PHASE_STRIP = NO;
				DEBUG_INFORMATION_FORMAT = dwarf;
				ENABLE_STRICT_OBJC_MSGSEND = YES;
				ENABLE_TESTABILITY = YES;
				GCC_C_LANGUAGE_STANDARD = gnu99;
				GCC_DYNAMIC_NO_PIC = NO;
				GCC_NO_COMMON_BLOCKS = YES;
				GCC_OPTIMIZATION_LEVEL = 0;
				GCC_PREPROCESSOR_DEFINITIONS = (
					"DEBUG=1",
					"$(inherited)",
				);
				GCC_WARN_64_TO_32_BIT_CONVERSION = YES;
				GCC_WARN_ABOUT_RETURN_TYPE = YES_ERROR;
				GCC_WARN_UNDECLARED_SELECTOR = YES;
				GCC_WARN_UNINITIALIZED_AUTOS = YES_AGGRESSIVE;
				GCC_WARN_UNUSED_FUNCTION = YES;
				GCC_WARN_UNUSED_VARIABLE = YES;
				MACOSX_DEPLOYMENT_TARGET = 10.11;
				MTL_ENABLE_DEBUG_INFO = YES;
				ONLY_ACTIVE_ARCH = YES;
				PRODUCT_NAME = "$(TARGET_NAME)";
				SDKROOT = macosx;
				SWIFT_OPTIMIZATION_LEVEL = "-Onone";
			};
			name = Debug;
		};
		66FFEE801D14CCDF008F2119 /* Release */ = {
			isa = XCBuildConfiguration;
			buildSettings = {
				ALWAYS_SEARCH_USER_PATHS = NO;
				CLANG_ANALYZER_NONNULL = YES;
				CLANG_CXX_LANGUAGE_STANDARD = "gnu++0x";
				CLANG_CXX_LIBRARY = "libc++";
				CLANG_ENABLE_MODULES = YES;
				CLANG_ENABLE_OBJC_ARC = YES;
				CLANG_WARN_BOOL_CONVERSION = YES;
				CLANG_WARN_CONSTANT_CONVERSION = YES;
				CLANG_WARN_DIRECT_OBJC_ISA_USAGE = YES_ERROR;
				CLANG_WARN_DOCUMENTATION_COMMENTS = YES;
				CLANG_WARN_EMPTY_BODY = YES;
				CLANG_WARN_ENUM_CONVERSION = YES;
				CLANG_WARN_INT_CONVERSION = YES;
				CLANG_WARN_OBJC_ROOT_CLASS = YES_ERROR;
				CLANG_WARN_UNREACHABLE_CODE = YES;
				CLANG_WARN__DUPLICATE_METHOD_MATCH = YES;
				CODE_SIGN_IDENTITY = "$(inherited)";
				COPY_PHASE_STRIP = NO;
				DEBUG_INFORMATION_FORMAT = "dwarf-with-dsym";
				ENABLE_NS_ASSERTIONS = NO;
				ENABLE_STRICT_OBJC_MSGSEND = YES;
				GCC_C_LANGUAGE_STANDARD = gnu99;
				GCC_NO_COMMON_BLOCKS = YES;
				GCC_WARN_64_TO_32_BIT_CONVERSION = YES;
				GCC_WARN_ABOUT_RETURN_TYPE = YES_ERROR;
				GCC_WARN_UNDECLARED_SELECTOR = YES;
				GCC_WARN_UNINITIALIZED_AUTOS = YES_AGGRESSIVE;
				GCC_WARN_UNUSED_FUNCTION = YES;
				GCC_WARN_UNUSED_VARIABLE = YES;
				MACOSX_DEPLOYMENT_TARGET = 10.11;
				MTL_ENABLE_DEBUG_INFO = NO;
				PRODUCT_NAME = "$(TARGET_NAME)";
				SDKROOT = macosx;
			};
			name = Release;
		};
		66FFEE8A1D14CCF1008F2119 /* Debug */ = {
			isa = XCBuildConfiguration;
			buildSettings = {
				ALWAYS_SEARCH_USER_PATHS = NO;
				CLANG_ANALYZER_NONNULL = YES;
				CLANG_CXX_LANGUAGE_STANDARD = "gnu++0x";
				CLANG_CXX_LIBRARY = "libc++";
				CLANG_ENABLE_MODULES = YES;
				CLANG_ENABLE_OBJC_ARC = YES;
				CLANG_WARN_BOOL_CONVERSION = YES;
				CLANG_WARN_CONSTANT_CONVERSION = YES;
				CLANG_WARN_DIRECT_OBJC_ISA_USAGE = YES_ERROR;
				CLANG_WARN_DOCUMENTATION_COMMENTS = YES;
				CLANG_WARN_EMPTY_BODY = YES;
				CLANG_WARN_ENUM_CONVERSION = YES;
				CLANG_WARN_INT_CONVERSION = YES;
				CLANG_WARN_OBJC_ROOT_CLASS = YES_ERROR;
				CLANG_WARN_UNREACHABLE_CODE = YES;
				CLANG_WARN__DUPLICATE_METHOD_MATCH = YES;
				CODE_SIGN_IDENTITY = "$(inherited)";
				COPY_PHASE_STRIP = NO;
				DEBUG_INFORMATION_FORMAT = dwarf;
				ENABLE_STRICT_OBJC_MSGSEND = YES;
				ENABLE_TESTABILITY = YES;
				GCC_C_LANGUAGE_STANDARD = gnu99;
				GCC_DYNAMIC_NO_PIC = NO;
				GCC_NO_COMMON_BLOCKS = YES;
				GCC_OPTIMIZATION_LEVEL = 0;
				GCC_PREPROCESSOR_DEFINITIONS = (
					"DEBUG=1",
					"$(inherited)",
				);
				GCC_WARN_64_TO_32_BIT_CONVERSION = YES;
				GCC_WARN_ABOUT_RETURN_TYPE = YES_ERROR;
				GCC_WARN_UNDECLARED_SELECTOR = YES;
				GCC_WARN_UNINITIALIZED_AUTOS = YES_AGGRESSIVE;
				GCC_WARN_UNUSED_FUNCTION = YES;
				GCC_WARN_UNUSED_VARIABLE = YES;
				MACOSX_DEPLOYMENT_TARGET = 10.11;
				MTL_ENABLE_DEBUG_INFO = YES;
				ONLY_ACTIVE_ARCH = YES;
				PRODUCT_NAME = "$(TARGET_NAME)";
				SDKROOT = macosx;
				SWIFT_OPTIMIZATION_LEVEL = "-Onone";
			};
			name = Debug;
		};
		66FFEE8B1D14CCF1008F2119 /* Release */ = {
			isa = XCBuildConfiguration;
			buildSettings = {
				ALWAYS_SEARCH_USER_PATHS = NO;
				CLANG_ANALYZER_NONNULL = YES;
				CLANG_CXX_LANGUAGE_STANDARD = "gnu++0x";
				CLANG_CXX_LIBRARY = "libc++";
				CLANG_ENABLE_MODULES = YES;
				CLANG_ENABLE_OBJC_ARC = YES;
				CLANG_WARN_BOOL_CONVERSION = YES;
				CLANG_WARN_CONSTANT_CONVERSION = YES;
				CLANG_WARN_DIRECT_OBJC_ISA_USAGE = YES_ERROR;
				CLANG_WARN_DOCUMENTATION_COMMENTS = YES;
				CLANG_WARN_EMPTY_BODY = YES;
				CLANG_WARN_ENUM_CONVERSION = YES;
				CLANG_WARN_INT_CONVERSION = YES;
				CLANG_WARN_OBJC_ROOT_CLASS = YES_ERROR;
				CLANG_WARN_UNREACHABLE_CODE = YES;
				CLANG_WARN__DUPLICATE_METHOD_MATCH = YES;
				CODE_SIGN_IDENTITY = "$(inherited)";
				COPY_PHASE_STRIP = NO;
				DEBUG_INFORMATION_FORMAT = "dwarf-with-dsym";
				ENABLE_NS_ASSERTIONS = NO;
				ENABLE_STRICT_OBJC_MSGSEND = YES;
				GCC_C_LANGUAGE_STANDARD = gnu99;
				GCC_NO_COMMON_BLOCKS = YES;
				GCC_WARN_64_TO_32_BIT_CONVERSION = YES;
				GCC_WARN_ABOUT_RETURN_TYPE = YES_ERROR;
				GCC_WARN_UNDECLARED_SELECTOR = YES;
				GCC_WARN_UNINITIALIZED_AUTOS = YES_AGGRESSIVE;
				GCC_WARN_UNUSED_FUNCTION = YES;
				GCC_WARN_UNUSED_VARIABLE = YES;
				MACOSX_DEPLOYMENT_TARGET = 10.11;
				MTL_ENABLE_DEBUG_INFO = NO;
				PRODUCT_NAME = "$(TARGET_NAME)";
				SDKROOT = macosx;
			};
			name = Release;
		};
		66FFEE951D14CCF9008F2119 /* Debug */ = {
			isa = XCBuildConfiguration;
			buildSettings = {
				ALWAYS_SEARCH_USER_PATHS = NO;
				CLANG_ANALYZER_NONNULL = YES;
				CLANG_CXX_LANGUAGE_STANDARD = "gnu++0x";
				CLANG_CXX_LIBRARY = "libc++";
				CLANG_ENABLE_MODULES = YES;
				CLANG_ENABLE_OBJC_ARC = YES;
				CLANG_WARN_BOOL_CONVERSION = YES;
				CLANG_WARN_CONSTANT_CONVERSION = YES;
				CLANG_WARN_DIRECT_OBJC_ISA_USAGE = YES_ERROR;
				CLANG_WARN_DOCUMENTATION_COMMENTS = YES;
				CLANG_WARN_EMPTY_BODY = YES;
				CLANG_WARN_ENUM_CONVERSION = YES;
				CLANG_WARN_INT_CONVERSION = YES;
				CLANG_WARN_OBJC_ROOT_CLASS = YES_ERROR;
				CLANG_WARN_UNREACHABLE_CODE = YES;
				CLANG_WARN__DUPLICATE_METHOD_MATCH = YES;
				CODE_SIGN_IDENTITY = "$(inherited)";
				COPY_PHASE_STRIP = NO;
				DEBUG_INFORMATION_FORMAT = dwarf;
				ENABLE_STRICT_OBJC_MSGSEND = YES;
				ENABLE_TESTABILITY = YES;
				GCC_C_LANGUAGE_STANDARD = gnu99;
				GCC_DYNAMIC_NO_PIC = NO;
				GCC_NO_COMMON_BLOCKS = YES;
				GCC_OPTIMIZATION_LEVEL = 0;
				GCC_PREPROCESSOR_DEFINITIONS = (
					"DEBUG=1",
					"$(inherited)",
				);
				GCC_WARN_64_TO_32_BIT_CONVERSION = YES;
				GCC_WARN_ABOUT_RETURN_TYPE = YES_ERROR;
				GCC_WARN_UNDECLARED_SELECTOR = YES;
				GCC_WARN_UNINITIALIZED_AUTOS = YES_AGGRESSIVE;
				GCC_WARN_UNUSED_FUNCTION = YES;
				GCC_WARN_UNUSED_VARIABLE = YES;
				MACOSX_DEPLOYMENT_TARGET = 10.11;
				MTL_ENABLE_DEBUG_INFO = YES;
				ONLY_ACTIVE_ARCH = YES;
				PRODUCT_NAME = "$(TARGET_NAME)";
				SDKROOT = macosx;
				SWIFT_OPTIMIZATION_LEVEL = "-Onone";
			};
			name = Debug;
		};
		66FFEE961D14CCF9008F2119 /* Release */ = {
			isa = XCBuildConfiguration;
			buildSettings = {
				ALWAYS_SEARCH_USER_PATHS = NO;
				CLANG_ANALYZER_NONNULL = YES;
				CLANG_CXX_LANGUAGE_STANDARD = "gnu++0x";
				CLANG_CXX_LIBRARY = "libc++";
				CLANG_ENABLE_MODULES = YES;
				CLANG_ENABLE_OBJC_ARC = YES;
				CLANG_WARN_BOOL_CONVERSION = YES;
				CLANG_WARN_CONSTANT_CONVERSION = YES;
				CLANG_WARN_DIRECT_OBJC_ISA_USAGE = YES_ERROR;
				CLANG_WARN_DOCUMENTATION_COMMENTS = YES;
				CLANG_WARN_EMPTY_BODY = YES;
				CLANG_WARN_ENUM_CONVERSION = YES;
				CLANG_WARN_INT_CONVERSION = YES;
				CLANG_WARN_OBJC_ROOT_CLASS = YES_ERROR;
				CLANG_WARN_UNREACHABLE_CODE = YES;
				CLANG_WARN__DUPLICATE_METHOD_MATCH = YES;
				CODE_SIGN_IDENTITY = "$(inherited)";
				COPY_PHASE_STRIP = NO;
				DEBUG_INFORMATION_FORMAT = "dwarf-with-dsym";
				ENABLE_NS_ASSERTIONS = NO;
				ENABLE_STRICT_OBJC_MSGSEND = YES;
				GCC_C_LANGUAGE_STANDARD = gnu99;
				GCC_NO_COMMON_BLOCKS = YES;
				GCC_WARN_64_TO_32_BIT_CONVERSION = YES;
				GCC_WARN_ABOUT_RETURN_TYPE = YES_ERROR;
				GCC_WARN_UNDECLARED_SELECTOR = YES;
				GCC_WARN_UNINITIALIZED_AUTOS = YES_AGGRESSIVE;
				GCC_WARN_UNUSED_FUNCTION = YES;
				GCC_WARN_UNUSED_VARIABLE = YES;
				MACOSX_DEPLOYMENT_TARGET = 10.11;
				MTL_ENABLE_DEBUG_INFO = NO;
				PRODUCT_NAME = "$(TARGET_NAME)";
				SDKROOT = macosx;
			};
			name = Release;
		};
		66FFEEA01D14CCFE008F2119 /* Debug */ = {
			isa = XCBuildConfiguration;
			buildSettings = {
				ALWAYS_SEARCH_USER_PATHS = NO;
				CLANG_ANALYZER_NONNULL = YES;
				CLANG_CXX_LANGUAGE_STANDARD = "gnu++0x";
				CLANG_CXX_LIBRARY = "libc++";
				CLANG_ENABLE_MODULES = YES;
				CLANG_ENABLE_OBJC_ARC = YES;
				CLANG_WARN_BOOL_CONVERSION = YES;
				CLANG_WARN_CONSTANT_CONVERSION = YES;
				CLANG_WARN_DIRECT_OBJC_ISA_USAGE = YES_ERROR;
				CLANG_WARN_DOCUMENTATION_COMMENTS = YES;
				CLANG_WARN_EMPTY_BODY = YES;
				CLANG_WARN_ENUM_CONVERSION = YES;
				CLANG_WARN_INT_CONVERSION = YES;
				CLANG_WARN_OBJC_ROOT_CLASS = YES_ERROR;
				CLANG_WARN_UNREACHABLE_CODE = YES;
				CLANG_WARN__DUPLICATE_METHOD_MATCH = YES;
				CODE_SIGN_IDENTITY = "$(inherited)";
				COPY_PHASE_STRIP = NO;
				DEBUG_INFORMATION_FORMAT = dwarf;
				ENABLE_STRICT_OBJC_MSGSEND = YES;
				ENABLE_TESTABILITY = YES;
				GCC_C_LANGUAGE_STANDARD = gnu99;
				GCC_DYNAMIC_NO_PIC = NO;
				GCC_NO_COMMON_BLOCKS = YES;
				GCC_OPTIMIZATION_LEVEL = 0;
				GCC_PREPROCESSOR_DEFINITIONS = (
					"DEBUG=1",
					"$(inherited)",
				);
				GCC_WARN_64_TO_32_BIT_CONVERSION = YES;
				GCC_WARN_ABOUT_RETURN_TYPE = YES_ERROR;
				GCC_WARN_UNDECLARED_SELECTOR = YES;
				GCC_WARN_UNINITIALIZED_AUTOS = YES_AGGRESSIVE;
				GCC_WARN_UNUSED_FUNCTION = YES;
				GCC_WARN_UNUSED_VARIABLE = YES;
				MACOSX_DEPLOYMENT_TARGET = 10.11;
				MTL_ENABLE_DEBUG_INFO = YES;
				ONLY_ACTIVE_ARCH = YES;
				PRODUCT_NAME = "$(TARGET_NAME)";
				SDKROOT = macosx;
				SWIFT_OPTIMIZATION_LEVEL = "-Onone";
			};
			name = Debug;
		};
		66FFEEA11D14CCFE008F2119 /* Release */ = {
			isa = XCBuildConfiguration;
			buildSettings = {
				ALWAYS_SEARCH_USER_PATHS = NO;
				CLANG_ANALYZER_NONNULL = YES;
				CLANG_CXX_LANGUAGE_STANDARD = "gnu++0x";
				CLANG_CXX_LIBRARY = "libc++";
				CLANG_ENABLE_MODULES = YES;
				CLANG_ENABLE_OBJC_ARC = YES;
				CLANG_WARN_BOOL_CONVERSION = YES;
				CLANG_WARN_CONSTANT_CONVERSION = YES;
				CLANG_WARN_DIRECT_OBJC_ISA_USAGE = YES_ERROR;
				CLANG_WARN_DOCUMENTATION_COMMENTS = YES;
				CLANG_WARN_EMPTY_BODY = YES;
				CLANG_WARN_ENUM_CONVERSION = YES;
				CLANG_WARN_INT_CONVERSION = YES;
				CLANG_WARN_OBJC_ROOT_CLASS = YES_ERROR;
				CLANG_WARN_UNREACHABLE_CODE = YES;
				CLANG_WARN__DUPLICATE_METHOD_MATCH = YES;
				CODE_SIGN_IDENTITY = "$(inherited)";
				COPY_PHASE_STRIP = NO;
				DEBUG_INFORMATION_FORMAT = "dwarf-with-dsym";
				ENABLE_NS_ASSERTIONS = NO;
				ENABLE_STRICT_OBJC_MSGSEND = YES;
				GCC_C_LANGUAGE_STANDARD = gnu99;
				GCC_NO_COMMON_BLOCKS = YES;
				GCC_WARN_64_TO_32_BIT_CONVERSION = YES;
				GCC_WARN_ABOUT_RETURN_TYPE = YES_ERROR;
				GCC_WARN_UNDECLARED_SELECTOR = YES;
				GCC_WARN_UNINITIALIZED_AUTOS = YES_AGGRESSIVE;
				GCC_WARN_UNUSED_FUNCTION = YES;
				GCC_WARN_UNUSED_VARIABLE = YES;
				MACOSX_DEPLOYMENT_TARGET = 10.11;
				MTL_ENABLE_DEBUG_INFO = NO;
				PRODUCT_NAME = "$(TARGET_NAME)";
				SDKROOT = macosx;
			};
			name = Release;
		};
		66FFEEAB1D14CD09008F2119 /* Debug */ = {
			isa = XCBuildConfiguration;
			buildSettings = {
				ALWAYS_SEARCH_USER_PATHS = NO;
				CLANG_ANALYZER_NONNULL = YES;
				CLANG_CXX_LANGUAGE_STANDARD = "gnu++0x";
				CLANG_CXX_LIBRARY = "libc++";
				CLANG_ENABLE_MODULES = YES;
				CLANG_ENABLE_OBJC_ARC = YES;
				CLANG_WARN_BOOL_CONVERSION = YES;
				CLANG_WARN_CONSTANT_CONVERSION = YES;
				CLANG_WARN_DIRECT_OBJC_ISA_USAGE = YES_ERROR;
				CLANG_WARN_DOCUMENTATION_COMMENTS = YES;
				CLANG_WARN_EMPTY_BODY = YES;
				CLANG_WARN_ENUM_CONVERSION = YES;
				CLANG_WARN_INT_CONVERSION = YES;
				CLANG_WARN_OBJC_ROOT_CLASS = YES_ERROR;
				CLANG_WARN_UNREACHABLE_CODE = YES;
				CLANG_WARN__DUPLICATE_METHOD_MATCH = YES;
				CODE_SIGN_IDENTITY = "$(inherited)";
				COPY_PHASE_STRIP = NO;
				DEBUG_INFORMATION_FORMAT = dwarf;
				ENABLE_STRICT_OBJC_MSGSEND = YES;
				ENABLE_TESTABILITY = YES;
				GCC_C_LANGUAGE_STANDARD = gnu99;
				GCC_DYNAMIC_NO_PIC = NO;
				GCC_NO_COMMON_BLOCKS = YES;
				GCC_OPTIMIZATION_LEVEL = 0;
				GCC_PREPROCESSOR_DEFINITIONS = (
					"DEBUG=1",
					"$(inherited)",
				);
				GCC_WARN_64_TO_32_BIT_CONVERSION = YES;
				GCC_WARN_ABOUT_RETURN_TYPE = YES_ERROR;
				GCC_WARN_UNDECLARED_SELECTOR = YES;
				GCC_WARN_UNINITIALIZED_AUTOS = YES_AGGRESSIVE;
				GCC_WARN_UNUSED_FUNCTION = YES;
				GCC_WARN_UNUSED_VARIABLE = YES;
				MACOSX_DEPLOYMENT_TARGET = 10.11;
				MTL_ENABLE_DEBUG_INFO = YES;
				ONLY_ACTIVE_ARCH = YES;
				PRODUCT_NAME = "$(TARGET_NAME)";
				SDKROOT = macosx;
				SWIFT_OPTIMIZATION_LEVEL = "-Onone";
			};
			name = Debug;
		};
		66FFEEAC1D14CD09008F2119 /* Release */ = {
			isa = XCBuildConfiguration;
			buildSettings = {
				ALWAYS_SEARCH_USER_PATHS = NO;
				CLANG_ANALYZER_NONNULL = YES;
				CLANG_CXX_LANGUAGE_STANDARD = "gnu++0x";
				CLANG_CXX_LIBRARY = "libc++";
				CLANG_ENABLE_MODULES = YES;
				CLANG_ENABLE_OBJC_ARC = YES;
				CLANG_WARN_BOOL_CONVERSION = YES;
				CLANG_WARN_CONSTANT_CONVERSION = YES;
				CLANG_WARN_DIRECT_OBJC_ISA_USAGE = YES_ERROR;
				CLANG_WARN_DOCUMENTATION_COMMENTS = YES;
				CLANG_WARN_EMPTY_BODY = YES;
				CLANG_WARN_ENUM_CONVERSION = YES;
				CLANG_WARN_INT_CONVERSION = YES;
				CLANG_WARN_OBJC_ROOT_CLASS = YES_ERROR;
				CLANG_WARN_UNREACHABLE_CODE = YES;
				CLANG_WARN__DUPLICATE_METHOD_MATCH = YES;
				CODE_SIGN_IDENTITY = "$(inherited)";
				COPY_PHASE_STRIP = NO;
				DEBUG_INFORMATION_FORMAT = "dwarf-with-dsym";
				ENABLE_NS_ASSERTIONS = NO;
				ENABLE_STRICT_OBJC_MSGSEND = YES;
				GCC_C_LANGUAGE_STANDARD = gnu99;
				GCC_NO_COMMON_BLOCKS = YES;
				GCC_WARN_64_TO_32_BIT_CONVERSION = YES;
				GCC_WARN_ABOUT_RETURN_TYPE = YES_ERROR;
				GCC_WARN_UNDECLARED_SELECTOR = YES;
				GCC_WARN_UNINITIALIZED_AUTOS = YES_AGGRESSIVE;
				GCC_WARN_UNUSED_FUNCTION = YES;
				GCC_WARN_UNUSED_VARIABLE = YES;
				MACOSX_DEPLOYMENT_TARGET = 10.11;
				MTL_ENABLE_DEBUG_INFO = NO;
				PRODUCT_NAME = "$(TARGET_NAME)";
				SDKROOT = macosx;
			};
			name = Release;
		};
		66FFEEB61D14CD0E008F2119 /* Debug */ = {
			isa = XCBuildConfiguration;
			buildSettings = {
				ALWAYS_SEARCH_USER_PATHS = NO;
				CLANG_ANALYZER_NONNULL = YES;
				CLANG_CXX_LANGUAGE_STANDARD = "gnu++0x";
				CLANG_CXX_LIBRARY = "libc++";
				CLANG_ENABLE_MODULES = YES;
				CLANG_ENABLE_OBJC_ARC = YES;
				CLANG_WARN_BOOL_CONVERSION = YES;
				CLANG_WARN_CONSTANT_CONVERSION = YES;
				CLANG_WARN_DIRECT_OBJC_ISA_USAGE = YES_ERROR;
				CLANG_WARN_DOCUMENTATION_COMMENTS = YES;
				CLANG_WARN_EMPTY_BODY = YES;
				CLANG_WARN_ENUM_CONVERSION = YES;
				CLANG_WARN_INT_CONVERSION = YES;
				CLANG_WARN_OBJC_ROOT_CLASS = YES_ERROR;
				CLANG_WARN_UNREACHABLE_CODE = YES;
				CLANG_WARN__DUPLICATE_METHOD_MATCH = YES;
				CODE_SIGN_IDENTITY = "$(inherited)";
				COPY_PHASE_STRIP = NO;
				DEBUG_INFORMATION_FORMAT = dwarf;
				ENABLE_STRICT_OBJC_MSGSEND = YES;
				ENABLE_TESTABILITY = YES;
				GCC_C_LANGUAGE_STANDARD = gnu99;
				GCC_DYNAMIC_NO_PIC = NO;
				GCC_NO_COMMON_BLOCKS = YES;
				GCC_OPTIMIZATION_LEVEL = 0;
				GCC_PREPROCESSOR_DEFINITIONS = (
					"DEBUG=1",
					"$(inherited)",
				);
				GCC_WARN_64_TO_32_BIT_CONVERSION = YES;
				GCC_WARN_ABOUT_RETURN_TYPE = YES_ERROR;
				GCC_WARN_UNDECLARED_SELECTOR = YES;
				GCC_WARN_UNINITIALIZED_AUTOS = YES_AGGRESSIVE;
				GCC_WARN_UNUSED_FUNCTION = YES;
				GCC_WARN_UNUSED_VARIABLE = YES;
				MACOSX_DEPLOYMENT_TARGET = 10.11;
				MTL_ENABLE_DEBUG_INFO = YES;
				ONLY_ACTIVE_ARCH = YES;
				PRODUCT_NAME = "$(TARGET_NAME)";
				SDKROOT = macosx;
				SWIFT_OPTIMIZATION_LEVEL = "-Onone";
			};
			name = Debug;
		};
		66FFEEB71D14CD0E008F2119 /* Release */ = {
			isa = XCBuildConfiguration;
			buildSettings = {
				ALWAYS_SEARCH_USER_PATHS = NO;
				CLANG_ANALYZER_NONNULL = YES;
				CLANG_CXX_LANGUAGE_STANDARD = "gnu++0x";
				CLANG_CXX_LIBRARY = "libc++";
				CLANG_ENABLE_MODULES = YES;
				CLANG_ENABLE_OBJC_ARC = YES;
				CLANG_WARN_BOOL_CONVERSION = YES;
				CLANG_WARN_CONSTANT_CONVERSION = YES;
				CLANG_WARN_DIRECT_OBJC_ISA_USAGE = YES_ERROR;
				CLANG_WARN_DOCUMENTATION_COMMENTS = YES;
				CLANG_WARN_EMPTY_BODY = YES;
				CLANG_WARN_ENUM_CONVERSION = YES;
				CLANG_WARN_INT_CONVERSION = YES;
				CLANG_WARN_OBJC_ROOT_CLASS = YES_ERROR;
				CLANG_WARN_UNREACHABLE_CODE = YES;
				CLANG_WARN__DUPLICATE_METHOD_MATCH = YES;
				CODE_SIGN_IDENTITY = "$(inherited)";
				COPY_PHASE_STRIP = NO;
				DEBUG_INFORMATION_FORMAT = "dwarf-with-dsym";
				ENABLE_NS_ASSERTIONS = NO;
				ENABLE_STRICT_OBJC_MSGSEND = YES;
				GCC_C_LANGUAGE_STANDARD = gnu99;
				GCC_NO_COMMON_BLOCKS = YES;
				GCC_WARN_64_TO_32_BIT_CONVERSION = YES;
				GCC_WARN_ABOUT_RETURN_TYPE = YES_ERROR;
				GCC_WARN_UNDECLARED_SELECTOR = YES;
				GCC_WARN_UNINITIALIZED_AUTOS = YES_AGGRESSIVE;
				GCC_WARN_UNUSED_FUNCTION = YES;
				GCC_WARN_UNUSED_VARIABLE = YES;
				MACOSX_DEPLOYMENT_TARGET = 10.11;
				MTL_ENABLE_DEBUG_INFO = NO;
				PRODUCT_NAME = "$(TARGET_NAME)";
				SDKROOT = macosx;
			};
			name = Release;
		};
		66FFEEC11D14CD17008F2119 /* Debug */ = {
			isa = XCBuildConfiguration;
			buildSettings = {
				ALWAYS_SEARCH_USER_PATHS = NO;
				CLANG_ANALYZER_NONNULL = YES;
				CLANG_CXX_LANGUAGE_STANDARD = "gnu++0x";
				CLANG_CXX_LIBRARY = "libc++";
				CLANG_ENABLE_MODULES = YES;
				CLANG_ENABLE_OBJC_ARC = YES;
				CLANG_WARN_BOOL_CONVERSION = YES;
				CLANG_WARN_CONSTANT_CONVERSION = YES;
				CLANG_WARN_DIRECT_OBJC_ISA_USAGE = YES_ERROR;
				CLANG_WARN_DOCUMENTATION_COMMENTS = YES;
				CLANG_WARN_EMPTY_BODY = YES;
				CLANG_WARN_ENUM_CONVERSION = YES;
				CLANG_WARN_INT_CONVERSION = YES;
				CLANG_WARN_OBJC_ROOT_CLASS = YES_ERROR;
				CLANG_WARN_UNREACHABLE_CODE = YES;
				CLANG_WARN__DUPLICATE_METHOD_MATCH = YES;
				CODE_SIGN_IDENTITY = "$(inherited)";
				COPY_PHASE_STRIP = NO;
				DEBUG_INFORMATION_FORMAT = dwarf;
				ENABLE_STRICT_OBJC_MSGSEND = YES;
				ENABLE_TESTABILITY = YES;
				GCC_C_LANGUAGE_STANDARD = gnu99;
				GCC_DYNAMIC_NO_PIC = NO;
				GCC_NO_COMMON_BLOCKS = YES;
				GCC_OPTIMIZATION_LEVEL = 0;
				GCC_PREPROCESSOR_DEFINITIONS = (
					"DEBUG=1",
					"$(inherited)",
				);
				GCC_WARN_64_TO_32_BIT_CONVERSION = YES;
				GCC_WARN_ABOUT_RETURN_TYPE = YES_ERROR;
				GCC_WARN_UNDECLARED_SELECTOR = YES;
				GCC_WARN_UNINITIALIZED_AUTOS = YES_AGGRESSIVE;
				GCC_WARN_UNUSED_FUNCTION = YES;
				GCC_WARN_UNUSED_VARIABLE = YES;
				MACOSX_DEPLOYMENT_TARGET = 10.11;
				MTL_ENABLE_DEBUG_INFO = YES;
				ONLY_ACTIVE_ARCH = YES;
				PRODUCT_NAME = "$(TARGET_NAME)";
				SDKROOT = macosx;
				SWIFT_OPTIMIZATION_LEVEL = "-Onone";
			};
			name = Debug;
		};
		66FFEEC21D14CD17008F2119 /* Release */ = {
			isa = XCBuildConfiguration;
			buildSettings = {
				ALWAYS_SEARCH_USER_PATHS = NO;
				CLANG_ANALYZER_NONNULL = YES;
				CLANG_CXX_LANGUAGE_STANDARD = "gnu++0x";
				CLANG_CXX_LIBRARY = "libc++";
				CLANG_ENABLE_MODULES = YES;
				CLANG_ENABLE_OBJC_ARC = YES;
				CLANG_WARN_BOOL_CONVERSION = YES;
				CLANG_WARN_CONSTANT_CONVERSION = YES;
				CLANG_WARN_DIRECT_OBJC_ISA_USAGE = YES_ERROR;
				CLANG_WARN_DOCUMENTATION_COMMENTS = YES;
				CLANG_WARN_EMPTY_BODY = YES;
				CLANG_WARN_ENUM_CONVERSION = YES;
				CLANG_WARN_INT_CONVERSION = YES;
				CLANG_WARN_OBJC_ROOT_CLASS = YES_ERROR;
				CLANG_WARN_UNREACHABLE_CODE = YES;
				CLANG_WARN__DUPLICATE_METHOD_MATCH = YES;
				CODE_SIGN_IDENTITY = "$(inherited)";
				COPY_PHASE_STRIP = NO;
				DEBUG_INFORMATION_FORMAT = "dwarf-with-dsym";
				ENABLE_NS_ASSERTIONS = NO;
				ENABLE_STRICT_OBJC_MSGSEND = YES;
				GCC_C_LANGUAGE_STANDARD = gnu99;
				GCC_NO_COMMON_BLOCKS = YES;
				GCC_WARN_64_TO_32_BIT_CONVERSION = YES;
				GCC_WARN_ABOUT_RETURN_TYPE = YES_ERROR;
				GCC_WARN_UNDECLARED_SELECTOR = YES;
				GCC_WARN_UNINITIALIZED_AUTOS = YES_AGGRESSIVE;
				GCC_WARN_UNUSED_FUNCTION = YES;
				GCC_WARN_UNUSED_VARIABLE = YES;
				MACOSX_DEPLOYMENT_TARGET = 10.11;
				MTL_ENABLE_DEBUG_INFO = NO;
				PRODUCT_NAME = "$(TARGET_NAME)";
				SDKROOT = macosx;
			};
			name = Release;
		};
		66FFEECC1D14CD1D008F2119 /* Debug */ = {
			isa = XCBuildConfiguration;
			buildSettings = {
				ALWAYS_SEARCH_USER_PATHS = NO;
				CLANG_ANALYZER_NONNULL = YES;
				CLANG_CXX_LANGUAGE_STANDARD = "gnu++0x";
				CLANG_CXX_LIBRARY = "libc++";
				CLANG_ENABLE_MODULES = YES;
				CLANG_ENABLE_OBJC_ARC = YES;
				CLANG_WARN_BOOL_CONVERSION = YES;
				CLANG_WARN_CONSTANT_CONVERSION = YES;
				CLANG_WARN_DIRECT_OBJC_ISA_USAGE = YES_ERROR;
				CLANG_WARN_DOCUMENTATION_COMMENTS = YES;
				CLANG_WARN_EMPTY_BODY = YES;
				CLANG_WARN_ENUM_CONVERSION = YES;
				CLANG_WARN_INT_CONVERSION = YES;
				CLANG_WARN_OBJC_ROOT_CLASS = YES_ERROR;
				CLANG_WARN_UNREACHABLE_CODE = YES;
				CLANG_WARN__DUPLICATE_METHOD_MATCH = YES;
				CODE_SIGN_IDENTITY = "$(inherited)";
				COPY_PHASE_STRIP = NO;
				DEBUG_INFORMATION_FORMAT = dwarf;
				ENABLE_STRICT_OBJC_MSGSEND = YES;
				ENABLE_TESTABILITY = YES;
				GCC_C_LANGUAGE_STANDARD = gnu99;
				GCC_DYNAMIC_NO_PIC = NO;
				GCC_NO_COMMON_BLOCKS = YES;
				GCC_OPTIMIZATION_LEVEL = 0;
				GCC_PREPROCESSOR_DEFINITIONS = (
					"DEBUG=1",
					"$(inherited)",
				);
				GCC_WARN_64_TO_32_BIT_CONVERSION = YES;
				GCC_WARN_ABOUT_RETURN_TYPE = YES_ERROR;
				GCC_WARN_UNDECLARED_SELECTOR = YES;
				GCC_WARN_UNINITIALIZED_AUTOS = YES_AGGRESSIVE;
				GCC_WARN_UNUSED_FUNCTION = YES;
				GCC_WARN_UNUSED_VARIABLE = YES;
				MACOSX_DEPLOYMENT_TARGET = 10.11;
				MTL_ENABLE_DEBUG_INFO = YES;
				ONLY_ACTIVE_ARCH = YES;
				PRODUCT_NAME = "$(TARGET_NAME)";
				SDKROOT = macosx;
				SWIFT_OPTIMIZATION_LEVEL = "-Onone";
			};
			name = Debug;
		};
		66FFEECD1D14CD1D008F2119 /* Release */ = {
			isa = XCBuildConfiguration;
			buildSettings = {
				ALWAYS_SEARCH_USER_PATHS = NO;
				CLANG_ANALYZER_NONNULL = YES;
				CLANG_CXX_LANGUAGE_STANDARD = "gnu++0x";
				CLANG_CXX_LIBRARY = "libc++";
				CLANG_ENABLE_MODULES = YES;
				CLANG_ENABLE_OBJC_ARC = YES;
				CLANG_WARN_BOOL_CONVERSION = YES;
				CLANG_WARN_CONSTANT_CONVERSION = YES;
				CLANG_WARN_DIRECT_OBJC_ISA_USAGE = YES_ERROR;
				CLANG_WARN_DOCUMENTATION_COMMENTS = YES;
				CLANG_WARN_EMPTY_BODY = YES;
				CLANG_WARN_ENUM_CONVERSION = YES;
				CLANG_WARN_INT_CONVERSION = YES;
				CLANG_WARN_OBJC_ROOT_CLASS = YES_ERROR;
				CLANG_WARN_UNREACHABLE_CODE = YES;
				CLANG_WARN__DUPLICATE_METHOD_MATCH = YES;
				CODE_SIGN_IDENTITY = "$(inherited)";
				COPY_PHASE_STRIP = NO;
				DEBUG_INFORMATION_FORMAT = "dwarf-with-dsym";
				ENABLE_NS_ASSERTIONS = NO;
				ENABLE_STRICT_OBJC_MSGSEND = YES;
				GCC_C_LANGUAGE_STANDARD = gnu99;
				GCC_NO_COMMON_BLOCKS = YES;
				GCC_WARN_64_TO_32_BIT_CONVERSION = YES;
				GCC_WARN_ABOUT_RETURN_TYPE = YES_ERROR;
				GCC_WARN_UNDECLARED_SELECTOR = YES;
				GCC_WARN_UNINITIALIZED_AUTOS = YES_AGGRESSIVE;
				GCC_WARN_UNUSED_FUNCTION = YES;
				GCC_WARN_UNUSED_VARIABLE = YES;
				MACOSX_DEPLOYMENT_TARGET = 10.11;
				MTL_ENABLE_DEBUG_INFO = NO;
				PRODUCT_NAME = "$(TARGET_NAME)";
				SDKROOT = macosx;
			};
			name = Release;
		};
/* End XCBuildConfiguration section */

/* Begin XCConfigurationList section */
		66FFEE2F1D14CAC3008F2119 /* Build configuration list for PBXProject "src" */ = {
			isa = XCConfigurationList;
			buildConfigurations = (
				66FFEE301D14CAC3008F2119 /* Debug */,
				66FFEE311D14CAC3008F2119 /* Release */,
			);
			defaultConfigurationIsVisible = 0;
			defaultConfigurationName = Release;
		};
		66FFEE3E1D14CAFE008F2119 /* Build configuration list for PBXNativeTarget "ls" */ = {
			isa = XCConfigurationList;
			buildConfigurations = (
				66FFEE3F1D14CAFE008F2119 /* Debug */,
				66FFEE401D14CAFE008F2119 /* Release */,
			);
			defaultConfigurationIsVisible = 0;
			defaultConfigurationName = Release;
		};
		66FFEE4C1D14CC33008F2119 /* Build configuration list for PBXNativeTarget "echo" */ = {
			isa = XCConfigurationList;
			buildConfigurations = (
				66FFEE4D1D14CC33008F2119 /* Debug */,
				66FFEE4E1D14CC33008F2119 /* Release */,
			);
			defaultConfigurationIsVisible = 0;
			defaultConfigurationName = Release;
		};
		66FFEE571D14CC3E008F2119 /* Build configuration list for PBXNativeTarget "env" */ = {
			isa = XCConfigurationList;
			buildConfigurations = (
				66FFEE581D14CC3E008F2119 /* Debug */,
				66FFEE591D14CC3E008F2119 /* Release */,
			);
			defaultConfigurationIsVisible = 0;
			defaultConfigurationName = Release;
		};
		66FFEE731D14CCD0008F2119 /* Build configuration list for PBXNativeTarget "false" */ = {
			isa = XCConfigurationList;
			buildConfigurations = (
				66FFEE741D14CCD0008F2119 /* Debug */,
				66FFEE751D14CCD0008F2119 /* Release */,
			);
			defaultConfigurationIsVisible = 0;
			defaultConfigurationName = Release;
		};
		66FFEE7E1D14CCDF008F2119 /* Build configuration list for PBXNativeTarget "true" */ = {
			isa = XCConfigurationList;
			buildConfigurations = (
				66FFEE7F1D14CCDF008F2119 /* Debug */,
				66FFEE801D14CCDF008F2119 /* Release */,
			);
			defaultConfigurationIsVisible = 0;
			defaultConfigurationName = Release;
		};
		66FFEE891D14CCF1008F2119 /* Build configuration list for PBXNativeTarget "mkdir" */ = {
			isa = XCConfigurationList;
			buildConfigurations = (
				66FFEE8A1D14CCF1008F2119 /* Debug */,
				66FFEE8B1D14CCF1008F2119 /* Release */,
			);
			defaultConfigurationIsVisible = 0;
			defaultConfigurationName = Release;
		};
		66FFEE941D14CCF9008F2119 /* Build configuration list for PBXNativeTarget "pwd" */ = {
			isa = XCConfigurationList;
			buildConfigurations = (
				66FFEE951D14CCF9008F2119 /* Debug */,
				66FFEE961D14CCF9008F2119 /* Release */,
			);
			defaultConfigurationIsVisible = 0;
			defaultConfigurationName = Release;
		};
		66FFEE9F1D14CCFE008F2119 /* Build configuration list for PBXNativeTarget "sleep" */ = {
			isa = XCConfigurationList;
			buildConfigurations = (
				66FFEEA01D14CCFE008F2119 /* Debug */,
				66FFEEA11D14CCFE008F2119 /* Release */,
			);
			defaultConfigurationIsVisible = 0;
			defaultConfigurationName = Release;
		};
		66FFEEAA1D14CD09008F2119 /* Build configuration list for PBXNativeTarget "uname" */ = {
			isa = XCConfigurationList;
			buildConfigurations = (
				66FFEEAB1D14CD09008F2119 /* Debug */,
				66FFEEAC1D14CD09008F2119 /* Release */,
			);
			defaultConfigurationIsVisible = 0;
			defaultConfigurationName = Release;
		};
		66FFEEB51D14CD0E008F2119 /* Build configuration list for PBXNativeTarget "wc" */ = {
			isa = XCConfigurationList;
			buildConfigurations = (
				66FFEEB61D14CD0E008F2119 /* Debug */,
				66FFEEB71D14CD0E008F2119 /* Release */,
			);
			defaultConfigurationIsVisible = 0;
			defaultConfigurationName = Release;
		};
		66FFEEC01D14CD17008F2119 /* Build configuration list for PBXNativeTarget "whoami" */ = {
			isa = XCConfigurationList;
			buildConfigurations = (
				66FFEEC11D14CD17008F2119 /* Debug */,
				66FFEEC21D14CD17008F2119 /* Release */,
			);
			defaultConfigurationIsVisible = 0;
			defaultConfigurationName = Release;
		};
		66FFEECB1D14CD1D008F2119 /* Build configuration list for PBXNativeTarget "yes" */ = {
			isa = XCConfigurationList;
			buildConfigurations = (
				66FFEECC1D14CD1D008F2119 /* Debug */,
				66FFEECD1D14CD1D008F2119 /* Release */,
			);
			defaultConfigurationIsVisible = 0;
			defaultConfigurationName = Release;
		};
/* End XCConfigurationList section */
	};
	rootObject = 66FFEE2C1D14CAC3008F2119 /* Project object */;
}
